"ip-address@npm:^9.0.5":
  version: 9.0.5
  resolution: "ip-address@npm:9.0.5"
  dependencies:
    jsbn: "npm:1.1.0"
    sprintf-js: "npm:^1.1.3"
  checksum: 10/1ed81e06721af012306329b31f532b5e24e00cb537be18ddc905a84f19fe8f83a09a1699862bf3a1ec4b9dea93c55a3fa5faf8b5ea380431469df540f38b092c
  languageName: node
  linkType: hard

"ipaddr.js@npm:1.9.1":
  version: 1.9.1
  resolution: "ipaddr.js@npm:1.9.1"
  checksum: 10/864d0cced0c0832700e9621913a6429ccdc67f37c1bd78fb8c6789fff35c9d167cb329134acad2290497a53336813ab4798d2794fd675d5eb33b5fdf0982b9ca
  languageName: node
  linkType: hard

"ipaddr.js@npm:^2.0.1, ipaddr.js@npm:^2.1.0":
  version: 2.2.0
  resolution: "ipaddr.js@npm:2.2.0"
  checksum: 10/9e1cdd9110b3bca5d910ab70d7fb1933e9c485d9b92cb14ef39f30c412ba3fe02a553921bf696efc7149cc653453c48ccf173adb996ec27d925f1f340f872986
  languageName: node
  linkType: hard

"ipx@npm:2.1.0":
  version: 2.1.0
  resolution: "ipx@npm:2.1.0"
  dependencies:
    "@fastify/accept-negotiator": "npm:^1.1.0"
    citty: "npm:^0.1.5"
    consola: "npm:^3.2.3"
    defu: "npm:^6.1.4"
    destr: "npm:^2.0.2"
    etag: "npm:^1.8.1"
    h3: "npm:^1.10.0"
    image-meta: "npm:^0.2.0"
    listhen: "npm:^1.5.6"
    ofetch: "npm:^1.3.3"
    pathe: "npm:^1.1.2"
    sharp: "npm:^0.32.6"
    svgo: "npm:^3.2.0"
    ufo: "npm:^1.3.2"
    unstorage: "npm:^1.10.1"
    xss: "npm:^1.0.14"
  bin:
    ipx: bin/ipx.mjs
  checksum: 10/e91e5bb702fabf9f7e3bf866028e1b356be1f1d425bb2544d0ad60b6d8925c866259fb717a7d2ab4e805d338fc352ddcfb834582f50b1974428719c754660259
  languageName: node
  linkType: hard