"galactus@npm:^1.0.0":
  version: 1.0.0
  resolution: "galactus@npm:1.0.0"
  dependencies:
    debug: "npm:^4.3.4"
    flora-colossus: "npm:^2.0.0"
    fs-extra: "npm:^10.1.0"
  checksum: 10/f7a3bd16c8bd5304e27b0e631defb8750ab8a9676c4fc754ec48f97f8d56b0841850372d9bf9932bd77833d16225c81dedb0e7366ccd82c11c2bd5cc41644493
  languageName: node
  linkType: hard

"gar@npm:^1.0.4":
  version: 1.0.4
  resolution: "gar@npm:1.0.4"
  checksum: 10/6b1010b5c17056526298734bfa08716f111cd023394dbe32496841e2f7b0dfe9e742b8ddb56103c0867f2ae80f5f069262916e5398ac982467be4da240ba7bb9
  languageName: node
  linkType: hard

"gauge@npm:^3.0.0":
  version: 3.0.2
  resolution: "gauge@npm:3.0.2"
  dependencies:
    aproba: "npm:^1.0.3 || ^2.0.0"
    color-support: "npm:^1.1.2"
    console-control-strings: "npm:^1.0.0"
    has-unicode: "npm:^2.0.1"
    object-assign: "npm:^4.1.1"
    signal-exit: "npm:^3.0.0"
    string-width: "npm:^4.2.3"
    strip-ansi: "npm:^6.0.1"
    wide-align: "npm:^1.1.2"
  checksum: 10/46df086451672a5fecd58f7ec86da74542c795f8e00153fbef2884286ce0e86653c3eb23be2d0abb0c4a82b9b2a9dec3b09b6a1cf31c28085fa0376599a26589
  languageName: node
  linkType: hard

"gaxios@npm:^5.0.0, gaxios@npm:^5.0.1":
  version: 5.1.3
  resolution: "gaxios@npm:5.1.3"
  dependencies:
    extend: "npm:^3.0.2"
    https-proxy-agent: "npm:^5.0.0"
    is-stream: "npm:^2.0.0"
    node-fetch: "npm:^2.6.9"
  checksum: 10/62d1e1901042b25b50e28e229c220e8908a0af3a7d5ff48ab6e3dd6ec4bfce6efad4f363e3668a873b1d2f06d15c69ef6ee2b6a286d558ffc2d96c32ce3cf333
  languageName: node
  linkType: hard

"gaxios@npm:^6.0.0, gaxios@npm:^6.0.3, gaxios@npm:^6.1.1":
  version: 6.7.1
  resolution: "gaxios@npm:6.7.1"
  dependencies:
    extend: "npm:^3.0.2"
    https-proxy-agent: "npm:^7.0.1"
    is-stream: "npm:^2.0.0"
    node-fetch: "npm:^2.6.9"
    uuid: "npm:^9.0.1"
  checksum: 10/c85599162208884eadee91215ebbfa1faa412551df4044626cb561300e15193726e8f23d63b486533e066dadad130f58ed872a23acab455238d8d48b531a0695
  languageName: node
  linkType: hard

"gcp-metadata@npm:^5.3.0":
  version: 5.3.0
  resolution: "gcp-metadata@npm:5.3.0"
  dependencies:
    gaxios: "npm:^5.0.0"
    json-bigint: "npm:^1.0.0"
  checksum: 10/ec2c32bd74ef6bfab9533612ef5ece328cb4a550e7523a20245e5eae6a9a74a68ab38ab37d1c1218d893fc39a08f590cef29c98d9a9e622db4fee39d3e1d396b
  languageName: node
  linkType: hard

"gcp-metadata@npm:^6.1.0":
  version: 6.1.0
  resolution: "gcp-metadata@npm:6.1.0"
  dependencies:
    gaxios: "npm:^6.0.0"
    json-bigint: "npm:^1.0.0"
  checksum: 10/a0d12a9cb7499fdb9de0fff5406aa220310c1326b80056be8d9b747aae26414f99d14bd795c0ec52ef7d0473eef9d61bb657b8cd3d8186c8a84c4ddbff025fe9
  languageName: node
  linkType: hard

"generate-function@npm:^2.0.0":
  version: 2.3.1
  resolution: "generate-function@npm:2.3.1"
  dependencies:
    is-property: "npm:^1.0.2"
  checksum: 10/318f85af87c3258d86df4ebbb56b63a2ae52e71bd6cde8d0a79de09450de7422a7047fb1f8d52ccc135564a36cb986d73c63149eed96b7ac57e38acba44f29e2
  languageName: node
  linkType: hard

"generate-object-property@npm:^1.1.0":
  version: 1.2.0
  resolution: "generate-object-property@npm:1.2.0"
  dependencies:
    is-property: "npm:^1.0.0"
  checksum: 10/5141ca5fd545f0aabd24fd13f9f3ecf9cfea2255db00d46e282d65141d691d560c70b6361c3c0c4982f86f600361925bfd4773e0350c66d0210e6129ae553a09
  languageName: node
  linkType: hard

"gensync@npm:^1.0.0-beta.2":
  version: 1.0.0-beta.2
  resolution: "gensync@npm:1.0.0-beta.2"
  checksum: 10/17d8333460204fbf1f9160d067e1e77f908a5447febb49424b8ab043026049835c9ef3974445c57dbd39161f4d2b04356d7de12b2eecaa27a7a7ea7d871cbedd
  languageName: node
  linkType: hard

"geojson-vt@npm:^3.2.1":
  version: 3.2.1
  resolution: "geojson-vt@npm:3.2.1"
  checksum: 10/66fab64b0b57602efe199919686bfb6ae9bdd644c25b3e69d0188efa471581d00ddb5a851c83cc7301232aad7cb7baffc1d02aef550a7494b946801cec46e033
  languageName: node
  linkType: hard

"geojson-vt@npm:^4.0.2":
  version: 4.0.2
  resolution: "geojson-vt@npm:4.0.2"
  checksum: 10/2a9e1894321184c48612221b4649d8cc5afa972962ee21b91c09b9d85d9076777164cce6f1d438d0bfb0c7d6b4713f518cf0501de210127f9a601e316197eb91
  languageName: node
  linkType: hard

"gesto@npm:^1.18.1, gesto@npm:^1.19.3, gesto@npm:^1.19.4":
  version: 1.19.4
  resolution: "gesto@npm:1.19.4"
  dependencies:
    "@daybrush/utils": "npm:^1.13.0"
    "@scena/event-emitter": "npm:^1.0.2"
  checksum: 10/b0d67ea393a7bd5f19afd43537ff64241cc1aad68e5a401426e0cf49253259143471e61d6bdc01d71404370b08ca98e35a9bcbc0d9cccd7e6ddcdd6bbec49d58
  languageName: node
  linkType: hard

"get-amd-module-type@npm:^5.0.1":
  version: 5.0.1
  resolution: "get-amd-module-type@npm:5.0.1"
  dependencies:
    ast-module-types: "npm:^5.0.0"
    node-source-walk: "npm:^6.0.1"
  checksum: 10/77b6a59b90c54fd2d8adb1555e3939462d7b97c617e74271bbcb8f9741ca6681e831216e9e45f4ab1ab1b249394b89d5c8d9e4afa1497c68d02698775cd2225e
  languageName: node
  linkType: hard

"get-caller-file@npm:^2.0.1, get-caller-file@npm:^2.0.5":
  version: 2.0.5
  resolution: "get-caller-file@npm:2.0.5"
  checksum: 10/b9769a836d2a98c3ee734a88ba712e62703f1df31b94b784762c433c27a386dd6029ff55c2a920c392e33657d80191edbf18c61487e198844844516f843496b9
  languageName: node
  linkType: hard

"get-canvas-context@npm:^1.0.1":
  version: 1.0.2
  resolution: "get-canvas-context@npm:1.0.2"
  checksum: 10/16553315bc40ada69cd48ace5e12fdf78867650dac7ba84f8afc20265a983fc9c2aada430d169db84323619633efebf5bbfa617f6810cf4331681542b4ca986e
  languageName: node
  linkType: hard

"get-east-asian-width@npm:^1.0.0, get-east-asian-width@npm:^1.3.0":
  version: 1.4.0
  resolution: "get-east-asian-width@npm:1.4.0"
  checksum: 10/c9ae85bfc2feaf4cc71cdb236e60f1757ae82281964c206c6aa89a25f1987d326ddd8b0de9f9ccd56e37711b9fcd988f7f5137118b49b0b45e19df93c3be8f45
  languageName: node
  linkType: hard

"get-folder-size@npm:^2.0.1":
  version: 2.0.1
  resolution: "get-folder-size@npm:2.0.1"
  dependencies:
    gar: "npm:^1.0.4"
    tiny-each-async: "npm:2.0.3"
  bin:
    get-folder-size: bin/get-folder-size
  checksum: 10/d29167b779f43841dbf13af9399ea86f1ca46d289c55211ac01b6081bbedf0be99ccfdc32d3ca1c23299418d72d4ee426ca994aa31f5ed9d71515567faf150e6
  languageName: node
  linkType: hard

"get-func-name@npm:^2.0.2":
  version: 2.0.2
  resolution: "get-func-name@npm:2.0.2"
  checksum: 10/3f62f4c23647de9d46e6f76d2b3eafe58933a9b3830c60669e4180d6c601ce1b4aa310ba8366143f55e52b139f992087a9f0647274e8745621fa2af7e0acf13b
  languageName: node
  linkType: hard

"get-installed-path@npm:^2.0.3":
  version: 2.1.1
  resolution: "get-installed-path@npm:2.1.1"
  dependencies:
    global-modules: "npm:1.0.0"
  checksum: 10/e7f0db61bbad0908c7af8649baa492226ce792be05ac59ff77d8e0c46a62870fb9c58f583a969d5131510cde81b252b3ba3545a4aa2d523888d3272ea1fb9213
  languageName: node
  linkType: hard

"get-intrinsic@npm:^1.1.3, get-intrinsic@npm:^1.2.2, get-intrinsic@npm:^1.2.4, get-intrinsic@npm:^1.2.5, get-intrinsic@npm:^1.2.6, get-intrinsic@npm:^1.2.7, get-intrinsic@npm:^1.3.0":
  version: 1.3.0
  resolution: "get-intrinsic@npm:1.3.0"
  dependencies:
    call-bind-apply-helpers: "npm:^1.0.2"
    es-define-property: "npm:^1.0.1"
    es-errors: "npm:^1.3.0"
    es-object-atoms: "npm:^1.1.1"
    function-bind: "npm:^1.1.2"
    get-proto: "npm:^1.0.1"
    gopd: "npm:^1.2.0"
    has-symbols: "npm:^1.1.0"
    hasown: "npm:^2.0.2"
    math-intrinsics: "npm:^1.1.0"
  checksum: 10/6e9dd920ff054147b6f44cb98104330e87caafae051b6d37b13384a45ba15e71af33c3baeac7cb630a0aaa23142718dcf25b45cfdd86c184c5dcb4e56d953a10
  languageName: node
  linkType: hard

"get-nonce@npm:^1.0.0":
  version: 1.0.1
  resolution: "get-nonce@npm:1.0.1"
  checksum: 10/ad5104871d114a694ecc506a2d406e2331beccb961fe1e110dc25556b38bcdbf399a823a8a375976cd8889668156a9561e12ebe3fa6a4c6ba169c8466c2ff868
  languageName: node
  linkType: hard

"get-package-info@npm:^1.0.0":
  version: 1.0.0
  resolution: "get-package-info@npm:1.0.0"
  dependencies:
    bluebird: "npm:^3.1.1"
    debug: "npm:^2.2.0"
    lodash.get: "npm:^4.0.0"
    read-pkg-up: "npm:^2.0.0"
  checksum: 10/24dac48f8dcb0eaa6e99bfa00d935d4ab16d7e128b3c5de7315113a257f72cf276fdd33b8abc56ca2ba772bda3e3c347541ef91631cf0079c3c4d5675f176c56
  languageName: node
  linkType: hard

"get-package-name@npm:^2.2.0":
  version: 2.2.0
  resolution: "get-package-name@npm:2.2.0"
  checksum: 10/2db822dbd7fd311add6b37144417ca3fd2277d83056e5ceb81c452754d8f9fba8cb5c6c603b177e6c30e0c7cd9435a008cb23d20b385fe1d5039ec09e5d20151
  languageName: node
  linkType: hard

"get-package-type@npm:^0.1.0":
  version: 0.1.0
  resolution: "get-package-type@npm:0.1.0"
  checksum: 10/bba0811116d11e56d702682ddef7c73ba3481f114590e705fc549f4d868972263896af313c57a25c076e3c0d567e11d919a64ba1b30c879be985fc9d44f96148
  languageName: node
  linkType: hard

"get-params@npm:^0.1.2":
  version: 0.1.2
  resolution: "get-params@npm:0.1.2"
  checksum: 10/7768710dd5e68805b51981a6fbb0a689728d280357f5dd1a080fd7e732d9b4ccf7fc5e0fc792ff482022d8af37242ff5e72b2b50dbafccb21db4f77eb9c646c4
  languageName: node
  linkType: hard

"get-port-please@npm:^3.1.2":
  version: 3.1.2
  resolution: "get-port-please@npm:3.1.2"
  checksum: 10/ec8b8da9f816edde114b76742ec29695730094904bb0e94309081e4adf3f797b483b9d648abcf5e0511c4e21a7bf68334672b9575f8b23bccf93bf97eb517f0e
  languageName: node
  linkType: hard

"get-port@npm:5.1.1":
  version: 5.1.1
  resolution: "get-port@npm:5.1.1"
  checksum: 10/0162663ffe5c09e748cd79d97b74cd70e5a5c84b760a475ce5767b357fb2a57cb821cee412d646aa8a156ed39b78aab88974eddaa9e5ee926173c036c0713787
  languageName: node
  linkType: hard

"get-port@npm:^6.1.2":
  version: 6.1.2
  resolution: "get-port@npm:6.1.2"
  checksum: 10/e3c3d591492a11393455ef220f24c812a28f7da56ec3e4a2512d931a1f196d42850b50ac6138349a44622eda6dc3c0ccd8495cd91376d968e2d9e6f6f849e0a9
  languageName: node
  linkType: hard

"get-proto@npm:^1.0.0, get-proto@npm:^1.0.1":
  version: 1.0.1
  resolution: "get-proto@npm:1.0.1"
  dependencies:
    dunder-proto: "npm:^1.0.1"
    es-object-atoms: "npm:^1.0.0"
  checksum: 10/4fc96afdb58ced9a67558698b91433e6b037aaa6f1493af77498d7c85b141382cf223c0e5946f334fb328ee85dfe6edd06d218eaf09556f4bc4ec6005d7f5f7b
  languageName: node
  linkType: hard

"get-stdin@npm:^8.0.0":
  version: 8.0.0
  resolution: "get-stdin@npm:8.0.0"
  checksum: 10/40128b6cd25781ddbd233344f1a1e4006d4284906191ed0a7d55ec2c1a3e44d650f280b2c9eeab79c03ac3037da80257476c0e4e5af38ddfb902d6ff06282d77
  languageName: node
  linkType: hard

"get-stream@npm:^4.0.0":
  version: 4.1.0
  resolution: "get-stream@npm:4.1.0"
  dependencies:
    pump: "npm:^3.0.0"
  checksum: 10/12673e8aebc79767d187b203e5bfabb8266304037815d3bcc63b6f8c67c6d4ad0d98d4d4528bcdc1cbea68f1dd91bcbd87827aa3cdcfa9c5fa4a4644716d72c2
  languageName: node
  linkType: hard

"get-stream@npm:^5.1.0":
  version: 5.2.0
  resolution: "get-stream@npm:5.2.0"
  dependencies:
    pump: "npm:^3.0.0"
  checksum: 10/13a73148dca795e41421013da6e3ebff8ccb7fba4d2f023fd0c6da2c166ec4e789bec9774a73a7b49c08daf2cae552f8a3e914042ac23b5f59dd278cc8f9cbfb
  languageName: node
  linkType: hard

"get-stream@npm:^6.0.0, get-stream@npm:^6.0.1":
  version: 6.0.1
  resolution: "get-stream@npm:6.0.1"
  checksum: 10/781266d29725f35c59f1d214aedc92b0ae855800a980800e2923b3fbc4e56b3cb6e462c42e09a1cf1a00c64e056a78fa407cbe06c7c92b7e5cd49b4b85c2a497
  languageName: node
  linkType: hard

"get-stream@npm:^8.0.1":
  version: 8.0.1
  resolution: "get-stream@npm:8.0.1"
  checksum: 10/dde5511e2e65a48e9af80fea64aff11b4921b14b6e874c6f8294c50975095af08f41bfb0b680c887f28b566dd6ec2cb2f960f9d36a323359be324ce98b766e9e
  languageName: node
  linkType: hard

"get-symbol-description@npm:^1.1.0":
  version: 1.1.0
  resolution: "get-symbol-description@npm:1.1.0"
  dependencies:
    call-bound: "npm:^1.0.3"
    es-errors: "npm:^1.3.0"
    get-intrinsic: "npm:^1.2.6"
  checksum: 10/a353e3a9595a74720b40fb5bae3ba4a4f826e186e83814d93375182384265676f59e49998b9cdfac4a2225ce95a3d32a68f502a2c5619303987f1c183ab80494
  languageName: node
  linkType: hard

"get-tsconfig@npm:^4.10.1, get-tsconfig@npm:^4.7.5":
  version: 4.10.1
  resolution: "get-tsconfig@npm:4.10.1"
  dependencies:
    resolve-pkg-maps: "npm:^1.0.0"
  checksum: 10/04d63f47fdecaefbd1f73ec02949be4ec4db7d6d9fbc8d4e81f9a4bb1c6f876e48943712f2f9236643d3e4d61d9a7b06da08564d08b034631ebe3f5605bef237
  languageName: node
  linkType: hard

"get-uri@npm:^6.0.1":
  version: 6.0.3
  resolution: "get-uri@npm:6.0.3"
  dependencies:
    basic-ftp: "npm:^5.0.2"
    data-uri-to-buffer: "npm:^6.0.2"
    debug: "npm:^4.3.4"
    fs-extra: "npm:^11.2.0"
  checksum: 10/a807f252c93459249329523e6d8d5af23ab0c5a9ac747b3c934b3c90294d38734d551d1cc0d0d05953cc2daf35debe1793c62f7e0cc1346132fa36fd629750d4
  languageName: node
  linkType: hard

"gettext-parser@npm:6.0.0, gettext-parser@npm:^6.0.0":
  version: 6.0.0
  resolution: "gettext-parser@npm:6.0.0"
  dependencies:
    content-type: "npm:^1.0.4"
    encoding: "npm:^0.1.13"
    readable-stream: "npm:^4.1.0"
    safe-buffer: "npm:^5.2.1"
  checksum: 10/e65856f0f67ce45c2b98ad33f03fb7bd2ba5d13d8feebbc4a94fd608dd10cfd64ff3d47a7f6f83046f7e2ce41662b7d6025e537392611546022ff54d98cd5d3f
  languageName: node
  linkType: hard

"gettext-parser@npm:^7.0.1":
  version: 7.0.1
  resolution: "gettext-parser@npm:7.0.1"
  dependencies:
    content-type: "npm:^1.0.5"
    encoding: "npm:^0.1.13"
    readable-stream: "npm:^4.3.0"
    safe-buffer: "npm:^5.2.1"
  checksum: 10/30720fccff1282950b7c96689231a52379e20d79f9ca73c5ea88731c83a4b2ccaead94595f4141b2fd6cd8f293c40cf65e3f10b2187bf28c40063cc1c8170562
  languageName: node
  linkType: hard

"gh-release-fetch@npm:4.0.3":
  version: 4.0.3
  resolution: "gh-release-fetch@npm:4.0.3"
  dependencies:
    "@xhmikosr/downloader": "npm:^13.0.0"
    node-fetch: "npm:^3.3.1"
    semver: "npm:^7.5.3"
  checksum: 10/d0ab70be05eb88261e0d1ddd20085f9917a99012132049288ca5d25168b69b5fc349fd1e379b41a1bbb2a489a79e7977f372c3bb3ee3536bab869cdeee522c28
  languageName: node
  linkType: hard

"git-hooks-list@npm:^4.0.0":
  version: 4.1.1
  resolution: "git-hooks-list@npm:4.1.1"
  checksum: 10/a56c8cc3dab505bde2c6de032164a9113968ab7f249dfe2c9f2f23be872165f88c91e097994e009d31e56dd1e81c1f714d0972133314d8d3c6bd92a847ba562f
  languageName: node
  linkType: hard

"git-repo-info@npm:2.1.1":
  version: 2.1.1
  resolution: "git-repo-info@npm:2.1.1"
  checksum: 10/59e06c6a92d7d26e8743bb012a801562e16ed620a0f7024a61dda50af065d67d4bb6680c22fadd7934833ea0e95a8dbd13bfc6a5b6dd1a0a471eff0da28d0e67
  languageName: node
  linkType: hard

"gitconfiglocal@npm:2.1.0":
  version: 2.1.0
  resolution: "gitconfiglocal@npm:2.1.0"
  dependencies:
    ini: "npm:^1.3.2"
  checksum: 10/4b4b44d992a6abf2900eec8cfe960dc36e0d3c2467d20ec69e0a0f13b6b7645b926daa004df42f94c34ad28a58529cf2522fa0bf261e4e7b95958fb451dcedda
  languageName: node
  linkType: hard

"github-from-package@npm:0.0.0":
  version: 0.0.0
  resolution: "github-from-package@npm:0.0.0"
  checksum: 10/2a091ba07fbce22205642543b4ea8aaf068397e1433c00ae0f9de36a3607baf5bcc14da97fbb798cfca6393b3c402031fca06d8b491a44206d6efef391c58537
  languageName: node
  linkType: hard

"github-url-to-object@npm:^4.0.4":
  version: 4.0.6
  resolution: "github-url-to-object@npm:4.0.6"
  dependencies:
    is-url: "npm:^1.1.0"
  checksum: 10/479a973eee6546e255025d5fe97a919720069cbc16e890365f787415abc9c547e2132cb1f592872cc39dedff50d4266c97807c482102082423b5f33e4817b498
  languageName: node
  linkType: hard

"gl-mat4@npm:^1.2.0":
  version: 1.2.0
  resolution: "gl-mat4@npm:1.2.0"
  checksum: 10/6190ae76da6821615ff201f3c6d38571262cb5c45818738c94ec35d208b036aee71e68a7ce6957f07f59b46ab039933fa8d118b66b8e6da1791d1568828db2d2
  languageName: node
  linkType: hard

"gl-matrix@npm:^3.2.1, gl-matrix@npm:^3.4.3":
  version: 3.4.4
  resolution: "gl-matrix@npm:3.4.4"
  checksum: 10/0a19a881fbfa2cdcff2b5ece0f62041d17e55665393349653e8742a20e43d4516239c68ac6798baa7c35b0c7bd6c9226e70e7824af162228d471eba358a03090
  languageName: node
  linkType: hard

"gl-text@npm:^1.4.0":
  version: 1.4.0
  resolution: "gl-text@npm:1.4.0"
  dependencies:
    bit-twiddle: "npm:^1.0.2"
    color-normalize: "npm:^1.5.0"
    css-font: "npm:^1.2.0"
    detect-kerning: "npm:^2.1.2"
    es6-weak-map: "npm:^2.0.3"
    flatten-vertex-data: "npm:^1.0.2"
    font-atlas: "npm:^2.1.0"
    font-measure: "npm:^1.2.2"
    gl-util: "npm:^3.1.2"
    is-plain-obj: "npm:^1.1.0"
    object-assign: "npm:^4.1.1"
    parse-rect: "npm:^1.2.0"
    parse-unit: "npm:^1.0.1"
    pick-by-alias: "npm:^1.2.0"
    regl: "npm:^2.0.0"
    to-px: "npm:^1.0.1"
    typedarray-pool: "npm:^1.1.0"
  checksum: 10/2b6e6d0b19fc6d7f2c071d48a24697a7018ee47ee25eb52ffd75fd50911a7d231d876e70ff1dba0e5cd71188640f22421f771f154372d83124df8cb5cacd40eb
  languageName: node
  linkType: hard

"gl-util@npm:^3.1.2":
  version: 3.1.3
  resolution: "gl-util@npm:3.1.3"
  dependencies:
    is-browser: "npm:^2.0.1"
    is-firefox: "npm:^1.0.3"
    is-plain-obj: "npm:^1.1.0"
    number-is-integer: "npm:^1.0.1"
    object-assign: "npm:^4.1.0"
    pick-by-alias: "npm:^1.2.0"
    weak-map: "npm:^1.0.5"
  checksum: 10/9d2341015be39cfe040a7a745f57be305d88b7b28bfad7639a3688ad7968fa01d8c437c8029a4470edd0f0a27132e4f06aaa0d725aebff0b2b1727a34a6b49e7
  languageName: node
  linkType: hard

"glob-parent@npm:^5.1.2, glob-parent@npm:~5.1.2":
  version: 5.1.2
  resolution: "glob-parent@npm:5.1.2"
  dependencies:
    is-glob: "npm:^4.0.1"
  checksum: 10/32cd106ce8c0d83731966d31517adb766d02c3812de49c30cfe0675c7c0ae6630c11214c54a5ae67aca882cf738d27fd7768f21aa19118b9245950554be07247
  languageName: node
  linkType: hard

"glob-parent@npm:^6.0.1, glob-parent@npm:^6.0.2":
  version: 6.0.2
  resolution: "glob-parent@npm:6.0.2"
  dependencies:
    is-glob: "npm:^4.0.3"
  checksum: 10/c13ee97978bef4f55106b71e66428eb1512e71a7466ba49025fc2aec59a5bfb0954d5abd58fc5ee6c9b076eef4e1f6d3375c2e964b88466ca390da4419a786a8
  languageName: node
  linkType: hard

"glob-promise@npm:^4.2.2":
  version: 4.2.2
  resolution: "glob-promise@npm:4.2.2"
  dependencies:
    "@types/glob": "npm:^7.1.3"
  peerDependencies:
    glob: ^7.1.6
  checksum: 10/c1a3d95f7c8393e4151d4899ec4e42bb2e8237160f840ad1eccbe9247407da8b6c13e28f463022e011708bc40862db87b9b77236d35afa3feb8aa86d518f2dfe
  languageName: node
  linkType: hard

"glob-to-regexp@npm:^0.4.1":
  version: 0.4.1
  resolution: "glob-to-regexp@npm:0.4.1"
  checksum: 10/9009529195a955c40d7b9690794aeff5ba665cc38f1519e111c58bb54366fd0c106bde80acf97ba4e533208eb53422c83b136611a54c5fefb1edd8dc267cb62e
  languageName: node
  linkType: hard

"glob@npm:^10.0.0, glob@npm:^10.2.2, glob@npm:^10.3.10, glob@npm:^10.3.4, glob@npm:^10.3.7, glob@npm:^10.4.1":
  version: 10.4.5
  resolution: "glob@npm:10.4.5"
  dependencies:
    foreground-child: "npm:^3.1.0"
    jackspeak: "npm:^3.1.2"
    minimatch: "npm:^9.0.4"
    minipass: "npm:^7.1.2"
    package-json-from-dist: "npm:^1.0.0"
    path-scurry: "npm:^1.11.1"
  bin:
    glob: dist/esm/bin.mjs
  checksum: 10/698dfe11828b7efd0514cd11e573eaed26b2dff611f0400907281ce3eab0c1e56143ef9b35adc7c77ecc71fba74717b510c7c223d34ca8a98ec81777b293d4ac
  languageName: node
  linkType: hard

"glob@npm:^11.0.0":
  version: 11.0.3
  resolution: "glob@npm:11.0.3"
  dependencies:
    foreground-child: "npm:^3.3.1"
    jackspeak: "npm:^4.1.1"
    minimatch: "npm:^10.0.3"
    minipass: "npm:^7.1.2"
    package-json-from-dist: "npm:^1.0.0"
    path-scurry: "npm:^2.0.0"
  bin:
    glob: dist/esm/bin.mjs
  checksum: 10/2ae536c1360c0266b523b2bfa6aadc10144a8b7e08869b088e37ac3c27cd30774f82e4bfb291cde796776e878f9e13200c7ff44010eb7054e00f46f649397893
  languageName: node
  linkType: hard

"glob@npm:^12.0.0":
  version: 12.0.0
  resolution: "glob@npm:12.0.0"
  dependencies:
    foreground-child: "npm:^3.3.1"
    jackspeak: "npm:^4.1.1"
    minimatch: "npm:^10.1.1"
    minipass: "npm:^7.1.2"
    package-json-from-dist: "npm:^1.0.0"
    path-scurry: "npm:^2.0.0"
  bin:
    glob: dist/esm/bin.mjs
  checksum: 10/6e21b3f1f1fa635836d45e54bbe50704884cc3e310e0cc011cfb5429db65a030e12936d99b07e66236370efe45dc8c8b26fa5334dbf555d6f8709e0315c77c30
  languageName: node
  linkType: hard

"glob@npm:^13.0.0":
  version: 13.0.0
  resolution: "glob@npm:13.0.0"
  dependencies:
    minimatch: "npm:^10.1.1"
    minipass: "npm:^7.1.2"
    path-scurry: "npm:^2.0.0"
  checksum: 10/de390721d29ee1c9ea41e40ec2aa0de2cabafa68022e237dc4297665a5e4d650776f2573191984ea1640aba1bf0ea34eddef2d8cbfbfc2ad24b5fb0af41d8846
  languageName: node
  linkType: hard

"glob@npm:^7.1.3, glob@npm:^7.1.4, glob@npm:^7.1.6, glob@npm:^7.1.7, glob@npm:^7.2.3":
  version: 7.2.3
  resolution: "glob@npm:7.2.3"
  dependencies:
    fs.realpath: "npm:^1.0.0"
    inflight: "npm:^1.0.4"
    inherits: "npm:2"
    minimatch: "npm:^3.1.1"
    once: "npm:^1.3.0"
    path-is-absolute: "npm:^1.0.0"
  checksum: 10/59452a9202c81d4508a43b8af7082ca5c76452b9fcc4a9ab17655822e6ce9b21d4f8fbadabe4fe3faef448294cec249af305e2cd824b7e9aaf689240e5e96a7b
  languageName: node
  linkType: hard

"glob@npm:^8.0.1, glob@npm:^8.0.3, glob@npm:^8.1.0":
  version: 8.1.0
  resolution: "glob@npm:8.1.0"
  dependencies:
    fs.realpath: "npm:^1.0.0"
    inflight: "npm:^1.0.4"
    inherits: "npm:2"
    minimatch: "npm:^5.0.1"
    once: "npm:^1.3.0"
  checksum: 10/9aab1c75eb087c35dbc41d1f742e51d0507aa2b14c910d96fb8287107a10a22f4bbdce26fc0a3da4c69a20f7b26d62f1640b346a4f6e6becfff47f335bb1dc5e
  languageName: node
  linkType: hard

"global-agent@npm:^3.0.0":
  version: 3.0.0
  resolution: "global-agent@npm:3.0.0"
  dependencies:
    boolean: "npm:^3.0.1"
    es6-error: "npm:^4.1.1"
    matcher: "npm:^3.0.0"
    roarr: "npm:^2.15.3"
    semver: "npm:^7.3.2"
    serialize-error: "npm:^7.0.1"
  checksum: 10/a26d96d1d79af57a8ef957f66cef6f3889a8fa55131f0bbd72b8e1bc340a9b7ed7b627b96eaf5eb14aee08a8b4ad44395090e2cf77146e993f1d2df7abaa0a0d
  languageName: node
  linkType: hard

"global-cache-dir@npm:^4.3.1":
  version: 4.4.0
  resolution: "global-cache-dir@npm:4.4.0"
  dependencies:
    cachedir: "npm:^2.3.0"
    path-exists: "npm:^5.0.0"
  checksum: 10/cb6e2f48c2dd2e380219ce0e854ee0cecb418f20c34d54a18a759e9cfc728bb174549b098f2a5d704c51e91b9326195874959e522e14b06edb8d22b2648d2e5e
  languageName: node
  linkType: hard

"global-directory@npm:^4.0.1":
  version: 4.0.1
  resolution: "global-directory@npm:4.0.1"
  dependencies:
    ini: "npm:4.1.1"
  checksum: 10/5b4df24438a4e5f21e43fbdd9e54f5e12bb48dce01a0a83b415d8052ce91be2d3a97e0c8f98a535e69649b2190036155e9f0f7d3c62f9318f31bdc3fd4f235f5
  languageName: node
  linkType: hard

"global-modules@npm:1.0.0, global-modules@npm:^1.0.0":
  version: 1.0.0
  resolution: "global-modules@npm:1.0.0"
  dependencies:
    global-prefix: "npm:^1.0.1"
    is-windows: "npm:^1.0.1"
    resolve-dir: "npm:^1.0.0"
  checksum: 10/e4031a01c0c7401349bb69e1499c7268d636552b16374c0002d677c7a6185da6782a2927a7a3a7c046eb7be97cd26b3c7b1b736f9818ecc7ac09e9d61449065e
  languageName: node
  linkType: hard

"global-modules@npm:^2.0.0":
  version: 2.0.0
  resolution: "global-modules@npm:2.0.0"
  dependencies:
    global-prefix: "npm:^3.0.0"
  checksum: 10/4aee73adf533fe82ead2ad15c8bfb6ea4fb29e16d2d067521ab39d3b45b8f834d71c47a807e4f8f696e79497c3946d4ccdcd708da6f3a4522d65b087b8852f64
  languageName: node
  linkType: hard

"global-prefix@npm:^1.0.1":
  version: 1.0.2
  resolution: "global-prefix@npm:1.0.2"
  dependencies:
    expand-tilde: "npm:^2.0.2"
    homedir-polyfill: "npm:^1.0.1"
    ini: "npm:^1.3.4"
    is-windows: "npm:^1.0.1"
    which: "npm:^1.2.14"
  checksum: 10/68cf78f81cd85310095ca1f0ec22dd5f43a1059646b2c7b3fc4a7c9ce744356e66ca833adda4e5753e38021847aaec393a159a029ba2d257c08ccb3f00ca2899
  languageName: node
  linkType: hard

"global-prefix@npm:^3.0.0":
  version: 3.0.0
  resolution: "global-prefix@npm:3.0.0"
  dependencies:
    ini: "npm:^1.3.5"
    kind-of: "npm:^6.0.2"
    which: "npm:^1.3.1"
  checksum: 10/a405b9f83c7d88a49dc1c1e458d6585e258356810d3d0f41094265152a06a0f393b14d911f45616e35a4ce3894176a73be2984883575e778f55e90bf812d7337
  languageName: node
  linkType: hard

"global-prefix@npm:^4.0.0":
  version: 4.0.0
  resolution: "global-prefix@npm:4.0.0"
  dependencies:
    ini: "npm:^4.1.3"
    kind-of: "npm:^6.0.3"
    which: "npm:^4.0.0"
  checksum: 10/535489396c0e5828682f081f5227556a3b7a30ebecde9f5eb35aee4aea121fe5c5fb1b04e0fba85d1e34e6004687e51b306bdd446d391eca8449adbb4666dbe2
  languageName: node
  linkType: hard

"globals@npm:^14.0.0":
  version: 14.0.0
  resolution: "globals@npm:14.0.0"
  checksum: 10/03939c8af95c6df5014b137cac83aa909090c3a3985caef06ee9a5a669790877af8698ab38007e4c0186873adc14c0b13764acc754b16a754c216cc56aa5f021
  languageName: node
  linkType: hard

"globals@npm:^16.4.0":
  version: 16.5.0
  resolution: "globals@npm:16.5.0"
  checksum: 10/f9e8a2a13f50222c127030a619e283e7bbfe32966316bdde0715af1d15a7e40cb9c24ff52cad59671f97762ed8b515353c2f8674f560c63d9385f19ee26735a6
  languageName: node
  linkType: hard

"globals@npm:^9.18.0":
  version: 9.18.0
  resolution: "globals@npm:9.18.0"
  checksum: 10/492600be44eb7ae107d37fa8536fb98f36a6f051c1420cd912a6de307758d502b9930a8f7beda0e74a98a5613aae464c828bb81418fc335c9ff4707ba9fd9070
  languageName: node
  linkType: hard

"globalthis@npm:^1.0.1, globalthis@npm:^1.0.4":
  version: 1.0.4
  resolution: "globalthis@npm:1.0.4"
  dependencies:
    define-properties: "npm:^1.2.1"
    gopd: "npm:^1.0.1"
  checksum: 10/1f1fd078fb2f7296306ef9dd51019491044ccf17a59ed49d375b576ca108ff37e47f3d29aead7add40763574a992f16a5367dd1e2173b8634ef18556ab719ac4
  languageName: node
  linkType: hard

"globby@npm:^11.1.0":
  version: 11.1.0
  resolution: "globby@npm:11.1.0"
  dependencies:
    array-union: "npm:^2.1.0"
    dir-glob: "npm:^3.0.1"
    fast-glob: "npm:^3.2.9"
    ignore: "npm:^5.2.0"
    merge2: "npm:^1.4.1"
    slash: "npm:^3.0.0"
  checksum: 10/288e95e310227bbe037076ea81b7c2598ccbc3122d87abc6dab39e1eec309aa14f0e366a98cdc45237ffcfcbad3db597778c0068217dcb1950fef6249104e1b1
  languageName: node
  linkType: hard

"globby@npm:^13.0.0, globby@npm:^13.1.1":
  version: 13.2.2
  resolution: "globby@npm:13.2.2"
  dependencies:
    dir-glob: "npm:^3.0.1"
    fast-glob: "npm:^3.3.0"
    ignore: "npm:^5.2.4"
    merge2: "npm:^1.4.1"
    slash: "npm:^4.0.0"
  checksum: 10/4494a9d2162a7e4d327988b26be66d8eab87d7f59a83219e74b065e2c3ced23698f68fb10482bf9337133819281803fb886d6ae06afbb2affa743623eb0b1949
  languageName: node
  linkType: hard

"globjoin@npm:^0.1.4":
  version: 0.1.4
  resolution: "globjoin@npm:0.1.4"
  checksum: 10/1e7e0f145f6572134e999b5511767698c8196e891f50db76a25189c897f355aec1b7e62f9eeaa0626db55460353470ac6bec4aa118beb710e4543037e705647a
  languageName: node
  linkType: hard

"globrex@npm:^0.1.2":
  version: 0.1.2
  resolution: "globrex@npm:0.1.2"
  checksum: 10/81ce62ee6f800d823d6b7da7687f841676d60ee8f51f934ddd862e4057316d26665c4edc0358d4340a923ac00a514f8b67c787e28fe693aae16350f4e60d55e9
  languageName: node
  linkType: hard

"glsl-inject-defines@npm:^1.0.1":
  version: 1.0.3
  resolution: "glsl-inject-defines@npm:1.0.3"
  dependencies:
    glsl-token-inject-block: "npm:^1.0.0"
    glsl-token-string: "npm:^1.0.1"
    glsl-tokenizer: "npm:^2.0.2"
  checksum: 10/93dc71d5e74d5c795e889d97788ea10e4d8ecb541218ce6fb13a957558ff9f2ded5efcb6a7acd0724249684df57be7541707443cb804822a2ef8077db901073d
  languageName: node
  linkType: hard

"glsl-resolve@npm:0.0.1":
  version: 0.0.1
  resolution: "glsl-resolve@npm:0.0.1"
  dependencies:
    resolve: "npm:^0.6.1"
    xtend: "npm:^2.1.2"
  checksum: 10/951ef25c60e2392cafadbbe1376bf39e6a0198a91810010e6c0e5cda23af5072614a9810349fe1743b3b4856126f0b7c303510af4c428fa3a84df28983fb0f22
  languageName: node
  linkType: hard

"glsl-token-assignments@npm:^2.0.0":
  version: 2.0.2
  resolution: "glsl-token-assignments@npm:2.0.2"
  checksum: 10/2edf8a9c711859ba650d472609ae0d5c5f9269f53f1d801232e0daceedfc56ceb54d5d321b65b369bdfce8096530e4f6cd504caaf33ceab3c5b77bcf79cdbea5
  languageName: node
  linkType: hard

"glsl-token-defines@npm:^1.0.0":
  version: 1.0.0
  resolution: "glsl-token-defines@npm:1.0.0"
  dependencies:
    glsl-tokenizer: "npm:^2.0.0"
  checksum: 10/79c3738e4c858c1eb400a7d288a372cf275b6aacee4eed2a89f1c4269a9849d3210bbc770123af408bf0a9d8bf909e558154a27f4c976cee287ea9a4bf9b0047
  languageName: node
  linkType: hard

"glsl-token-depth@npm:^1.1.0, glsl-token-depth@npm:^1.1.1":
  version: 1.1.2
  resolution: "glsl-token-depth@npm:1.1.2"
  checksum: 10/b487aaa0359742c40c250d3b68a01ac0b9cef587828d171de4b4a8451685a3582d38e3012a9669f8959474ee91fc738564420b8498f71724f0c956c45472328b
  languageName: node
  linkType: hard

"glsl-token-descope@npm:^1.0.2":
  version: 1.0.2
  resolution: "glsl-token-descope@npm:1.0.2"
  dependencies:
    glsl-token-assignments: "npm:^2.0.0"
    glsl-token-depth: "npm:^1.1.0"
    glsl-token-properties: "npm:^1.0.0"
    glsl-token-scope: "npm:^1.1.0"
  checksum: 10/fe049928ac85c4776e293ee96e9bbaaea4b75dfcce1dad7c55ddbf72726403e04ba1b0031d0ca544ec30af65b52d88f4872817dce955b18678bc6e855e007f87
  languageName: node
  linkType: hard

"glsl-token-inject-block@npm:^1.0.0":
  version: 1.1.0
  resolution: "glsl-token-inject-block@npm:1.1.0"
  checksum: 10/49287bef9c4fbef1155c6a4752b592373279fc53b178e927972512c2e56473981490023a2567384ab9877e02b60027865a922facb1991d4a089bb45f3d730c0a
  languageName: node
  linkType: hard

"glsl-token-properties@npm:^1.0.0":
  version: 1.0.1
  resolution: "glsl-token-properties@npm:1.0.1"
  checksum: 10/9b4d1caf02d52f6407479bcd3e780133d6952ba6ae0d85ccd4f3de9ead061a173da0820b0238a0e721ae75370b645152d468bc24eb6f1fd37b5000c500d97cd4
  languageName: node
  linkType: hard

"glsl-token-scope@npm:^1.1.0, glsl-token-scope@npm:^1.1.1":
  version: 1.1.2
  resolution: "glsl-token-scope@npm:1.1.2"
  checksum: 10/ecc4bff5d6b11ac44660d816b60b0e32f4d2b01ec54b308e06029c7671d292830e0150274d9d4bc5c29bd4ce438e22e16a76a734fd83a0e55a7ee1c7adc09f9a
  languageName: node
  linkType: hard

"glsl-token-string@npm:^1.0.1":
  version: 1.0.1
  resolution: "glsl-token-string@npm:1.0.1"
  checksum: 10/3260c1486b620277396ecb92b13434764eddcd59330ffb7a25d0e5fc2750fbd4330899e2acb5ab36408ea7451f3e103418ca0430b4c6a225a7e5f318b5028fda
  languageName: node
  linkType: hard

"glsl-token-whitespace-trim@npm:^1.0.0":
  version: 1.0.0
  resolution: "glsl-token-whitespace-trim@npm:1.0.0"
  checksum: 10/f45948a1aeaab05f8457a1ef8d1081b91fd7dd7fc6e71cfecd2e4270d9d506a172258c5c616e1d36c8cfc7e35cbd3de63d889461ecc44fee4b92917b7802816c
  languageName: node
  linkType: hard

"glsl-tokenizer@npm:^2.0.0, glsl-tokenizer@npm:^2.0.2":
  version: 2.1.5
  resolution: "glsl-tokenizer@npm:2.1.5"
  dependencies:
    through2: "npm:^0.6.3"
  checksum: 10/e76b62667182a2f31686a28f10e86b76bab46369f2923da0862a3c7772271889b34cc9cd3fe490b478c8ca303993c067d9d5f6d594d40ef2e8cf1d7f4e13a42c
  languageName: node
  linkType: hard

"glslify-bundle@npm:^5.0.0":
  version: 5.1.1
  resolution: "glslify-bundle@npm:5.1.1"
  dependencies:
    glsl-inject-defines: "npm:^1.0.1"
    glsl-token-defines: "npm:^1.0.0"
    glsl-token-depth: "npm:^1.1.1"
    glsl-token-descope: "npm:^1.0.2"
    glsl-token-scope: "npm:^1.1.1"
    glsl-token-string: "npm:^1.0.1"
    glsl-token-whitespace-trim: "npm:^1.0.0"
    glsl-tokenizer: "npm:^2.0.2"
    murmurhash-js: "npm:^1.0.0"
    shallow-copy: "npm:0.0.1"
  checksum: 10/377bebc5e3afcab2c95ec07e854567bf7040196175f393be46fce9ecadeaf87fd85183ef29320c97a5b0bb85edf58e527305948e5259f0363eb3706017fbf253
  languageName: node
  linkType: hard

"glslify-deps@npm:^1.2.5":
  version: 1.3.2
  resolution: "glslify-deps@npm:1.3.2"
  dependencies:
    "@choojs/findup": "npm:^0.2.0"
    events: "npm:^3.2.0"
    glsl-resolve: "npm:0.0.1"
    glsl-tokenizer: "npm:^2.0.0"
    graceful-fs: "npm:^4.1.2"
    inherits: "npm:^2.0.1"
    map-limit: "npm:0.0.1"
    resolve: "npm:^1.0.0"
  checksum: 10/58ba8b376a93cfc6c7ee03cec15bfc23d24027aed0cc3109cac3b6d25127c7a8dd319bfb094ae47d4ae996b89d4d7db21d0d80cd88a025aa4e81c8b55f3e59e3
  languageName: node
  linkType: hard

"glslify@npm:^7.0.0":
  version: 7.1.1
  resolution: "glslify@npm:7.1.1"
  dependencies:
    bl: "npm:^2.2.1"
    concat-stream: "npm:^1.5.2"
    duplexify: "npm:^3.4.5"
    falafel: "npm:^2.1.0"
    from2: "npm:^2.3.0"
    glsl-resolve: "npm:0.0.1"
    glsl-token-whitespace-trim: "npm:^1.0.0"
    glslify-bundle: "npm:^5.0.0"
    glslify-deps: "npm:^1.2.5"
    minimist: "npm:^1.2.5"
    resolve: "npm:^1.1.5"
    stack-trace: "npm:0.0.9"
    static-eval: "npm:^2.0.5"
    through2: "npm:^2.0.1"
    xtend: "npm:^4.0.0"
  bin:
    glslify: bin.js
  checksum: 10/6bdd14494c6bafb11b3392275832086fcc79754b05a68199acc357ac7d55a087176a2c271fcaacace69b0a4549fab4a4ebb5f5863c0d8cd148bffde195441f03
  languageName: node
  linkType: hard

"gmail-tester@npm:^1.3.8":
  version: 1.3.8
  resolution: "gmail-tester@npm:1.3.8"
  dependencies:
    googleapis: "npm:^109.0.1"
    open: "npm:^8.4.0"
    server-destroy: "npm:^1.0.1"
  checksum: 10/8a4c6d02cf84852178b23425e7a47980b254127439b0cb7e76abf19d31f239fc723000588575eabde10f6f07fe8808feacc7d65f4b4dc41e6142dc7440d78fac
  languageName: node
  linkType: hard

"gonzales-pe@npm:^4.3.0":
  version: 4.3.0
  resolution: "gonzales-pe@npm:4.3.0"
  dependencies:
    minimist: "npm:^1.2.5"
  bin:
    gonzales: bin/gonzales.js
  checksum: 10/d1676546bcaa4cb1c6c1fc5de5d62e85960665a13a4c489b02baeb58a10c53a249beef05ceaf21ea801813a559ff17d7b61158aa417211c135bcb8bdcb1701ca
  languageName: node
  linkType: hard

"google-auth-library@npm:^8.0.2":
  version: 8.9.0
  resolution: "google-auth-library@npm:8.9.0"
  dependencies:
    arrify: "npm:^2.0.0"
    base64-js: "npm:^1.3.0"
    ecdsa-sig-formatter: "npm:^1.0.11"
    fast-text-encoding: "npm:^1.0.0"
    gaxios: "npm:^5.0.0"
    gcp-metadata: "npm:^5.3.0"
    gtoken: "npm:^6.1.0"
    jws: "npm:^4.0.0"
    lru-cache: "npm:^6.0.0"
  checksum: 10/64882b178e2b77f370a3503978ab2e31c0db1053b0eb9141c3a7a2fdfb3dd8b808b00846b518f444a8926266e400ec8df30372a719806ad03a258eadae177213
  languageName: node
  linkType: hard

"google-auth-library@npm:^9.0.0, google-auth-library@npm:^9.7.0":
  version: 9.14.2
  resolution: "google-auth-library@npm:9.14.2"
  dependencies:
    base64-js: "npm:^1.3.0"
    ecdsa-sig-formatter: "npm:^1.0.11"
    gaxios: "npm:^6.1.1"
    gcp-metadata: "npm:^6.1.0"
    gtoken: "npm:^7.0.0"
    jws: "npm:^4.0.0"
  checksum: 10/141c760ec6188bed607daf98406957b84c59fda41ea9893573fbccc4098221a4cf054c90cc95058068bb4ae039ac5d542fa57f057d6d29721e23e2718e5914c3
  languageName: node
  linkType: hard

"google-p12-pem@npm:^4.0.0":
  version: 4.0.1
  resolution: "google-p12-pem@npm:4.0.1"
  dependencies:
    node-forge: "npm:^1.3.1"
  bin:
    gp12-pem: build/src/bin/gp12-pem.js
  checksum: 10/27937440d7c3f8022c6fe9068da6fd74457fea80513b3c34a7b45b29205003bfd31042f7008cd1b970b35ff7147409f0d9a24e554a327d4cae5255c4b60693db
  languageName: node
  linkType: hard

"google-protobuf@npm:^3.21.4":
  version: 3.21.4
  resolution: "google-protobuf@npm:3.21.4"
  checksum: 10/0d87fe8ef221d105cbaa808f4024bd577638524d8e461469e3733f2e4933391ad4da86b7fcbd11e8781bee04eacf2e8ba19aaacd5f9deb336a220485841d980f
  languageName: node
  linkType: hard

"googleapis-common@npm:^6.0.0":
  version: 6.0.4
  resolution: "googleapis-common@npm:6.0.4"
  dependencies:
    extend: "npm:^3.0.2"
    gaxios: "npm:^5.0.1"
    google-auth-library: "npm:^8.0.2"
    qs: "npm:^6.7.0"
    url-template: "npm:^2.0.8"
    uuid: "npm:^9.0.0"
  checksum: 10/6f834f07d151b90dc55ebbda6956c6f4c84cb6ef88b34d8b365bf71d7e7089f43179bb1d242edcdfe0cf9a5698a1e7bb9c25afa22002529d86cc112820521506
  languageName: node
  linkType: hard

"googleapis-common@npm:^7.0.0":
  version: 7.2.0
  resolution: "googleapis-common@npm:7.2.0"
  dependencies:
    extend: "npm:^3.0.2"
    gaxios: "npm:^6.0.3"
    google-auth-library: "npm:^9.7.0"
    qs: "npm:^6.7.0"
    url-template: "npm:^2.0.8"
    uuid: "npm:^9.0.0"
  checksum: 10/4b914be6681f2a5a02bd0954a4a5cee1725d8623cb9d0a7c2fd7132de110e8d5707566cba39784e58147be39e74bc5513ad30fdcdaa6edcbb47ecf687003cb6c
  languageName: node
  linkType: hard

"googleapis@npm:^109.0.1":
  version: 109.0.1
  resolution: "googleapis@npm:109.0.1"
  dependencies:
    google-auth-library: "npm:^8.0.2"
    googleapis-common: "npm:^6.0.0"
  checksum: 10/0d810edb5b5c7c7d6af1426c52bb68dfa2633a50e8b42038a5aeb7eeb2a96f2b4af9800ad3a84a1b7bba26949dfc3bc062b9937767bbe2aef6b14c606859d330
  languageName: node
  linkType: hard

"googleapis@npm:^131.0.0":
  version: 131.0.0
  resolution: "googleapis@npm:131.0.0"
  dependencies:
    google-auth-library: "npm:^9.0.0"
    googleapis-common: "npm:^7.0.0"
  checksum: 10/6703f02a7da3075aa3aa1a4a7bfce5b40f277cfc3cb4cdddd802fbc5a5efd69bb232616e7a219719bda622de8894dd298b0039f17432abae1022b5f6db4916af
  languageName: node
  linkType: hard

"gopd@npm:^1.0.1, gopd@npm:^1.2.0":
  version: 1.2.0
  resolution: "gopd@npm:1.2.0"
  checksum: 10/94e296d69f92dc1c0768fcfeecfb3855582ab59a7c75e969d5f96ce50c3d201fd86d5a2857c22565764d5bb8a816c7b1e58f133ec318cd56274da36c5e3fb1a1
  languageName: node
  linkType: hard

"got@npm:^11.7.0, got@npm:^11.8.5":
  version: 11.8.6
  resolution: "got@npm:11.8.6"
  dependencies:
    "@sindresorhus/is": "npm:^4.0.0"
    "@szmarczak/http-timer": "npm:^4.0.5"
    "@types/cacheable-request": "npm:^6.0.1"
    "@types/responselike": "npm:^1.0.0"
    cacheable-lookup: "npm:^5.0.3"
    cacheable-request: "npm:^7.0.2"
    decompress-response: "npm:^6.0.0"
    http2-wrapper: "npm:^1.0.0-beta.5.2"
    lowercase-keys: "npm:^2.0.0"
    p-cancelable: "npm:^2.0.0"
    responselike: "npm:^2.0.0"
  checksum: 10/a30c74029d81bd5fe50dea1a0c970595d792c568e188ff8be254b5bc11e6158d1b014570772d4a30d0a97723e7dd34e7c8cc1a2f23018f60aece3070a7a5c2a5
  languageName: node
  linkType: hard

"got@npm:^12.0.0, got@npm:^12.3.1, got@npm:^12.6.1":
  version: 12.6.1
  resolution: "got@npm:12.6.1"
  dependencies:
    "@sindresorhus/is": "npm:^5.2.0"
    "@szmarczak/http-timer": "npm:^5.0.1"
    cacheable-lookup: "npm:^7.0.0"
    cacheable-request: "npm:^10.2.8"
    decompress-response: "npm:^6.0.0"
    form-data-encoder: "npm:^2.1.2"
    get-stream: "npm:^6.0.1"
    http2-wrapper: "npm:^2.1.10"
    lowercase-keys: "npm:^3.0.0"
    p-cancelable: "npm:^3.0.0"
    responselike: "npm:^3.0.0"
  checksum: 10/6c22f1449f4574d79a38e0eba0b753ce2f9030d61838a1ae1e25d3ff5b0db7916aa21023ac369c67d39d17f87bba9283a0b0cb88590de77926c968630aacae75
  languageName: node
  linkType: hard

"graceful-fs@npm:4.2.10":
  version: 4.2.10
  resolution: "graceful-fs@npm:4.2.10"
  checksum: 10/0c83c52b62c68a944dcfb9d66b0f9f10f7d6e3d081e8067b9bfdc9e5f3a8896584d576036f82915773189eec1eba599397fc620e75c03c0610fb3d67c6713c1a
  languageName: node
  linkType: hard

"graceful-fs@npm:^4.1.15, graceful-fs@npm:^4.1.2, graceful-fs@npm:^4.1.6, graceful-fs@npm:^4.2.0, graceful-fs@npm:^4.2.10, graceful-fs@npm:^4.2.11, graceful-fs@npm:^4.2.2, graceful-fs@npm:^4.2.4, graceful-fs@npm:^4.2.6, graceful-fs@npm:^4.2.9":
  version: 4.2.11
  resolution: "graceful-fs@npm:4.2.11"
  checksum: 10/bf152d0ed1dc159239db1ba1f74fdbc40cb02f626770dcd5815c427ce0688c2635a06ed69af364396da4636d0408fcf7d4afdf7881724c3307e46aff30ca49e2
  languageName: node
  linkType: hard

"graphemer@npm:^1.4.0":
  version: 1.4.0
  resolution: "graphemer@npm:1.4.0"
  checksum: 10/6dd60dba97007b21e3a829fab3f771803cc1292977fe610e240ea72afd67e5690ac9eeaafc4a99710e78962e5936ab5a460787c2a1180f1cb0ccfac37d29f897
  languageName: node
  linkType: hard

"graphql@npm:^16.12.0":
  version: 16.12.0
  resolution: "graphql@npm:16.12.0"
  checksum: 10/e299bc97cca178e549c8c1ed4cb164f631f07be987d3657f76cdf18c0250040cc0d456d4b6d41c87b855cac97b15a62ed345557527efcb0546492895a893bb87
  languageName: node
  linkType: hard

"grid-index@npm:^1.1.0":
  version: 1.1.0
  resolution: "grid-index@npm:1.1.0"
  checksum: 10/d42f851f566c6efb91d55dafab2cf0eb953f4ef45315be3ae77b04887a3600ad5bcb090cad2a634d2f9fa2de4d688e4ed870a9e45f173f09d02982669be3bea5
  languageName: node
  linkType: hard

"gtoken@npm:^6.1.0":
  version: 6.1.2
  resolution: "gtoken@npm:6.1.2"
  dependencies:
    gaxios: "npm:^5.0.1"
    google-p12-pem: "npm:^4.0.0"
    jws: "npm:^4.0.0"
  checksum: 10/c5599456205671c5c9321284266f13a0ed275eb190c0a553c4f528ca1c8cf25ec9bb0a2f916e24492915ad209f2f4001230ffdc4d8a270f4e62d4ab9c866a7b2
  languageName: node
  linkType: hard

"gtoken@npm:^7.0.0":
  version: 7.1.0
  resolution: "gtoken@npm:7.1.0"
  dependencies:
    gaxios: "npm:^6.0.0"
    jws: "npm:^4.0.0"
  checksum: 10/640392261e55c9242137a81a4af8feb053b57061762cedddcbb6a0d62c2314316161808ac2529eea67d06d69fdc56d82361af50f2d840a04a87ea29e124d7382
  languageName: node
  linkType: hard

"gzip-size@npm:^6.0.0":
  version: 6.0.0
  resolution: "gzip-size@npm:6.0.0"
  dependencies:
    duplexer: "npm:^0.1.2"
  checksum: 10/2df97f359696ad154fc171dcb55bc883fe6e833bca7a65e457b9358f3cb6312405ed70a8da24a77c1baac0639906cd52358dc0ce2ec1a937eaa631b934c94194
  languageName: node
  linkType: hard