"time-zone@npm:^1.0.0":
  version: 1.0.0
  resolution: "time-zone@npm:1.0.0"
  checksum: 10/e46f5a69b8c236dcd8e91e29d40d4e7a3495ed4f59888c3f84ce1d9678e20461421a6ba41233509d47dd94bc18f1a4377764838b21b584663f942b3426dcbce8
  languageName: node
  linkType: hard

"timers-ext@npm:^0.1.7":
  version: 0.1.8
  resolution: "timers-ext@npm:0.1.8"
  dependencies:
    es5-ext: "npm:^0.10.64"
    next-tick: "npm:^1.1.0"
  checksum: 10/8abd168c57029e25d1fa4b7e101b053e261479e43ba4a32ead76e601e7037f74f850c311e22dc3dbb50dc211b34b092e0a349274d3997a493295e9ec725e6395
  languageName: node
  linkType: hard

"tiny-case@npm:^1.0.3":
  version: 1.0.3
  resolution: "tiny-case@npm:1.0.3"
  checksum: 10/3f7a30c39d5b0e1bc097b0b271bec14eb5b836093db034f35a0de26c14422380b50dc12bfd37498cf35b192f5df06f28a710712c87ead68872a9e37ad6f6049d
  languageName: node
  linkType: hard

"tiny-each-async@npm:2.0.3":
  version: 2.0.3
  resolution: "tiny-each-async@npm:2.0.3"
  checksum: 10/f9588bc2ff6ffd0426cd3cadb7b458b9e35c96a568b1e35baa5645151ff795953dac6a9e0b7a3c88d1733f959bcddb69680c201667fcdcc59d62b419979d0f62
  languageName: node
  linkType: hard

"tiny-emitter@npm:^2.1.0":
  version: 2.1.0
  resolution: "tiny-emitter@npm:2.1.0"
  checksum: 10/75633f4de4f47f43af56aff6162f25b87be7efc6f669fda256658f3c3f4a216f23dc0d13200c6fafaaf1b0c7142f0201352fb06aec0b77f68aea96be898f4516
  languageName: node
  linkType: hard

"tiny-inflate@npm:^1.0.0, tiny-inflate@npm:^1.0.3":
  version: 1.0.3
  resolution: "tiny-inflate@npm:1.0.3"
  checksum: 10/f620114fb51ea4a16ea7b4c62d6dd753f8faf41808a133c53d431ed4bf2ca377b21443653a0096894f2be22ca11bb327f148e7e5431f9246068917724ec01ffc
  languageName: node
  linkType: hard

"tiny-invariant@npm:^1.0.2, tiny-invariant@npm:^1.3.1, tiny-invariant@npm:^1.3.3":
  version: 1.3.3
  resolution: "tiny-invariant@npm:1.3.3"
  checksum: 10/5e185c8cc2266967984ce3b352a4e57cb89dad5a8abb0dea21468a6ecaa67cd5bb47a3b7a85d08041008644af4f667fb8b6575ba38ba5fb00b3b5068306e59fe
  languageName: node
  linkType: hard

"tiny-warning@npm:^1.0.0, tiny-warning@npm:^1.0.2":
  version: 1.0.3
  resolution: "tiny-warning@npm:1.0.3"
  checksum: 10/da62c4acac565902f0624b123eed6dd3509bc9a8d30c06e017104bedcf5d35810da8ff72864400ad19c5c7806fc0a8323c68baf3e326af7cb7d969f846100d71
  languageName: node
  linkType: hard

"tinybench@npm:^2.9.0":
  version: 2.9.0
  resolution: "tinybench@npm:2.9.0"
  checksum: 10/cfa1e1418e91289219501703c4693c70708c91ffb7f040fd318d24aef419fb5a43e0c0160df9471499191968b2451d8da7f8087b08c3133c251c40d24aced06c
  languageName: node
  linkType: hard

"tinycolor2@npm:^1.4.1, tinycolor2@npm:^1.4.2, tinycolor2@npm:^1.6.0":
  version: 1.6.0
  resolution: "tinycolor2@npm:1.6.0"
  checksum: 10/066c3acf4f82b81c58a0d3ab85f49407efe95ba87afc3c7a16b1d77625193dfbe10dd46c26d0a263c1137361dd5a6a68bff2fb71def5fb9b9aec940fb030bcd4
  languageName: node
  linkType: hard

"tinyexec@npm:^0.3.2":
  version: 0.3.2
  resolution: "tinyexec@npm:0.3.2"
  checksum: 10/b9d5fed3166fb1acd1e7f9a89afcd97ccbe18b9c1af0278e429455f6976d69271ba2d21797e7c36d57d6b05025e525d2882d88c2ab435b60d1ddf2fea361de57
  languageName: node
  linkType: hard

"tinyglobby@npm:^0.2.12, tinyglobby@npm:^0.2.13, tinyglobby@npm:^0.2.14, tinyglobby@npm:^0.2.15":
  version: 0.2.15
  resolution: "tinyglobby@npm:0.2.15"
  dependencies:
    fdir: "npm:^6.5.0"
    picomatch: "npm:^4.0.3"
  checksum: 10/d72bd826a8b0fa5fa3929e7fe5ba48fceb2ae495df3a231b6c5408cd7d8c00b58ab5a9c2a76ba56a62ee9b5e083626f1f33599734bed1ffc4b792406408f0ca2
  languageName: node
  linkType: hard

"tinypool@npm:^1.1.1":
  version: 1.1.1
  resolution: "tinypool@npm:1.1.1"
  checksum: 10/0d54139e9dbc6ef33349768fa78890a4d708d16a7ab68e4e4ef3bb740609ddf0f9fd13292c2f413fbba756166c97051a657181c8f7ae92ade690604f183cc01d
  languageName: node
  linkType: hard

"tinyqueue@npm:^2.0.3":
  version: 2.0.3
  resolution: "tinyqueue@npm:2.0.3"
  checksum: 10/b676fdf2050bc9b2b76fe3faa433f3122c623e3f2c32d2a6921487b1e8fb541a85af79ea0eca3618e261b293280db78b02e1f835321783b8c078c507b739017c
  languageName: node
  linkType: hard

"tinyqueue@npm:^3.0.0":
  version: 3.0.0
  resolution: "tinyqueue@npm:3.0.0"
  checksum: 10/44195ae628e98f4de49acefac1fafa63a7f2b5d8a5c23ace6f49917109db3435db8ec9854f87c0d50f8a8c6a73f1526f3941921618a071e4ee1d246afacf69bb
  languageName: node
  linkType: hard

"tinyrainbow@npm:^1.2.0":
  version: 1.2.0
  resolution: "tinyrainbow@npm:1.2.0"
  checksum: 10/2924444db6804355e5ba2b6e586c7f77329d93abdd7257a069a0f4530dff9f16de484e80479094e3f39273462541b003a65ee3a6afc2d12555aa745132deba5d
  languageName: node
  linkType: hard

"tinyrainbow@npm:^2.0.0":
  version: 2.0.0
  resolution: "tinyrainbow@npm:2.0.0"
  checksum: 10/94d4e16246972614a5601eeb169ba94f1d49752426312d3cf8cc4f2cc663a2e354ffc653aa4de4eebccbf9eeebdd0caef52d1150271fdfde65d7ae7f3dcb9eb5
  languageName: node
  linkType: hard

"tinyspy@npm:^3.0.0":
  version: 3.0.2
  resolution: "tinyspy@npm:3.0.2"
  checksum: 10/5db671b2ff5cd309de650c8c4761ca945459d7204afb1776db9a04fb4efa28a75f08517a8620c01ee32a577748802231ad92f7d5b194dc003ee7f987a2a06337
  languageName: node
  linkType: hard

"tinyspy@npm:^4.0.3":
  version: 4.0.3
  resolution: "tinyspy@npm:4.0.3"
  checksum: 10/b6a3ed40dd76a2b3c020250cf1401506b456509d1fb9dba0c7b0e644d258dac722843b85c57ccc36c8687db1e7978cb6adcc43e3b71c475910c085b96d41cb53
  languageName: node
  linkType: hard

"tippy.js@npm:^6.3.7":
  version: 6.3.7
  resolution: "tippy.js@npm:6.3.7"
  dependencies:
    "@popperjs/core": "npm:^2.9.0"
  checksum: 10/9bd1c6ab68704dd10b8896fd66e28f3b4b4017a32b8802a9d57a565dee1704df45c249d8363bcaca235dbc0d9a7a90d6f1326f1e6b999f7809b36599a3f92eb3
  languageName: node
  linkType: hard

"tiptap-markdown@npm:^0.9.0":
  version: 0.9.0
  resolution: "tiptap-markdown@npm:0.9.0"
  dependencies:
    "@types/markdown-it": "npm:^13.0.7"
    markdown-it: "npm:^14.1.0"
    markdown-it-task-lists: "npm:^2.1.1"
    prosemirror-markdown: "npm:^1.11.1"
  peerDependencies:
    "@tiptap/core": ^3.0.1
  checksum: 10/106bed528bc575916798f6be3c061dc0b403298c561418955e4dfaf70289203ec19fbb9a09e64f01a1061725c2ae1aee213de0ac8f72ef94fbddb77393a593e9
  languageName: node
  linkType: hard