"idb-keyval@npm:^6.2.2":
  version: 6.2.2
  resolution: "idb-keyval@npm:6.2.2"
  checksum: 10/8c22342d94deba01066460fe6593f29c78027d0935a6ed7a1da68b28a7a68b89d0830dada4b30d51b779ed1dc1e362007a8939cda651b9ad0807176bd841e8cb
  languageName: node
  linkType: hard

"idb@npm:^8.0.3":
  version: 8.0.3
  resolution: "idb@npm:8.0.3"
  checksum: 10/e2beccb0be7c6af562a5e92b209363358571a770aecdc68e891d1141d994d8f1e8f34b79dafa309ed7467d0f4df2b7b4c15f67cfd0611100282bfc3d85f9c73c
  languageName: node
  linkType: hard