"iterator.prototype@npm:^1.1.4":
  version: 1.1.5
  resolution: "iterator.prototype@npm:1.1.5"
  dependencies:
    define-data-property: "npm:^1.1.4"
    es-object-atoms: "npm:^1.0.0"
    get-intrinsic: "npm:^1.2.6"
    get-proto: "npm:^1.0.0"
    has-symbols: "npm:^1.1.0"
    set-function-name: "npm:^2.0.2"
  checksum: 10/352bcf333f42189e65cc8cb2dcb94a5c47cf0a9110ce12aba788d405a980b5f5f3a06c79bf915377e1d480647169babd842ded0d898bed181bf6686e8e6823f6
  languageName: node
  linkType: hard

"its-fine@npm:^1.1.1":
  version: 1.2.5
  resolution: "its-fine@npm:1.2.5"
  dependencies:
    "@types/react-reconciler": "npm:^0.28.0"
  peerDependencies:
    react: ">=18.0"
  checksum: 10/a4f1e3dd5e271e4f78df626cb56279bbddaa5f065d53bb94d266396e1d8d773c8c9ba4ed268c11e15a1879814e7c8ca1601c08759a8d666bdcfee8f4737c54fa
  languageName: node
  linkType: hard