"radix3@npm:^1.1.2":
  version: 1.1.2
  resolution: "radix3@npm:1.1.2"
  checksum: 10/5ed01a8e4b753e325c6ecb01d993de77f690e548ef9e149e7dc403ee7b109c2cb41e3d09bc3ce004d872c67c8dca1d556dbf7808b1ac7df9f86994e57d757557
  languageName: node
  linkType: hard

"raf@npm:^3.4.0, raf@npm:^3.4.1":
  version: 3.4.1
  resolution: "raf@npm:3.4.1"
  dependencies:
    performance-now: "npm:^2.1.0"
  checksum: 10/4c4b4c826b09d2aec6ca809f1a3c3c12136e7ec8d13fbb91f495dd2c99cd43345240e003da3bfd16036a432e635049fc6d9f69f9187f5f22ea88bb146ec75881
  languageName: node
  linkType: hard

"random-bytes@npm:~1.0.0":
  version: 1.0.0
  resolution: "random-bytes@npm:1.0.0"
  checksum: 10/09faa256394aa2ca9754aa57e92a27c452c3e97ffb266e98bebb517332e9df7168fea393159f88d884febce949ba8bec8ddb02f03342da6c6023ecc7b155e0ae
  languageName: node
  linkType: hard

"random-path@npm:^0.1.0":
  version: 0.1.2
  resolution: "random-path@npm:0.1.2"
  dependencies:
    base32-encode: "npm:^0.1.0 || ^1.0.0"
    murmur-32: "npm:^0.1.0 || ^0.2.0"
  checksum: 10/581b9eea25da11ddff462f459e787befd8e28f662eca2c64ef721235a6c53b5cbde2f973a05e9d91cea7722f3622bd127f2bb34897b4700ef8d0926a69fb3d11
  languageName: node
  linkType: hard

"randombytes@npm:^2.1.0":
  version: 2.1.0
  resolution: "randombytes@npm:2.1.0"
  dependencies:
    safe-buffer: "npm:^5.1.0"
  checksum: 10/4efd1ad3d88db77c2d16588dc54c2b52fd2461e70fe5724611f38d283857094fe09040fa2c9776366803c3152cf133171b452ef717592b65631ce5dc3a2bdafc
  languageName: node
  linkType: hard

"range-parser@npm:1.2.0":
  version: 1.2.0
  resolution: "range-parser@npm:1.2.0"
  checksum: 10/1a561fef1feae1cee3a3cb2440d4d9d3ab96cf2eebaf0d3a5cf06aecf91bc869f273ca0e2f05f73a4c530e751e4af0ed2723b7b86aeef296e3eaea7cfd0a5bfb
  languageName: node
  linkType: hard

"range-parser@npm:^1.2.1, range-parser@npm:~1.2.1":
  version: 1.2.1
  resolution: "range-parser@npm:1.2.1"
  checksum: 10/ce21ef2a2dd40506893157970dc76e835c78cf56437e26e19189c48d5291e7279314477b06ac38abd6a401b661a6840f7b03bd0b1249da9b691deeaa15872c26
  languageName: node
  linkType: hard

"raw-body@npm:2.5.2, raw-body@npm:^2.2.0":
  version: 2.5.2
  resolution: "raw-body@npm:2.5.2"
  dependencies:
    bytes: "npm:3.1.2"
    http-errors: "npm:2.0.0"
    iconv-lite: "npm:0.4.24"
    unpipe: "npm:1.0.0"
  checksum: 10/863b5171e140546a4d99f349b720abac4410338e23df5e409cfcc3752538c9caf947ce382c89129ba976f71894bd38b5806c774edac35ebf168d02aa1ac11a95
  languageName: node
  linkType: hard

"raw-body@npm:^3.0.0":
  version: 3.0.1
  resolution: "raw-body@npm:3.0.1"
  dependencies:
    bytes: "npm:3.1.2"
    http-errors: "npm:2.0.0"
    iconv-lite: "npm:0.7.0"
    unpipe: "npm:1.0.0"
  checksum: 10/3cc63e154147d15200ebf4fe3fb806682b268b8c6256ef3296f60025b07b67a028c1c92b3985b4ec1c7af08b7365ef91b0d0597b957c1c6ac40241b5f6b7d38b
  languageName: node
  linkType: hard