"object-assign@npm:4.x, object-assign@npm:^4, object-assign@npm:^4.0.1, object-assign@npm:^4.1.0, object-assign@npm:^4.1.1":
  version: 4.1.1
  resolution: "object-assign@npm:4.1.1"
  checksum: 10/fcc6e4ea8c7fe48abfbb552578b1c53e0d194086e2e6bbbf59e0a536381a292f39943c6e9628af05b5528aa5e3318bb30d6b2e53cadaf5b8fe9e12c4b69af23f
  languageName: node
  linkType: hard

"object-hash@npm:^3.0.0":
  version: 3.0.0
  resolution: "object-hash@npm:3.0.0"
  checksum: 10/f498d456a20512ba7be500cef4cf7b3c183cc72c65372a549c9a0e6dd78ce26f375e9b1315c07592d3fde8f10d5019986eba35970570d477ed9a2a702514432a
  languageName: node
  linkType: hard

"object-inspect@npm:^1.13.3, object-inspect@npm:^1.13.4":
  version: 1.13.4
  resolution: "object-inspect@npm:1.13.4"
  checksum: 10/aa13b1190ad3e366f6c83ad8a16ed37a19ed57d267385aa4bfdccda833d7b90465c057ff6c55d035a6b2e52c1a2295582b294217a0a3a1ae7abdd6877ef781fb
  languageName: node
  linkType: hard

"object-is@npm:^1.1.5":
  version: 1.1.6
  resolution: "object-is@npm:1.1.6"
  dependencies:
    call-bind: "npm:^1.0.7"
    define-properties: "npm:^1.2.1"
  checksum: 10/4f6f544773a595da21c69a7531e0e1d6250670f4e09c55f47eb02c516035cfcb1b46ceb744edfd3ecb362309dbccb6d7f88e43bf42e4d4595ac10a329061053a
  languageName: node
  linkType: hard

"object-keys@npm:^1.1.1":
  version: 1.1.1
  resolution: "object-keys@npm:1.1.1"
  checksum: 10/3d81d02674115973df0b7117628ea4110d56042e5326413e4b4313f0bcdf7dd78d4a3acef2c831463fa3796a66762c49daef306f4a0ea1af44877d7086d73bde
  languageName: node
  linkType: hard

"object.assign@npm:^4.1.4, object.assign@npm:^4.1.7":
  version: 4.1.7
  resolution: "object.assign@npm:4.1.7"
  dependencies:
    call-bind: "npm:^1.0.8"
    call-bound: "npm:^1.0.3"
    define-properties: "npm:^1.2.1"
    es-object-atoms: "npm:^1.0.0"
    has-symbols: "npm:^1.1.0"
    object-keys: "npm:^1.1.1"
  checksum: 10/3fe28cdd779f2a728a9a66bd688679ba231a2b16646cd1e46b528fe7c947494387dda4bc189eff3417f3717ef4f0a8f2439347cf9a9aa3cef722fbfd9f615587
  languageName: node
  linkType: hard

"object.entries@npm:^1.1.9":
  version: 1.1.9
  resolution: "object.entries@npm:1.1.9"
  dependencies:
    call-bind: "npm:^1.0.8"
    call-bound: "npm:^1.0.4"
    define-properties: "npm:^1.2.1"
    es-object-atoms: "npm:^1.1.1"
  checksum: 10/24163ab1e1e013796693fc5f5d349e8b3ac0b6a34a7edb6c17d3dd45c6a8854145780c57d302a82512c1582f63720f4b4779d6c1cfba12cbb1420b978802d8a3
  languageName: node
  linkType: hard

"object.fromentries@npm:^2.0.8":
  version: 2.0.8
  resolution: "object.fromentries@npm:2.0.8"
  dependencies:
    call-bind: "npm:^1.0.7"
    define-properties: "npm:^1.2.1"
    es-abstract: "npm:^1.23.2"
    es-object-atoms: "npm:^1.0.0"
  checksum: 10/5b2e80f7af1778b885e3d06aeb335dcc86965e39464671adb7167ab06ac3b0f5dd2e637a90d8ebd7426d69c6f135a4753ba3dd7d0fe2a7030cf718dcb910fd92
  languageName: node
  linkType: hard

"object.groupby@npm:^1.0.3":
  version: 1.0.3
  resolution: "object.groupby@npm:1.0.3"
  dependencies:
    call-bind: "npm:^1.0.7"
    define-properties: "npm:^1.2.1"
    es-abstract: "npm:^1.23.2"
  checksum: 10/44cb86dd2c660434be65f7585c54b62f0425b0c96b5c948d2756be253ef06737da7e68d7106e35506ce4a44d16aa85a413d11c5034eb7ce5579ec28752eb42d0
  languageName: node
  linkType: hard

"object.values@npm:^1.1.6, object.values@npm:^1.2.1":
  version: 1.2.1
  resolution: "object.values@npm:1.2.1"
  dependencies:
    call-bind: "npm:^1.0.8"
    call-bound: "npm:^1.0.3"
    define-properties: "npm:^1.2.1"
    es-object-atoms: "npm:^1.0.0"
  checksum: 10/f5ec9eccdefeaaa834b089c525663436812a65ff13de7964a1c3a9110f32054f2d58aa476a645bb14f75a79f3fe1154fb3e7bfdae7ac1e80affe171b2ef74bce
  languageName: node
  linkType: hard

"objectorarray@npm:^1.0.5":
  version: 1.0.5
  resolution: "objectorarray@npm:1.0.5"
  checksum: 10/8fd776aa495d113e217837f4adc1d53e63f656498237094d25f84c3e2c038b34b71d6fd85c4b60c7ae5f558790e5042426a400fae3eac35f297e11be12643a78
  languageName: node
  linkType: hard

"obuf@npm:^1.0.0, obuf@npm:^1.1.2, obuf@npm:~1.1.2":
  version: 1.1.2
  resolution: "obuf@npm:1.1.2"
  checksum: 10/53ff4ab3a13cc33ba6c856cf281f2965c0aec9720967af450e8fd06cfd50aceeefc791986a16bcefa14e7898b3ca9acdfcf15b9d9a1b9c7e1366581a8ad6e65e
  languageName: node
  linkType: hard

"ofetch@npm:^1.3.3, ofetch@npm:^1.3.4":
  version: 1.4.1
  resolution: "ofetch@npm:1.4.1"
  dependencies:
    destr: "npm:^2.0.3"
    node-fetch-native: "npm:^1.6.4"
    ufo: "npm:^1.5.4"
  checksum: 10/329ecd5595eff6da090c728e66f4223ad7ba5c2c309446f3707245c1b213da47dfd1eb1740f26b3da9e31ed7b7a903733bdaae85187b714514da865a0c5a4a9c
  languageName: node
  linkType: hard

"ohash@npm:^1.1.4":
  version: 1.1.4
  resolution: "ohash@npm:1.1.4"
  checksum: 10/b11445234e59c9c2b00f357f8f00b6ba00e14c84fc0a232cdc14eb1d80066479b09d27af0201631e84b7a15ba7c4a1939f4cc47f2030e9bf83c9e8afc3ff7dfd
  languageName: node
  linkType: hard

"omit.js@npm:^2.0.2":
  version: 2.0.2
  resolution: "omit.js@npm:2.0.2"
  checksum: 10/5d802b9fd7640250aada82f3b9b7243b554b38911f29b3de0d1066c00f24dd4ee72d3b9c94c582e373fb6511bd21e107917d419a7b2a04287f26c31133b48a15
  languageName: node
  linkType: hard

"on-exit-leak-free@npm:^2.1.0":
  version: 2.1.2
  resolution: "on-exit-leak-free@npm:2.1.2"
  checksum: 10/f7b4b7200026a08f6e4a17ba6d72e6c5cbb41789ed9cf7deaf9d9e322872c7dc5a7898549a894651ee0ee9ae635d34a678115bf8acdfba8ebd2ba2af688b563c
  languageName: node
  linkType: hard

"on-finished@npm:2.4.1, on-finished@npm:^2.3.0, on-finished@npm:^2.4.1":
  version: 2.4.1
  resolution: "on-finished@npm:2.4.1"
  dependencies:
    ee-first: "npm:1.1.1"
  checksum: 10/8e81472c5028125c8c39044ac4ab8ba51a7cdc19a9fbd4710f5d524a74c6d8c9ded4dd0eed83f28d3d33ac1d7a6a439ba948ccb765ac6ce87f30450a26bfe2ea
  languageName: node
  linkType: hard

"on-finished@npm:~2.3.0":
  version: 2.3.0
  resolution: "on-finished@npm:2.3.0"
  dependencies:
    ee-first: "npm:1.1.1"
  checksum: 10/1db595bd963b0124d6fa261d18320422407b8f01dc65863840f3ddaaf7bcad5b28ff6847286703ca53f4ec19595bd67a2f1253db79fc4094911ec6aa8df1671b
  languageName: node
  linkType: hard

"on-headers@npm:^1.0.0, on-headers@npm:~1.1.0":
  version: 1.1.0
  resolution: "on-headers@npm:1.1.0"
  checksum: 10/98aa64629f986fb8cc4517dd8bede73c980e31208cba97f4442c330959f60ced3dc6214b83420491f5111fc7c4f4343abe2ea62c85f505cf041d67850f238776
  languageName: node
  linkType: hard

"once@npm:^1.3.0, once@npm:^1.3.1, once@npm:^1.4.0":
  version: 1.4.0
  resolution: "once@npm:1.4.0"
  dependencies:
    wrappy: "npm:1"
  checksum: 10/cd0a88501333edd640d95f0d2700fbde6bff20b3d4d9bdc521bdd31af0656b5706570d6c6afe532045a20bb8dc0849f8332d6f2a416e0ba6d3d3b98806c7db68
  languageName: node
  linkType: hard

"once@npm:~1.3.0":
  version: 1.3.3
  resolution: "once@npm:1.3.3"
  dependencies:
    wrappy: "npm:1"
  checksum: 10/8e832de08b1d73b470e01690c211cb4fcefccab1fd1bd19e706d572d74d3e9b7e38a8bfcdabdd364f9f868757d9e8e5812a59817dc473eaf698ff3bfae2219f2
  languageName: node
  linkType: hard

"one-time@npm:^1.0.0":
  version: 1.0.0
  resolution: "one-time@npm:1.0.0"
  dependencies:
    fn.name: "npm:1.x.x"
  checksum: 10/64d0160480eeae4e3b2a6fc0a02f452e05bb0cc8373a4ed56a4fc08c3939dcb91bc20075003ed499655bd16919feb63ca56f86eee7932c5251f7d629b55dfc90
  languageName: node
  linkType: hard

"onetime@npm:^2.0.0":
  version: 2.0.1
  resolution: "onetime@npm:2.0.1"
  dependencies:
    mimic-fn: "npm:^1.0.0"
  checksum: 10/5b4f6079e6b4973244017e157833ab5a7a3de4bd2612d69411e3ee46f61fe8bb57b7c2e243b0b23dbaa5bad7641a15f9100a5c80295ff64c0d87aab5d1576ef9
  languageName: node
  linkType: hard

"onetime@npm:^5.1.0, onetime@npm:^5.1.2":
  version: 5.1.2
  resolution: "onetime@npm:5.1.2"
  dependencies:
    mimic-fn: "npm:^2.1.0"
  checksum: 10/e9fd0695a01cf226652f0385bf16b7a24153dbbb2039f764c8ba6d2306a8506b0e4ce570de6ad99c7a6eb49520743afdb66edd95ee979c1a342554ed49a9aadd
  languageName: node
  linkType: hard

"onetime@npm:^6.0.0":
  version: 6.0.0
  resolution: "onetime@npm:6.0.0"
  dependencies:
    mimic-fn: "npm:^4.0.0"
  checksum: 10/0846ce78e440841335d4e9182ef69d5762e9f38aa7499b19f42ea1c4cd40f0b4446094c455c713f9adac3f4ae86f613bb5e30c99e52652764d06a89f709b3788
  languageName: node
  linkType: hard

"onetime@npm:^7.0.0":
  version: 7.0.0
  resolution: "onetime@npm:7.0.0"
  dependencies:
    mimic-function: "npm:^5.0.0"
  checksum: 10/eb08d2da9339819e2f9d52cab9caf2557d80e9af8c7d1ae86e1a0fef027d00a88e9f5bd67494d350df360f7c559fbb44e800b32f310fb989c860214eacbb561c
  languageName: node
  linkType: hard

"only@npm:~0.0.2":
  version: 0.0.2
  resolution: "only@npm:0.0.2"
  checksum: 10/e2ad03e486534dc6bfb983393be83125a4669052b4a19a353eb00475b46971fb238a18223f2b609fe0d1bcb61ff8373964ccac64d05cbf970865299f655ed0ba
  languageName: node
  linkType: hard

"open@npm:^10.0.3":
  version: 10.1.0
  resolution: "open@npm:10.1.0"
  dependencies:
    default-browser: "npm:^5.2.1"
    define-lazy-prop: "npm:^3.0.0"
    is-inside-container: "npm:^1.0.0"
    is-wsl: "npm:^3.1.0"
  checksum: 10/a9c4105243a1b3c5312bf2aeb678f78d31f00618b5100088ee01eed2769963ea1f2dd464ac8d93cef51bba2d911e1a9c0c34a753ec7b91d6b22795903ea6647a
  languageName: node
  linkType: hard

"open@npm:^6.4.0":
  version: 6.4.0
  resolution: "open@npm:6.4.0"
  dependencies:
    is-wsl: "npm:^1.1.0"
  checksum: 10/9b1cfda7a649f432c8bfa281796d28b5a49f7afcb470d9054ca94c7d0b1e8273432f55134dd953eb593ffce244de1b701ee89e6fe9c25ea8215eb1ca1ae8a1a9
  languageName: node
  linkType: hard

"open@npm:^8.0.4, open@npm:^8.0.9, open@npm:^8.4.0":
  version: 8.4.2
  resolution: "open@npm:8.4.2"
  dependencies:
    define-lazy-prop: "npm:^2.0.0"
    is-docker: "npm:^2.1.1"
    is-wsl: "npm:^2.2.0"
  checksum: 10/acd81a1d19879c818acb3af2d2e8e9d81d17b5367561e623248133deb7dd3aefaed527531df2677d3e6aaf0199f84df57b6b2262babff8bf46ea0029aac536c9
  languageName: node
  linkType: hard

"openai@npm:^4.103.0":
  version: 4.103.0
  resolution: "openai@npm:4.103.0"
  dependencies:
    "@types/node": "npm:^18.11.18"
    "@types/node-fetch": "npm:^2.6.4"
    abort-controller: "npm:^3.0.0"
    agentkeepalive: "npm:^4.2.1"
    form-data-encoder: "npm:1.7.2"
    formdata-node: "npm:^4.3.2"
    node-fetch: "npm:^2.6.7"
  peerDependencies:
    ws: ^8.18.0
    zod: ^3.23.8
  peerDependenciesMeta:
    ws:
      optional: true
    zod:
      optional: true
  bin:
    openai: bin/cli
  checksum: 10/8827761eeb1d440f0f87ccef411f7ef73ef14986259cba228e3e63ec8ecdbce393c4aae6fc4d9aed6785b7248fa7bf97cf4d00877dbbe10f6f1e2c6f4d63f607
  languageName: node
  linkType: hard

"openapi-types@npm:^12.1.3":
  version: 12.1.3
  resolution: "openapi-types@npm:12.1.3"
  checksum: 10/9d1d7ed848622b63d0a4c3f881689161b99427133054e46b8e3241e137f1c78bb0031c5d80b420ee79ac2e91d2e727ffd6fc13c553d1b0488ddc8ad389dcbef8
  languageName: node
  linkType: hard

"opener@npm:^1.5.1, opener@npm:^1.5.2":
  version: 1.5.2
  resolution: "opener@npm:1.5.2"
  bin:
    opener: bin/opener-bin.js
  checksum: 10/0504efcd6546e14c016a261f58a68acf9f2e5c23d84865d7d5470d5169788327ceaa5386253682f533b3fba4821748aa37ecb395f3dae7acb3261b9b22e36814
  languageName: node
  linkType: hard

"openpgp@npm:@protontech/openpgp@~6.2.2":
  version: 6.2.2
  resolution: "@protontech/openpgp@npm:6.2.2"
  checksum: 10/7ebcd4316860d5b15a38473a8a4120771856e7416eb259edb523185c0258aa1a717729f62ea43e214bcbecd1df0420cd06c38e2272d660ffe5830f42c9c3660b
  languageName: node
  linkType: hard

"optionator@npm:^0.9.3":
  version: 0.9.4
  resolution: "optionator@npm:0.9.4"
  dependencies:
    deep-is: "npm:^0.1.3"
    fast-levenshtein: "npm:^2.0.6"
    levn: "npm:^0.4.1"
    prelude-ls: "npm:^1.2.1"
    type-check: "npm:^0.4.0"
    word-wrap: "npm:^1.2.5"
  checksum: 10/a8398559c60aef88d7f353a4f98dcdff6090a4e70f874c827302bf1213d9106a1c4d5fcb68dacb1feb3c30a04c4102f41047aa55d4c576b863d6fc876e001af6
  languageName: node
  linkType: hard

"ora@npm:1.3.0":
  version: 1.3.0
  resolution: "ora@npm:1.3.0"
  dependencies:
    chalk: "npm:^1.1.1"
    cli-cursor: "npm:^2.1.0"
    cli-spinners: "npm:^1.0.0"
    log-symbols: "npm:^1.0.2"
  checksum: 10/1824e206848081985bbd65c4bd553e73765541ff9d98b57e652e57c39bbb48ea44301195717a03c66ea008188e606ff0eedd1d5c794da8e65f3ce0c81cc514c2
  languageName: node
  linkType: hard

"ora@npm:8.1.1":
  version: 8.1.1
  resolution: "ora@npm:8.1.1"
  dependencies:
    chalk: "npm:^5.3.0"
    cli-cursor: "npm:^5.0.0"
    cli-spinners: "npm:^2.9.2"
    is-interactive: "npm:^2.0.0"
    is-unicode-supported: "npm:^2.0.0"
    log-symbols: "npm:^6.0.0"
    stdin-discarder: "npm:^0.2.2"
    string-width: "npm:^7.2.0"
    strip-ansi: "npm:^7.1.0"
  checksum: 10/2308c0a4da83099b0778a914890f5561329e3c948f73e865e0dced9053d62327219d8bde0f9b7c79a02913a7e41458ff5667d0115032fedc54907862e2de9695
  languageName: node
  linkType: hard

"ora@npm:^5.1.0":
  version: 5.4.1
  resolution: "ora@npm:5.4.1"
  dependencies:
    bl: "npm:^4.1.0"
    chalk: "npm:^4.1.0"
    cli-cursor: "npm:^3.1.0"
    cli-spinners: "npm:^2.5.0"
    is-interactive: "npm:^1.0.0"
    is-unicode-supported: "npm:^0.1.0"
    log-symbols: "npm:^4.1.0"
    strip-ansi: "npm:^6.0.0"
    wcwidth: "npm:^1.0.1"
  checksum: 10/8d071828f40090a8e1c6e8f350c6eb065808e9ab2b3e57fa37e0d5ae78cb46dac00117c8f12c3c8b8da2923454afbd8265e08c10b69881170c5b269f451e7fef
  languageName: node
  linkType: hard

"orderedmap@npm:^2.0.0":
  version: 2.1.1
  resolution: "orderedmap@npm:2.1.1"
  checksum: 10/082cf970b0b66d1c5a904b07880534092ce8a2f2eea7a52cf111f6c956210fa88226c13866aef4d22a3abe56924f21ead12f7ee8c1dfaf2f63d897a4e7c23328
  languageName: node
  linkType: hard

"os-homedir@npm:^1.0.0":
  version: 1.0.2
  resolution: "os-homedir@npm:1.0.2"
  checksum: 10/af609f5a7ab72de2f6ca9be6d6b91a599777afc122ac5cad47e126c1f67c176fe9b52516b9eeca1ff6ca0ab8587fe66208bc85e40a3940125f03cdb91408e9d2
  languageName: node
  linkType: hard

"os-name@npm:^5.0.0":
  version: 5.1.0
  resolution: "os-name@npm:5.1.0"
  dependencies:
    macos-release: "npm:^3.1.0"
    windows-release: "npm:^5.0.1"
  checksum: 10/fae0fc02601d2966ee3255e80a6b3ac5d04265228d7b08563b4a8f2057732250cdff80b7ec33de2fef565cd92104078e71f4959fc081c6d197e2ec03a760ca42
  languageName: node
  linkType: hard

"os-tmpdir@npm:^1.0.1, os-tmpdir@npm:~1.0.2":
  version: 1.0.2
  resolution: "os-tmpdir@npm:1.0.2"
  checksum: 10/5666560f7b9f10182548bf7013883265be33620b1c1b4a4d405c25be2636f970c5488ff3e6c48de75b55d02bde037249fe5dbfbb4c0fb7714953d56aed062e6d
  languageName: node
  linkType: hard

"otpauth@npm:^9.4.1":
  version: 9.4.1
  resolution: "otpauth@npm:9.4.1"
  dependencies:
    "@noble/hashes": "npm:1.8.0"
  checksum: 10/b46fdc31f13d3bdbbfd59517f5d5a9fdef0fac28fdcdc82e665eef4f86bb2bd1f5004916091b6c1057e2434747e28b0af15bcd3f6fd082ecf970b7c19ac8c4c4
  languageName: node
  linkType: hard

"outvariant@npm:^1.4.0, outvariant@npm:^1.4.3":
  version: 1.4.3
  resolution: "outvariant@npm:1.4.3"
  checksum: 10/3a7582745850cb344d49641867a4c080858c54f4091afd91b9c0765ba6e471c2bc841348f0fff344845ddd0a4db42fd5d68c6f7ebaf32d4b676a3a9987b2488a
  languageName: node
  linkType: hard

"overlap-area@npm:^1.1.0":
  version: 1.1.0
  resolution: "overlap-area@npm:1.1.0"
  dependencies:
    "@daybrush/utils": "npm:^1.7.1"
  checksum: 10/98cafefd51e6abece7c15c6ce58266ca72cff43e73db2e36408a0686f21337a99ec12a5ba3021f826f1981d6039b83fe42412906d3764f91b08f29d6b71f8d48
  languageName: node
  linkType: hard

"override-require@npm:^1.1.1":
  version: 1.1.1
  resolution: "override-require@npm:1.1.1"
  checksum: 10/02978916308a07265034eb5252454b044288bacd8354a8dff433b4aba3c726ac7352230f6430176a44e1180deae43c1ae324646a9c36e5a9b058ff6076eecfd2
  languageName: node
  linkType: hard

"own-keys@npm:^1.0.1":
  version: 1.0.1
  resolution: "own-keys@npm:1.0.1"
  dependencies:
    get-intrinsic: "npm:^1.2.6"
    object-keys: "npm:^1.1.1"
    safe-push-apply: "npm:^1.0.0"
  checksum: 10/ab4bb3b8636908554fc19bf899e225444195092864cb61503a0d048fdaf662b04be2605b636a4ffeaf6e8811f6fcfa8cbb210ec964c0eb1a41eb853e1d5d2f41
  languageName: node
  linkType: hard