"currently-unhandled@npm:^0.4.1":
  version: 0.4.1
  resolution: "currently-unhandled@npm:0.4.1"
  dependencies:
    array-find-index: "npm:^1.0.1"
  checksum: 10/53fb803e582737bdb5de6b150f0924dd9abf7be606648b4c2871db1c682bf288e248e8066ef10548979732a680cfb6c047294e3877846c2cf2f8d40437d8a741
  languageName: node
  linkType: hard

"custom-event@npm:~1.0.0":
  version: 1.0.1
  resolution: "custom-event@npm:1.0.1"
  checksum: 10/9871fe460f6133639087716cb5a0d1738add3ced72a4c7e105a77022c6f17be15cd9f21b328dc7d064887ebbf400cff6047fde74654c0bd1d6a1e21c2af21a9c
  languageName: node
  linkType: hard