"clamp@npm:^1.0.1":
  version: 1.0.1
  resolution: "clamp@npm:1.0.1"
  checksum: 10/3890dee9c43dc247c7a01b59e041e51e49251b7cea5e9396534b78534f6356d38f950fe2b4450ed8b6613170ce0476f7d9a46936abb755b5d7a5ad3419087aa1
  languageName: node
  linkType: hard

"class-variance-authority@npm:^0.7.1":
  version: 0.7.1
  resolution: "class-variance-authority@npm:0.7.1"
  dependencies:
    clsx: "npm:^2.1.1"
  checksum: 10/27a1face3f5ee88caa7813743461977aef5110830dc8e8960e7c9570598b37ffb8b2760b4e5d738dc827b0eb9058ddd204e9002e9af0ef39b6851f6ea9aa82c1
  languageName: node
  linkType: hard

"classnames@npm:2.x, classnames@npm:^2.2.1, classnames@npm:^2.2.3, classnames@npm:^2.2.5, classnames@npm:^2.2.6, classnames@npm:^2.3.1, classnames@npm:^2.3.2, classnames@npm:^2.5.1":
  version: 2.5.1
  resolution: "classnames@npm:2.5.1"
  checksum: 10/58eb394e8817021b153bb6e7d782cfb667e4ab390cb2e9dac2fc7c6b979d1cc2b2a733093955fc5c94aa79ef5c8c89f11ab77780894509be6afbb91dddd79d15
  languageName: node
  linkType: hard

"clean-css@npm:4.2.x":
  version: 4.2.4
  resolution: "clean-css@npm:4.2.4"
  dependencies:
    source-map: "npm:~0.6.0"
  checksum: 10/4f64dbebfa29feb79be25d6f91239239179adc805c6d7442e2c728970ca23a75b5f238118477b4b78553b89e50f14a64fe35145ecc86b6badf971883c4ad2ffe
  languageName: node
  linkType: hard

"clean-css@npm:^5.2.2":
  version: 5.3.3
  resolution: "clean-css@npm:5.3.3"
  dependencies:
    source-map: "npm:~0.6.0"
  checksum: 10/2db1ae37b384c8ff0a06a12bfa80f56cc02b4abcaaf340db98c0ae88a61dd67c856653fd8135ace6eb0ec13aeab3089c425d2e4238d2a2ad6b6917e6ccc74729
  languageName: node
  linkType: hard

"clean-deep@npm:3.4.0":
  version: 3.4.0
  resolution: "clean-deep@npm:3.4.0"
  dependencies:
    lodash.isempty: "npm:^4.4.0"
    lodash.isplainobject: "npm:^4.0.6"
    lodash.transform: "npm:^4.6.0"
  checksum: 10/69cd600a470b8fe769e399385ae0875f30f1e45d7cbd24d0070f57fa4c7c4acf4d8f1213a368726f228c72e9512471b1f406cdb9c1596251aaafad421a4fe3ef
  languageName: node
  linkType: hard

"clean-stack@npm:^2.0.0":
  version: 2.2.0
  resolution: "clean-stack@npm:2.2.0"
  checksum: 10/2ac8cd2b2f5ec986a3c743935ec85b07bc174d5421a5efc8017e1f146a1cf5f781ae962618f416352103b32c9cd7e203276e8c28241bbe946160cab16149fb68
  languageName: node
  linkType: hard

"clean-stack@npm:^4.0.0":
  version: 4.2.0
  resolution: "clean-stack@npm:4.2.0"
  dependencies:
    escape-string-regexp: "npm:5.0.0"
  checksum: 10/373f656a31face5c615c0839213b9b542a0a48057abfb1df66900eab4dc2a5c6097628e4a0b5aa559cdfc4e66f8a14ea47be9681773165a44470ef5fb8ccc172
  languageName: node
  linkType: hard

"cli-boxes@npm:^3.0.0":
  version: 3.0.0
  resolution: "cli-boxes@npm:3.0.0"
  checksum: 10/637d84419d293a9eac40a1c8c96a2859e7d98b24a1a317788e13c8f441be052fc899480c6acab3acc82eaf1bccda6b7542d7cdcf5c9c3cc39227175dc098d5b2
  languageName: node
  linkType: hard

"cli-color@npm:^2.0.2":
  version: 2.0.4
  resolution: "cli-color@npm:2.0.4"
  dependencies:
    d: "npm:^1.0.1"
    es5-ext: "npm:^0.10.64"
    es6-iterator: "npm:^2.0.3"
    memoizee: "npm:^0.4.15"
    timers-ext: "npm:^0.1.7"
  checksum: 10/6706fbb98f5db62c47deaba7116a1e37470c936dc861b84a180b5ce1a58fbf50ae6582b30a65e4b30ddb39e0469d3bac6851a9d925ded02b7e0c1c00858ef14b
  languageName: node
  linkType: hard

"cli-cursor@npm:^2.1.0":
  version: 2.1.0
  resolution: "cli-cursor@npm:2.1.0"
  dependencies:
    restore-cursor: "npm:^2.0.0"
  checksum: 10/d88e97bfdac01046a3ffe7d49f06757b3126559d7e44aa2122637eb179284dc6cd49fca2fac4f67c19faaf7e6dab716b6fe1dfcd309977407d8c7578ec2d044d
  languageName: node
  linkType: hard

"cli-cursor@npm:^3.1.0":
  version: 3.1.0
  resolution: "cli-cursor@npm:3.1.0"
  dependencies:
    restore-cursor: "npm:^3.1.0"
  checksum: 10/2692784c6cd2fd85cfdbd11f53aea73a463a6d64a77c3e098b2b4697a20443f430c220629e1ca3b195ea5ac4a97a74c2ee411f3807abf6df2b66211fec0c0a29
  languageName: node
  linkType: hard

"cli-cursor@npm:^4.0.0":
  version: 4.0.0
  resolution: "cli-cursor@npm:4.0.0"
  dependencies:
    restore-cursor: "npm:^4.0.0"
  checksum: 10/ab3f3ea2076e2176a1da29f9d64f72ec3efad51c0960898b56c8a17671365c26e67b735920530eaf7328d61f8bd41c27f46b9cf6e4e10fe2fa44b5e8c0e392cc
  languageName: node
  linkType: hard

"cli-cursor@npm:^5.0.0":
  version: 5.0.0
  resolution: "cli-cursor@npm:5.0.0"
  dependencies:
    restore-cursor: "npm:^5.0.0"
  checksum: 10/1eb9a3f878b31addfe8d82c6d915ec2330cec8447ab1f117f4aa34f0137fbb3137ec3466e1c9a65bcb7557f6e486d343f2da57f253a2f668d691372dfa15c090
  languageName: node
  linkType: hard

"cli-progress@npm:^3.11.2":
  version: 3.12.0
  resolution: "cli-progress@npm:3.12.0"
  dependencies:
    string-width: "npm:^4.2.3"
  checksum: 10/a6a549919a7461f5e798b18a4a19f83154bab145d3ec73d7f3463a8db8e311388c545ace1105557760a058cc4999b7f28c9d8d24d9783ee2912befb32544d4b8
  languageName: node
  linkType: hard

"cli-spinners@npm:^1.0.0":
  version: 1.3.1
  resolution: "cli-spinners@npm:1.3.1"
  checksum: 10/b2474827cd3df5232526bb9002e4680663019a263777d82c9381c719d58c772744b00cb22e5c0f9156da59cf27d5afa75538dcba27956c9529d8fb8cdeab8ff8
  languageName: node
  linkType: hard

"cli-spinners@npm:^2.5.0, cli-spinners@npm:^2.9.2":
  version: 2.9.2
  resolution: "cli-spinners@npm:2.9.2"
  checksum: 10/a0a863f442df35ed7294424f5491fa1756bd8d2e4ff0c8736531d886cec0ece4d85e8663b77a5afaf1d296e3cbbebff92e2e99f52bbea89b667cbe789b994794
  languageName: node
  linkType: hard

"cli-truncate@npm:^3.1.0":
  version: 3.1.0
  resolution: "cli-truncate@npm:3.1.0"
  dependencies:
    slice-ansi: "npm:^5.0.0"
    string-width: "npm:^5.0.0"
  checksum: 10/c3243e41974445691c63f8b405df1d5a24049dc33d324fe448dc572e561a7b772ae982692900b1a5960901cc4fc7def25a629b9c69a4208ee89d12ab3332617a
  languageName: node
  linkType: hard

"cli-truncate@npm:^4.0.0":
  version: 4.0.0
  resolution: "cli-truncate@npm:4.0.0"
  dependencies:
    slice-ansi: "npm:^5.0.0"
    string-width: "npm:^7.0.0"
  checksum: 10/d5149175fd25ca985731bdeec46a55ec237475cf74c1a5e103baea696aceb45e372ac4acbaabf1316f06bd62e348123060f8191ffadfeedebd2a70a2a7fb199d
  languageName: node
  linkType: hard

"cli-truncate@npm:^5.0.0":
  version: 5.1.0
  resolution: "cli-truncate@npm:5.1.0"
  dependencies:
    slice-ansi: "npm:^7.1.0"
    string-width: "npm:^8.0.0"
  checksum: 10/3a45844202d456548b371f6b99c5af50c43dc8cc7384378d754e5f36c302eb589c50dc6dbbd815c42411d37895d19ae88228062767e37439de55acd0de137f50
  languageName: node
  linkType: hard

"cli-width@npm:^2.0.0":
  version: 2.2.1
  resolution: "cli-width@npm:2.2.1"
  checksum: 10/e173dbe2bb70821dfc6a790183c949ed41cfc573bbabd700db64c6e21d19d8ce937dce84340b6bc225fb4ac99d9aaa54a46dcce5150e7cbd9b7ad7120301ee8d
  languageName: node
  linkType: hard

"cli-width@npm:^4.1.0":
  version: 4.1.0
  resolution: "cli-width@npm:4.1.0"
  checksum: 10/b58876fbf0310a8a35c79b72ecfcf579b354e18ad04e6b20588724ea2b522799a758507a37dfe132fafaf93a9922cafd9514d9e1598e6b2cd46694853aed099f
  languageName: node
  linkType: hard

"client-zip@npm:^2.5.0":
  version: 2.5.0
  resolution: "client-zip@npm:2.5.0"
  checksum: 10/995736b6655f6335c8ed90bd2f2bda3d8fbaf548eea4a50fa6201eb4d47d22c01ceec4fa965dfdbb4f69fb1c96a515e87fe9d9ae2873021e1620bd29f82eba95
  languageName: node
  linkType: hard

"clipboardy@npm:3.0.0":
  version: 3.0.0
  resolution: "clipboardy@npm:3.0.0"
  dependencies:
    arch: "npm:^2.2.0"
    execa: "npm:^5.1.1"
    is-wsl: "npm:^2.2.0"
  checksum: 10/c4c374082ae3f44be6078e378b546a002461d5231461be21b0ca1a6a764eec5936e2fded9542a8ac120bad91e58999666f2dd3022ae3fae09de0dd6334f943e3
  languageName: node
  linkType: hard

"clipboardy@npm:^4.0.0":
  version: 4.0.0
  resolution: "clipboardy@npm:4.0.0"
  dependencies:
    execa: "npm:^8.0.1"
    is-wsl: "npm:^3.1.0"
    is64bit: "npm:^2.0.0"
  checksum: 10/ec4ebe7e5c81d9c9cb994637e7b0e068c1c8fc272167ecd5519f967427271ec66e0e64da7268a2630b860eff42933aeabe25ba5e42bb80dbf1fae6362df059ed
  languageName: node
  linkType: hard

"cliui@npm:^2.1.0":
  version: 2.1.0
  resolution: "cliui@npm:2.1.0"
  dependencies:
    center-align: "npm:^0.1.1"
    right-align: "npm:^0.1.1"
    wordwrap: "npm:0.0.2"
  checksum: 10/2b8bb81ee8190541ccb6bbaeacc4f0625116d624ddd31b2f1c664941a0fabd26921f27de5017cf06d4d188dd367c47d66cf28b60ffc95b21084761eda72e8ca0
  languageName: node
  linkType: hard

"cliui@npm:^6.0.0":
  version: 6.0.0
  resolution: "cliui@npm:6.0.0"
  dependencies:
    string-width: "npm:^4.2.0"
    strip-ansi: "npm:^6.0.0"
    wrap-ansi: "npm:^6.2.0"
  checksum: 10/44afbcc29df0899e87595590792a871cd8c4bc7d6ce92832d9ae268d141a77022adafca1aeaeccff618b62a613b8354e57fe22a275c199ec04baf00d381ef6ab
  languageName: node
  linkType: hard

"cliui@npm:^7.0.2":
  version: 7.0.4
  resolution: "cliui@npm:7.0.4"
  dependencies:
    string-width: "npm:^4.2.0"
    strip-ansi: "npm:^6.0.0"
    wrap-ansi: "npm:^7.0.0"
  checksum: 10/db858c49af9d59a32d603987e6fddaca2ce716cd4602ba5a2bb3a5af1351eebe82aba8dff3ef3e1b331f7fa9d40ca66e67bdf8e7c327ce0ea959747ead65c0ef
  languageName: node
  linkType: hard

"cliui@npm:^8.0.1":
  version: 8.0.1
  resolution: "cliui@npm:8.0.1"
  dependencies:
    string-width: "npm:^4.2.0"
    strip-ansi: "npm:^6.0.1"
    wrap-ansi: "npm:^7.0.0"
  checksum: 10/eaa5561aeb3135c2cddf7a3b3f562fc4238ff3b3fc666869ef2adf264be0f372136702f16add9299087fb1907c2e4ec5dbfe83bd24bce815c70a80c6c1a2e950
  languageName: node
  linkType: hard

"clone-deep@npm:^4.0.1":
  version: 4.0.1
  resolution: "clone-deep@npm:4.0.1"
  dependencies:
    is-plain-object: "npm:^2.0.4"
    kind-of: "npm:^6.0.2"
    shallow-clone: "npm:^3.0.0"
  checksum: 10/770f912fe4e6f21873c8e8fbb1e99134db3b93da32df271d00589ea4a29dbe83a9808a322c93f3bcaf8584b8b4fa6fc269fc8032efbaa6728e0c9886c74467d2
  languageName: node
  linkType: hard

"clone-response@npm:^1.0.2":
  version: 1.0.3
  resolution: "clone-response@npm:1.0.3"
  dependencies:
    mimic-response: "npm:^1.0.0"
  checksum: 10/4e671cac39b11c60aa8ba0a450657194a5d6504df51bca3fac5b3bd0145c4f8e8464898f87c8406b83232e3bc5cca555f51c1f9c8ac023969ebfbf7f6bdabb2e
  languageName: node
  linkType: hard

"clone@npm:^1.0.2":
  version: 1.0.4
  resolution: "clone@npm:1.0.4"
  checksum: 10/d06418b7335897209e77bdd430d04f882189582e67bd1f75a04565f3f07f5b3f119a9d670c943b6697d0afb100f03b866b3b8a1f91d4d02d72c4ecf2bb64b5dd
  languageName: node
  linkType: hard

"clone@npm:^2.1.2":
  version: 2.1.2
  resolution: "clone@npm:2.1.2"
  checksum: 10/d9c79efba655f0bf601ab299c57eb54cbaa9860fb011aee9d89ed5ac0d12df1660ab7642fddaabb9a26b7eff0e117d4520512cb70798319ff5d30a111b5310c2
  languageName: node
  linkType: hard

"clsx@npm:2.1.1, clsx@npm:^2.1.1":
  version: 2.1.1
  resolution: "clsx@npm:2.1.1"
  checksum: 10/cdfb57fa6c7649bbff98d9028c2f0de2f91c86f551179541cf784b1cfdc1562dcb951955f46d54d930a3879931a980e32a46b598acaea274728dbe068deca919
  languageName: node
  linkType: hard

"clsx@npm:^1.0.4, clsx@npm:^1.1.1":
  version: 1.2.1
  resolution: "clsx@npm:1.2.1"
  checksum: 10/5ded6f61f15f1fa0350e691ccec43a28b12fb8e64c8e94715f2a937bc3722d4c3ed41d6e945c971fc4dcc2a7213a43323beaf2e1c28654af63ba70c9968a8643
  languageName: node
  linkType: hard