"buffer-crc32@npm:^0.2.1, buffer-crc32@npm:^0.2.13, buffer-crc32@npm:~0.2.3":
  version: 0.2.13
  resolution: "buffer-crc32@npm:0.2.13"
  checksum: 10/06252347ae6daca3453b94e4b2f1d3754a3b146a111d81c68924c22d91889a40623264e95e67955b1cb4a68cbedf317abeabb5140a9766ed248973096db5ce1c
  languageName: node
  linkType: hard

"buffer-crc32@npm:^1.0.0":
  version: 1.0.0
  resolution: "buffer-crc32@npm:1.0.0"
  checksum: 10/ef3b7c07622435085c04300c9a51e850ec34a27b2445f758eef69b859c7827848c2282f3840ca6c1eef3829145a1580ce540cab03ccf4433827a2b95d3b09ca7
  languageName: node
  linkType: hard

"buffer-equal-constant-time@npm:1.0.1":
  version: 1.0.1
  resolution: "buffer-equal-constant-time@npm:1.0.1"
  checksum: 10/80bb945f5d782a56f374b292770901065bad21420e34936ecbe949e57724b4a13874f735850dd1cc61f078773c4fb5493a41391e7bda40d1fa388d6bd80daaab
  languageName: node
  linkType: hard

"buffer-from@npm:^1.0.0":
  version: 1.1.2
  resolution: "buffer-from@npm:1.1.2"
  checksum: 10/0448524a562b37d4d7ed9efd91685a5b77a50672c556ea254ac9a6d30e3403a517d8981f10e565db24e8339413b43c97ca2951f10e399c6125a0d8911f5679bb
  languageName: node
  linkType: hard

"buffer-indexof-polyfill@npm:~1.0.0":
  version: 1.0.2
  resolution: "buffer-indexof-polyfill@npm:1.0.2"
  checksum: 10/808c58a3f06cc6ee2231060959eaa31c490248465f2847e8cfebd3e62563521e67346391caad03ce7616fd765374eb53e941bdd22edb2336431171f46fddcd89
  languageName: node
  linkType: hard

"buffer@npm:^5.2.1, buffer@npm:^5.5.0":
  version: 5.7.1
  resolution: "buffer@npm:5.7.1"
  dependencies:
    base64-js: "npm:^1.3.1"
    ieee754: "npm:^1.1.13"
  checksum: 10/997434d3c6e3b39e0be479a80288875f71cd1c07d75a3855e6f08ef848a3c966023f79534e22e415ff3a5112708ce06127277ab20e527146d55c84566405c7c6
  languageName: node
  linkType: hard

"buffer@npm:^6.0.3":
  version: 6.0.3
  resolution: "buffer@npm:6.0.3"
  dependencies:
    base64-js: "npm:^1.3.1"
    ieee754: "npm:^1.2.1"
  checksum: 10/b6bc68237ebf29bdacae48ce60e5e28fc53ae886301f2ad9496618efac49427ed79096750033e7eab1897a4f26ae374ace49106a5758f38fb70c78c9fda2c3b1
  languageName: node
  linkType: hard

"buffers@npm:~0.1.1":
  version: 0.1.1
  resolution: "buffers@npm:0.1.1"
  checksum: 10/9f0b64bbb8ac4783b1740219ab3532b03ef978fa38e70a0ba8c0695a2f6bc7e2af0ce42f0756b0c1a127070493055adbaf490fb68d95bebd7ccc310c6a483860
  languageName: node
  linkType: hard

"builtin-modules@npm:^3.3.0":
  version: 3.3.0
  resolution: "builtin-modules@npm:3.3.0"
  checksum: 10/62e063ab40c0c1efccbfa9ffa31873e4f9d57408cb396a2649981a0ecbce56aabc93c28feaccbc5658c95aab2703ad1d11980e62ec2e5e72637404e1eb60f39e
  languageName: node
  linkType: hard

"builtins@npm:^5.0.0":
  version: 5.1.0
  resolution: "builtins@npm:5.1.0"
  dependencies:
    semver: "npm:^7.0.0"
  checksum: 10/60aa9969f69656bf6eab82cd74b23ab805f112ae46a54b912bccc1533875760f2d2ce95e0a7d13144e35ada9f0386f17ed4961908bc9434b5a5e21375b1902b2
  languageName: node
  linkType: hard

"bundle-name@npm:^4.1.0":
  version: 4.1.0
  resolution: "bundle-name@npm:4.1.0"
  dependencies:
    run-applescript: "npm:^7.0.0"
  checksum: 10/1d966c8d2dbf4d9d394e53b724ac756c2414c45c01340b37743621f59cc565a435024b394ddcb62b9b335d1c9a31f4640eb648c3fec7f97ee74dc0694c9beb6c
  languageName: node
  linkType: hard

"bundlemon-utils@npm:^2.0.1":
  version: 2.0.1
  resolution: "bundlemon-utils@npm:2.0.1"
  dependencies:
    bytes: "npm:^3.1.0"
  checksum: 10/cff2aa802fef5595109d9b50d469280a80aec99fb926dce65eaf5e6d23f0631b126723b3748b558b4614acf084d5802969e365bb63ae90d7a7eba5a9b56ba2d2
  languageName: node
  linkType: hard

"bundlemon@npm:^3.1.0":
  version: 3.1.0
  resolution: "bundlemon@npm:3.1.0"
  dependencies:
    axios: "npm:^1.7.5"
    axios-retry: "npm:^4.5.0"
    brotli-size: "npm:^4.0.0"
    bundlemon-utils: "npm:^2.0.1"
    bytes: "npm:^3.1.2"
    chalk: "npm:^4.0.0"
    commander: "npm:^11.1.0"
    cosmiconfig: "npm:^8.3.6"
    gzip-size: "npm:^6.0.0"
    micromatch: "npm:^4.0.8"
    yup: "npm:^0.32.11"
  bin:
    bundlemon: bin/bundlemon.js
  checksum: 10/5543020fe15b08350ce87e6fdb44ed58ff8269878b308337b69166ae0a444cf47ce8f915e99b40a6d119682d33f9fe7e91f56d9a62c9bbac3c671f149f55a27a
  languageName: node
  linkType: hard