"mz@npm:^2.7.0":
  version: 2.7.0
  resolution: "mz@npm:2.7.0"
  dependencies:
    any-promise: "npm:^1.0.0"
    object-assign: "npm:^4.0.1"
    thenify-all: "npm:^1.0.0"
  checksum: 10/8427de0ece99a07e9faed3c0c6778820d7543e3776f9a84d22cf0ec0a8eb65f6e9aee9c9d353ff9a105ff62d33a9463c6ca638974cc652ee8140cd1e35951c87
  languageName: node
  linkType: hard