"socket.io-adapter@npm:~2.5.2":
  version: 2.5.5
  resolution: "socket.io-adapter@npm:2.5.5"
  dependencies:
    debug: "npm:~4.3.4"
    ws: "npm:~8.17.1"
  checksum: 10/e364733a4c34ff1d4a02219e409bd48074fd614b7f5b0568ccfa30dd553252a5b9a41056931306a276891d13ea76a19e2c6f2128a4675c37323f642896874d80
  languageName: node
  linkType: hard

"socket.io-parser@npm:~4.2.4":
  version: 4.2.4
  resolution: "socket.io-parser@npm:4.2.4"
  dependencies:
    "@socket.io/component-emitter": "npm:~3.1.0"
    debug: "npm:~4.3.1"
  checksum: 10/4be500a9ff7e79c50ec25af11048a3ed34b4c003a9500d656786a1e5bceae68421a8394cf3eb0aa9041f85f36c1a9a737617f4aee91a42ab4ce16ffb2aa0c89c
  languageName: node
  linkType: hard

"socket.io@npm:^4.7.2":
  version: 4.8.0
  resolution: "socket.io@npm:4.8.0"
  dependencies:
    accepts: "npm:~1.3.4"
    base64id: "npm:~2.0.0"
    cors: "npm:~2.8.5"
    debug: "npm:~4.3.2"
    engine.io: "npm:~6.6.0"
    socket.io-adapter: "npm:~2.5.2"
    socket.io-parser: "npm:~4.2.4"
  checksum: 10/94863e53f22bce683d40f58967d56c72fdf0bb0530512c45663451ad2dd75edfbcc67c5a356c47c04275d915aaaec3731e8f73230634b5330abc47a45a212c82
  languageName: node
  linkType: hard

"socketcluster-client@npm:^19.2.3":
  version: 19.2.3
  resolution: "socketcluster-client@npm:19.2.3"
  dependencies:
    ag-auth: "npm:^2.1.0"
    ag-channel: "npm:^5.0.0"
    ag-request: "npm:^1.1.0"
    async-stream-emitter: "npm:^7.0.1"
    buffer: "npm:^5.2.1"
    clone-deep: "npm:^4.0.1"
    linked-list: "npm:^2.1.0"
    sc-errors: "npm:^3.0.0"
    sc-formatter: "npm:^4.0.0"
    stream-demux: "npm:^10.0.1"
    uuid: "npm:^8.3.2"
    vinyl-buffer: "npm:^1.0.1"
    ws: "npm:^8.18.0"
  checksum: 10/0334b487967a7d0ba7bd06bbce67d20f17b4b051b33fe711001a1ec70440c97d9f17d85c6d828e8100d3ef83f5f8a2ca6aa1e95f9877d8e1ac99d34fd30f0053
  languageName: node
  linkType: hard

"socketcluster-server@npm:^19.2.2":
  version: 19.2.2
  resolution: "socketcluster-server@npm:19.2.2"
  dependencies:
    ag-auth: "npm:^2.1.0"
    ag-request: "npm:^1.1.0"
    ag-simple-broker: "npm:^6.0.1"
    async-stream-emitter: "npm:^7.0.1"
    base64id: "npm:^2.0.0"
    clone-deep: "npm:^4.0.1"
    sc-errors: "npm:^3.0.0"
    sc-formatter: "npm:^4.0.0"
    stream-demux: "npm:^10.0.1"
    writable-consumable-stream: "npm:^4.1.0"
    ws: "npm:^8.18.0"
  checksum: 10/ee4667ea82909ed4af21f8a1e0cf12b0196d646d602e3233267875fe11bc2df6ad2fe02612fc33d47575dcb0bc1dee90fdde01283ae1ebe27486edb318b376c4
  languageName: node
  linkType: hard

"sockjs@npm:^0.3.24":
  version: 0.3.24
  resolution: "sockjs@npm:0.3.24"
  dependencies:
    faye-websocket: "npm:^0.11.3"
    uuid: "npm:^8.3.2"
    websocket-driver: "npm:^0.7.4"
  checksum: 10/36312ec9772a0e536b69b72e9d1c76bd3d6ecf885c5d8fd6e59811485c916b8ce75f46ec57532f436975815ee14aa9a0e22ae3d9e5c0b18ea37b56d0aaaf439c
  languageName: node
  linkType: hard

"socks-proxy-agent@npm:^7.0.0":
  version: 7.0.0
  resolution: "socks-proxy-agent@npm:7.0.0"
  dependencies:
    agent-base: "npm:^6.0.2"
    debug: "npm:^4.3.3"
    socks: "npm:^2.6.2"
  checksum: 10/26c75d9c62a9ed3fd494df60e65e88da442f78e0d4bc19bfd85ac37bd2c67470d6d4bba5202e804561cda6674db52864c9e2a2266775f879bc8d89c1445a5f4c
  languageName: node
  linkType: hard

"socks-proxy-agent@npm:^8.0.3, socks-proxy-agent@npm:^8.0.5":
  version: 8.0.5
  resolution: "socks-proxy-agent@npm:8.0.5"
  dependencies:
    agent-base: "npm:^7.1.2"
    debug: "npm:^4.3.4"
    socks: "npm:^2.8.3"
  checksum: 10/ee99e1dacab0985b52cbe5a75640be6e604135e9489ebdc3048635d186012fbaecc20fbbe04b177dee434c319ba20f09b3e7dfefb7d932466c0d707744eac05c
  languageName: node
  linkType: hard

"socks@npm:^2.6.2, socks@npm:^2.8.3":
  version: 2.8.3
  resolution: "socks@npm:2.8.3"
  dependencies:
    ip-address: "npm:^9.0.5"
    smart-buffer: "npm:^4.2.0"
  checksum: 10/ffcb622c22481dfcd7589aae71fbfd71ca34334064d181df64bf8b7feaeee19706aba4cffd1de35cc7bbaeeaa0af96be2d7f40fcbc7bc0ab69533a7ae9ffc4fb
  languageName: node
  linkType: hard

"sonic-boom@npm:^4.0.1":
  version: 4.2.0
  resolution: "sonic-boom@npm:4.2.0"
  dependencies:
    atomic-sleep: "npm:^1.0.0"
  checksum: 10/385ef7fb5ea5976c1d2a1fef0b6df8df6b7caba8696d2d67f689d60c05e3ea2d536752ce7e1c69b9fad844635f1036d07c446f8e8149f5c6a80e0040a455b310
  languageName: node
  linkType: hard

"sort-keys-length@npm:^1.0.0":
  version: 1.0.1
  resolution: "sort-keys-length@npm:1.0.1"
  dependencies:
    sort-keys: "npm:^1.0.0"
  checksum: 10/f9acac5fb31580a9e3d43b419dc86a1b75e85b79036a084d95dd4d1062b621c9589906588ac31e370a0dd381be46d8dbe900efa306d087ca9c912d7a59b5a590
  languageName: node
  linkType: hard

"sort-keys@npm:^1.0.0":
  version: 1.1.2
  resolution: "sort-keys@npm:1.1.2"
  dependencies:
    is-plain-obj: "npm:^1.0.0"
  checksum: 10/0ac2ea2327d92252f07aa7b2f8c7023a1f6ce3306439a3e81638cce9905893c069521d168f530fb316d1a929bdb052b742969a378190afaef1bc64fa69e29576
  languageName: node
  linkType: hard

"sort-object-keys@npm:^2.0.0":
  version: 2.0.1
  resolution: "sort-object-keys@npm:2.0.1"
  checksum: 10/9ba59478af172f0081fd478057aa89e2eb5904f67b01f63002e0444d947f3a285d1a6c95c611097bfca625b675711842829f71b2101b2910db53e34bff7ce67a
  languageName: node
  linkType: hard

"sort-package-json@npm:^3.5.0":
  version: 3.5.0
  resolution: "sort-package-json@npm:3.5.0"
  dependencies:
    detect-indent: "npm:^7.0.1"
    detect-newline: "npm:^4.0.1"
    git-hooks-list: "npm:^4.0.0"
    is-plain-obj: "npm:^4.1.0"
    semver: "npm:^7.7.1"
    sort-object-keys: "npm:^2.0.0"
    tinyglobby: "npm:^0.2.12"
  bin:
    sort-package-json: cli.js
  checksum: 10/902ac1524c85a9c512170aad6e77e471e7237c91ba3d1e6653dcd0f05a6fd786efce276a79f82283828f2f7ee8ac28b8d17c97e3d5dfd688f629b4696a712d85
  languageName: node
  linkType: hard

"source-list-map@npm:^2.0.0":
  version: 2.0.1
  resolution: "source-list-map@npm:2.0.1"
  checksum: 10/3918ffba5fe8447bc816800026fe707aab233d9d05a3487225d880e23b7e37ed455b4e1b844e05644f6ecc7c9b837c0cc32da54dd37f77c993370ebcdb049246
  languageName: node
  linkType: hard

"source-map-js@npm:>=0.6.2 <2.0.0, source-map-js@npm:^1.0.1, source-map-js@npm:^1.2.0, source-map-js@npm:^1.2.1":
  version: 1.2.1
  resolution: "source-map-js@npm:1.2.1"
  checksum: 10/ff9d8c8bf096d534a5b7707e0382ef827b4dd360a577d3f34d2b9f48e12c9d230b5747974ee7c607f0df65113732711bb701fe9ece3c7edbd43cb2294d707df3
  languageName: node
  linkType: hard

"source-map-support@npm:0.5.13":
  version: 0.5.13
  resolution: "source-map-support@npm:0.5.13"
  dependencies:
    buffer-from: "npm:^1.0.0"
    source-map: "npm:^0.6.0"
  checksum: 10/d1514a922ac9c7e4786037eeff6c3322f461cd25da34bb9fefb15387b3490531774e6e31d95ab6d5b84a3e139af9c3a570ccaee6b47bd7ea262691ed3a8bc34e
  languageName: node
  linkType: hard

"source-map-support@npm:0.5.21, source-map-support@npm:^0.5.13, source-map-support@npm:^0.5.16, source-map-support@npm:~0.5.20":
  version: 0.5.21
  resolution: "source-map-support@npm:0.5.21"
  dependencies:
    buffer-from: "npm:^1.0.0"
    source-map: "npm:^0.6.0"
  checksum: 10/8317e12d84019b31e34b86d483dd41d6f832f389f7417faf8fc5c75a66a12d9686e47f589a0554a868b8482f037e23df9d040d29387eb16fa14cb85f091ba207
  languageName: node
  linkType: hard

"source-map-support@npm:^0.4.15":
  version: 0.4.18
  resolution: "source-map-support@npm:0.4.18"
  dependencies:
    source-map: "npm:^0.5.6"
  checksum: 10/673eced6927cd6ae91e52659a26cf0c9bca4cde182e46773198f1bf703cf56ffe21d03fe37a40cdb6ea15dd807e332c7fd9cf86a235491fc401e83ac359f1ce8
  languageName: node
  linkType: hard

"source-map@npm:0.6.1, source-map@npm:^0.6.0, source-map@npm:^0.6.1, source-map@npm:~0.6.0, source-map@npm:~0.6.1":
  version: 0.6.1
  resolution: "source-map@npm:0.6.1"
  checksum: 10/59ef7462f1c29d502b3057e822cdbdae0b0e565302c4dd1a95e11e793d8d9d62006cdc10e0fd99163ca33ff2071360cf50ee13f90440806e7ed57d81cba2f7ff
  languageName: node
  linkType: hard

"source-map@npm:^0.5.6, source-map@npm:^0.5.7, source-map@npm:~0.5.1":
  version: 0.5.7
  resolution: "source-map@npm:0.5.7"
  checksum: 10/9b4ac749ec5b5831cad1f8cc4c19c4298ebc7474b24a0acf293e2f040f03f8eeccb3d01f12aa0f90cf46d555c887e03912b83a042c627f419bda5152d89c5269
  languageName: node
  linkType: hard

"source-map@npm:^0.7.3, source-map@npm:^0.7.4":
  version: 0.7.4
  resolution: "source-map@npm:0.7.4"
  checksum: 10/a0f7c9b797eda93139842fd28648e868a9a03ea0ad0d9fa6602a0c1f17b7fb6a7dcca00c144476cccaeaae5042e99a285723b1a201e844ad67221bf5d428f1dc
  languageName: node
  linkType: hard