"include-media@npm:^2.0.0":
  version: 2.0.0
  resolution: "include-media@npm:2.0.0"
  checksum: 10/d8ce3046d3f612e9cf58242c0232e9b614bcd57e832e36b9947be9f7a79ec8e7ace37e2d6cac516370cf29bd8f2ac89b2a9987a3b2e1f20cc589463aa5655728
  languageName: node
  linkType: hard

"indent-string@npm:^4.0.0":
  version: 4.0.0
  resolution: "indent-string@npm:4.0.0"
  checksum: 10/cd3f5cbc9ca2d624c6a1f53f12e6b341659aba0e2d3254ae2b4464aaea8b4294cdb09616abbc59458f980531f2429784ed6a420d48d245bcad0811980c9efae9
  languageName: node
  linkType: hard

"indent-string@npm:^5.0.0":
  version: 5.0.0
  resolution: "indent-string@npm:5.0.0"
  checksum: 10/e466c27b6373440e6d84fbc19e750219ce25865cb82d578e41a6053d727e5520dc5725217d6eb1cc76005a1bb1696a0f106d84ce7ebda3033b963a38583fb3b3
  languageName: node
  linkType: hard

"index-to-position@npm:^0.1.2":
  version: 0.1.2
  resolution: "index-to-position@npm:0.1.2"
  checksum: 10/ae8e2304ed7c959bc6d1121712e9f625634ed884e32ef93fc0795c6aab1131b10198929a50c7d16d470dab37be7438eccb0afe021d79f69116273d500898daee
  languageName: node
  linkType: hard

"infer-owner@npm:^1.0.4":
  version: 1.0.4
  resolution: "infer-owner@npm:1.0.4"
  checksum: 10/181e732764e4a0611576466b4b87dac338972b839920b2a8cde43642e4ed6bd54dc1fb0b40874728f2a2df9a1b097b8ff83b56d5f8f8e3927f837fdcb47d8a89
  languageName: node
  linkType: hard

"inflation@npm:^2.0.0":
  version: 2.1.0
  resolution: "inflation@npm:2.1.0"
  checksum: 10/80c1b5d9ec408105a85f0623c824d668ddf0cadafd8d9716c0737990e5a712ae5f7d6bb0ff216b6648eccb9c6ac69fe06c0d8c58456d168db5bf550c89dd74ed
  languageName: node
  linkType: hard

"inflight@npm:^1.0.4":
  version: 1.0.6
  resolution: "inflight@npm:1.0.6"
  dependencies:
    once: "npm:^1.3.0"
    wrappy: "npm:1"
  checksum: 10/d2ebd65441a38c8336c223d1b80b921b9fa737e37ea466fd7e253cb000c64ae1f17fa59e68130ef5bda92cfd8d36b83d37dab0eb0a4558bcfec8e8cdfd2dcb67
  languageName: node
  linkType: hard

"inherits@npm:2, inherits@npm:2.0.4, inherits@npm:^2.0.1, inherits@npm:^2.0.3, inherits@npm:^2.0.4, inherits@npm:~2.0.0, inherits@npm:~2.0.1, inherits@npm:~2.0.3":
  version: 2.0.4
  resolution: "inherits@npm:2.0.4"
  checksum: 10/cd45e923bee15186c07fa4c89db0aace24824c482fb887b528304694b2aa6ff8a898da8657046a5dcf3e46cd6db6c61629551f9215f208d7c3f157cf9b290521
  languageName: node
  linkType: hard

"inherits@npm:2.0.3":
  version: 2.0.3
  resolution: "inherits@npm:2.0.3"
  checksum: 10/8771303d66c51be433b564427c16011a8e3fbc3449f1f11ea50efb30a4369495f1d0e89f0fc12bdec0bd7e49102ced5d137e031d39ea09821cb3c717fcf21e69
  languageName: node
  linkType: hard

"ini@npm:4.1.1":
  version: 4.1.1
  resolution: "ini@npm:4.1.1"
  checksum: 10/64c7102301742a7527bb17257d18451410eacf63b4b5648a20e108816c355c21c4e8a1761bbcbf3fe8c4ded3297f1b832b885d5e3e485d781e293ebfaf56fea6
  languageName: node
  linkType: hard

"ini@npm:^1.3.2, ini@npm:^1.3.4, ini@npm:^1.3.5, ini@npm:~1.3.0":
  version: 1.3.8
  resolution: "ini@npm:1.3.8"
  checksum: 10/314ae176e8d4deb3def56106da8002b462221c174ddb7ce0c49ee72c8cd1f9044f7b10cc555a7d8850982c3b9ca96fc212122749f5234bc2b6fb05fb942ed566
  languageName: node
  linkType: hard

"ini@npm:^4.1.3":
  version: 4.1.3
  resolution: "ini@npm:4.1.3"
  checksum: 10/f536b414d1442e5b233429e2b56efcdb354109b2d65ddd489e5939d8f0f5ad23c88aa2b19c92987249d0dd63ba8192e9aeb1a02b0459549c5a9ff31acd729a5d
  languageName: node
  linkType: hard

"ini@npm:^5.0.0":
  version: 5.0.0
  resolution: "ini@npm:5.0.0"
  checksum: 10/76e5567b46504b2b12650878ba6277204500a6ead3fe69eef419ee570456b364b39c040ee545846053f6d8a15797a82fc6d9efe06e392b9b6093935f4a2f2c30
  languageName: node
  linkType: hard

"inline-style-parser@npm:0.2.4":
  version: 0.2.4
  resolution: "inline-style-parser@npm:0.2.4"
  checksum: 10/80814479d1f3c9cbd102f9de4cd6558cf43cc2e48640e81c4371c3634f1e8b6dfeb2f21063cfa31d46cc83e834c20cd59ed9eeed9bfd45ef5bc02187ad941faf
  languageName: node
  linkType: hard

"inquirer-autocomplete-prompt@npm:1.4.0":
  version: 1.4.0
  resolution: "inquirer-autocomplete-prompt@npm:1.4.0"
  dependencies:
    ansi-escapes: "npm:^4.3.1"
    chalk: "npm:^4.0.0"
    figures: "npm:^3.2.0"
    run-async: "npm:^2.4.0"
    rxjs: "npm:^6.6.2"
  peerDependencies:
    inquirer: ^5.0.0 || ^6.0.0 || ^7.0.0 || ^8.0.0
  checksum: 10/fc7fbbdbe475edb6a978f2f8ae3247baf39891867ebb831372dfc2794d6378046a480c467576d0eac432b2db2c5ea57422a1ef210e6a44b960eb393df64c79b6
  languageName: node
  linkType: hard

"inquirer@npm:6.5.2, inquirer@npm:^6.0.0":
  version: 6.5.2
  resolution: "inquirer@npm:6.5.2"
  dependencies:
    ansi-escapes: "npm:^3.2.0"
    chalk: "npm:^2.4.2"
    cli-cursor: "npm:^2.1.0"
    cli-width: "npm:^2.0.0"
    external-editor: "npm:^3.0.3"
    figures: "npm:^2.0.0"
    lodash: "npm:^4.17.12"
    mute-stream: "npm:0.0.7"
    run-async: "npm:^2.2.0"
    rxjs: "npm:^6.4.0"
    string-width: "npm:^2.1.0"
    strip-ansi: "npm:^5.1.0"
    through: "npm:^2.3.6"
  checksum: 10/4041bbc2759bd579882f609c703aa3ce2faac47f0403008aec590d859d804cca085fe00d034bdce4282a290135a2f2d657653e6593652bd068e9b5571674825b
  languageName: node
  linkType: hard

"inspect-with-kind@npm:^1.0.5":
  version: 1.0.5
  resolution: "inspect-with-kind@npm:1.0.5"
  dependencies:
    kind-of: "npm:^6.0.2"
  checksum: 10/2124548720116dc86f0ce1601e7a7e87ba146b934c4bd324d7ed2e93860c8a2e992c42617e71a33da88d49458e96f330cfcafdd4d0c2bf95484ff16e61abf31c
  languageName: node
  linkType: hard

"inter-ui@npm:^4.1.1":
  version: 4.1.1
  resolution: "inter-ui@npm:4.1.1"
  checksum: 10/4c5438a85ea037c6c9e89a80ea7f5d7f31293c91110934a4faffd28da53577cc92480845a7959eb3501f243b58774f5f32b2a7aee597b49b5fc5455880186061
  languageName: node
  linkType: hard

"internal-slot@npm:^1.1.0":
  version: 1.1.0
  resolution: "internal-slot@npm:1.1.0"
  dependencies:
    es-errors: "npm:^1.3.0"
    hasown: "npm:^2.0.2"
    side-channel: "npm:^1.1.0"
  checksum: 10/1d5219273a3dab61b165eddf358815eefc463207db33c20fcfca54717da02e3f492003757721f972fd0bf21e4b426cab389c5427b99ceea4b8b670dc88ee6d4a
  languageName: node
  linkType: hard

"interpret@npm:^3.1.1":
  version: 3.1.1
  resolution: "interpret@npm:3.1.1"
  checksum: 10/bc9e11126949c4e6ff49b0b819e923a9adc8e8bf3f9d4f2d782de6d5f592774f6fee4457c10bd08c6a2146b4baee460ccb242c99e5397defa9c846af0d00505a
  languageName: node
  linkType: hard

"intersection-observer@npm:^0.12.0":
  version: 0.12.2
  resolution: "intersection-observer@npm:0.12.2"
  checksum: 10/cb1a6369bd1636b3f227d7cb7fec22f5a35b9d8ba9e26303b405d50c54c3ef02c5a547107b1d951e7eb421e192a564222faf4660a21fad69c34dcb9f926c159c
  languageName: node
  linkType: hard

"invariant@npm:^2.2.2":
  version: 2.2.4
  resolution: "invariant@npm:2.2.4"
  dependencies:
    loose-envify: "npm:^1.0.0"
  checksum: 10/cc3182d793aad82a8d1f0af697b462939cb46066ec48bbf1707c150ad5fad6406137e91a262022c269702e01621f35ef60269f6c0d7fd178487959809acdfb14
  languageName: node
  linkType: hard