"mlly@npm:^1.7.1, mlly@npm:^1.7.4":
  version: 1.7.4
  resolution: "mlly@npm:1.7.4"
  dependencies:
    acorn: "npm:^8.14.0"
    pathe: "npm:^2.0.1"
    pkg-types: "npm:^1.3.0"
    ufo: "npm:^1.5.4"
  checksum: 10/1b36163d38c2331f8ae480e6a11da3d15927a2148d729fcd9df6d0059ca74869aa693931bd1f762f82eb534b84c921bdfbc036eb0e4da4faeb55f1349d254f35
  languageName: node
  linkType: hard