"pump@npm:3.0.2, pump@npm:^3.0.0":
  version: 3.0.2
  resolution: "pump@npm:3.0.2"
  dependencies:
    end-of-stream: "npm:^1.1.0"
    once: "npm:^1.3.1"
  checksum: 10/e0c4216874b96bd25ddf31a0b61a5613e26cc7afa32379217cf39d3915b0509def3565f5f6968fafdad2894c8bbdbd67d340e84f3634b2a29b950cffb6442d9f
  languageName: node
  linkType: hard

"pump@npm:^1.0.0":
  version: 1.0.3
  resolution: "pump@npm:1.0.3"
  dependencies:
    end-of-stream: "npm:^1.1.0"
    once: "npm:^1.3.1"
  checksum: 10/61fe58694f9900020a5cf5bc765d74396891c201afecf06659df2f5874fd832be4e19e2f95cc72d8b9eb98ace0a4db3cebf7343f9fc893a930577be29e3ad8b5
  languageName: node
  linkType: hard

"punycode.js@npm:^2.3.1":
  version: 2.3.1
  resolution: "punycode.js@npm:2.3.1"
  checksum: 10/f0e946d1edf063f9e3d30a32ca86d8ff90ed13ca40dad9c75d37510a04473340cfc98db23a905cc1e517b1e9deb0f6021dce6f422ace235c60d3c9ac47c5a16a
  languageName: node
  linkType: hard

"punycode@npm:^1.4.1":
  version: 1.4.1
  resolution: "punycode@npm:1.4.1"
  checksum: 10/af2700dde1a116791ff8301348ff344c47d6c224e875057237d1b5112035655fb07a6175cfdb8bf0e3a8cdfd2dc82b3a622e0aefd605566c0e949a6d0d1256a4
  languageName: node
  linkType: hard

"punycode@npm:^2.1.0, punycode@npm:^2.1.1, punycode@npm:^2.3.1":
  version: 2.3.1
  resolution: "punycode@npm:2.3.1"
  checksum: 10/febdc4362bead22f9e2608ff0171713230b57aff9dddc1c273aa2a651fbd366f94b7d6a71d78342a7c0819906750351ca7f2edd26ea41b626d87d6a13d1bd059
  languageName: node
  linkType: hard

"pupa@npm:^3.1.0":
  version: 3.1.0
  resolution: "pupa@npm:3.1.0"
  dependencies:
    escape-goat: "npm:^4.0.0"
  checksum: 10/32784254b76e455e92169ab88339cf3df8b5d63e52b7e6d0568f065e53946659d4c30e4b75de435c37033b7902bd1c785f142be4afb8aa984a86cf2d7e9a8421
  languageName: node
  linkType: hard

"pure-color@npm:^1.2.0":
  version: 1.3.0
  resolution: "pure-color@npm:1.3.0"
  checksum: 10/4dbf2d3f7ac46694ebfd9c3139c7e499d61669aaa02a6351abf7b36edbde7bfc35539a24abe46f8023c62c860822936af491bfe6865e3cd14b8587b480100934
  languageName: node
  linkType: hard

"pure-rand@npm:^7.0.0":
  version: 7.0.1
  resolution: "pure-rand@npm:7.0.1"
  checksum: 10/c61a576fda5032ec9763ecb000da4a8f19263b9e2f9ae9aa2759c8fbd9dc6b192b2ce78391ebd41abb394a5fedb7bcc4b03c9e6141ac8ab20882dd5717698b80
  languageName: node
  linkType: hard

"purgecss@npm:^7.0.2":
  version: 7.0.2
  resolution: "purgecss@npm:7.0.2"
  dependencies:
    commander: "npm:^12.1.0"
    glob: "npm:^11.0.0"
    postcss: "npm:^8.4.47"
    postcss-selector-parser: "npm:^6.1.2"
  bin:
    purgecss: bin/purgecss.js
  checksum: 10/ff0aae93bfd28b75b406d22e0add46383d002aba9f6296a15c887a7c51404dd344490994ffe7845cbb0b485fcd1b208147a50c28380a3751e9dec0edc3786122
  languageName: node
  linkType: hard