"bs-logger@npm:^0.2.6":
  version: 0.2.6
  resolution: "bs-logger@npm:0.2.6"
  dependencies:
    fast-json-stable-stringify: "npm:2.x"
  checksum: 10/e6d3ff82698bb3f20ce64fb85355c5716a3cf267f3977abe93bf9c32a2e46186b253f48a028ae5b96ab42bacd2c826766d9ae8cf6892f9b944656be9113cf212
  languageName: node
  linkType: hard

"bser@npm:2.1.1":
  version: 2.1.1
  resolution: "bser@npm:2.1.1"
  dependencies:
    node-int64: "npm:^0.4.0"
  checksum: 10/edba1b65bae682450be4117b695997972bd9a3c4dfee029cab5bcb72ae5393a79a8f909b8bc77957eb0deec1c7168670f18f4d5c556f46cdd3bca5f3b3a8d020
  languageName: node
  linkType: hard