"@babel/plugin-transform-json-strings@npm:^7.27.1":
  version: 7.27.1
  resolution: "@babel/plugin-transform-json-strings@npm:7.27.1"
  dependencies:
    "@babel/helper-plugin-utils": "npm:^7.27.1"
  peerDependencies:
    "@babel/core": ^7.0.0-0
  checksum: 10/2c05a02f63b49f47069271b3405a66c3c8038de5b995b0700b1bd9a5e2bb3e67abd01e4604629302a521f4d8122a4233944aefa16559fd4373d256cc5d3da57f
  languageName: node
  linkType: hard