"@babel/plugin-bugfix-safari-class-field-initializer-scope@npm:^7.27.1":
  version: 7.27.1
  resolution: "@babel/plugin-bugfix-safari-class-field-initializer-scope@npm:7.27.1"
  dependencies:
    "@babel/helper-plugin-utils": "npm:^7.27.1"
  peerDependencies:
    "@babel/core": ^7.0.0
  checksum: 10/eb7f4146dc01f1198ce559a90b077e58b951a07521ec414e3c7d4593bf6c4ab5c2af22242a7e9fec085e20299e0ba6ea97f44a45e84ab148141bf9eb959ad25e
  languageName: node
  linkType: hard