"@maplibre/maplibre-gl-style-spec@npm:^20.3.1":
  version: 20.4.0
  resolution: "@maplibre/maplibre-gl-style-spec@npm:20.4.0"
  dependencies:
    "@mapbox/jsonlint-lines-primitives": "npm:~2.0.2"
    "@mapbox/unitbezier": "npm:^0.0.1"
    json-stringify-pretty-compact: "npm:^4.0.0"
    minimist: "npm:^1.2.8"
    quickselect: "npm:^2.0.0"
    rw: "npm:^1.3.3"
    tinyqueue: "npm:^3.0.0"
  bin:
    gl-style-format: dist/gl-style-format.mjs
    gl-style-migrate: dist/gl-style-migrate.mjs
    gl-style-validate: dist/gl-style-validate.mjs
  checksum: 10/499d5af31433d9a92dc3dd69269b55c05bdff069355e41617bb7f1cc0f1f3133b3178eb8c29046a032fddd5e9107a322d2eaa0e393ba9711a12491c595fb769b
  languageName: node
  linkType: hard