"@types/linkify-it@npm:^3":
  version: 3.0.5
  resolution: "@types/linkify-it@npm:3.0.5"
  checksum: 10/fac28f41a6e576282300a459d70ea0d33aab70dbb77c3d09582bb0335bb00d862b6de69585792a4d590aae4173fbab0bf28861e2d90ca7b2b1439b52688e9ff6
  languageName: node
  linkType: hard

"@types/linkify-it@npm:^5":
  version: 5.0.0
  resolution: "@types/linkify-it@npm:5.0.0"
  checksum: 10/c3919044d4876f9d71d037e861745cd2485c95ac8c36a4fa67b132d4e60eb1d067e123cc7965c9cf5110eea351517d767f0d306af5e9147d6d0af87bc374ddcf
  languageName: node
  linkType: hard