"@babel/plugin-transform-runtime@npm:^7.28.5":
  version: 7.28.5
  resolution: "@babel/plugin-transform-runtime@npm:7.28.5"
  dependencies:
    "@babel/helper-module-imports": "npm:^7.27.1"
    "@babel/helper-plugin-utils": "npm:^7.27.1"
    babel-plugin-polyfill-corejs2: "npm:^0.4.14"
    babel-plugin-polyfill-corejs3: "npm:^0.13.0"
    babel-plugin-polyfill-regenerator: "npm:^0.6.5"
    semver: "npm:^6.3.1"
  peerDependencies:
    "@babel/core": ^7.0.0-0
  checksum: 10/0d16c90d40dd34f1a981e742ad656ceef619b92d3662ec9ac8d7c8ba79f22bb425c3f9e097333659a4938f03868a53077b1a3aadb7f37504157a0c7af64ec2be
  languageName: node
  linkType: hard