"@asamuzakjp/css-color@npm:^3.1.1":
  version: 3.1.1
  resolution: "@asamuzakjp/css-color@npm:3.1.1"
  dependencies:
    "@csstools/css-calc": "npm:^2.1.2"
    "@csstools/css-color-parser": "npm:^3.0.8"
    "@csstools/css-parser-algorithms": "npm:^3.0.4"
    "@csstools/css-tokenizer": "npm:^3.0.3"
    lru-cache: "npm:^10.4.3"
  checksum: 10/42dd131c3f6297259b353b6a226e782800babe64003e41f3598e3fe98543eecea2a5d9c1869ed1c853b639ed9e259c685c6b7c96d1e0b5c0d154f874a8a8c3d9
  languageName: node
  linkType: hard

"@asamuzakjp/css-color@npm:^4.0.3":
  version: 4.0.4
  resolution: "@asamuzakjp/css-color@npm:4.0.4"
  dependencies:
    "@csstools/css-calc": "npm:^2.1.4"
    "@csstools/css-color-parser": "npm:^3.0.10"
    "@csstools/css-parser-algorithms": "npm:^3.0.5"
    "@csstools/css-tokenizer": "npm:^3.0.4"
    lru-cache: "npm:^11.1.0"
  checksum: 10/2c991929d135067843bd768ba6fb9de231b98fdbcc0ac86aeb881fb09c4a12f3e0ae4a55170ebe7ff67ea5b7d9c83c6672f5d57d8c75805cc054ca7e7dcc13eb
  languageName: node
  linkType: hard

"@asamuzakjp/dom-selector@npm:^6.7.4":
  version: 6.7.4
  resolution: "@asamuzakjp/dom-selector@npm:6.7.4"
  dependencies:
    "@asamuzakjp/nwsapi": "npm:^2.3.9"
    bidi-js: "npm:^1.0.3"
    css-tree: "npm:^3.1.0"
    is-potential-custom-element-name: "npm:^1.0.1"
    lru-cache: "npm:^11.2.2"
  checksum: 10/dc550a4e32b956bfc820795e73bb3cae963496101a6dc1ebbd0cad409e734dadbcfbac22a44034c28ec401ee1454a379c64cc02d11eb2186e74c638482d8b2e1
  languageName: node
  linkType: hard

"@asamuzakjp/nwsapi@npm:^2.3.9":
  version: 2.3.9
  resolution: "@asamuzakjp/nwsapi@npm:2.3.9"
  checksum: 10/95a6d1c102e1117fe818da087fcc5b914d23e0699855991bae50b891435dd1945ad7d384198f8bcf616207fd85b7ec32e3db6b96e9309d84c6903b8dc4151e34
  languageName: node
  linkType: hard