"@babel/plugin-transform-modules-commonjs@npm:^7.24.7, @babel/plugin-transform-modules-commonjs@npm:^7.27.1":
  version: 7.27.1
  resolution: "@babel/plugin-transform-modules-commonjs@npm:7.27.1"
  dependencies:
    "@babel/helper-module-transforms": "npm:^7.27.1"
    "@babel/helper-plugin-utils": "npm:^7.27.1"
  peerDependencies:
    "@babel/core": ^7.0.0-0
  checksum: 10/9059243a977bc1f13e3dccfc6feb6508890e7c7bb191f7eb56626b20672b4b12338051ca835ab55426875a473181502c8f35b4df58ba251bef63b25866d995fe
  languageName: node
  linkType: hard