"@babel/helper-module-transforms@npm:^7.27.1, @babel/helper-module-transforms@npm:^7.28.3":
  version: 7.28.3
  resolution: "@babel/helper-module-transforms@npm:7.28.3"
  dependencies:
    "@babel/helper-module-imports": "npm:^7.27.1"
    "@babel/helper-validator-identifier": "npm:^7.27.1"
    "@babel/traverse": "npm:^7.28.3"
  peerDependencies:
    "@babel/core": ^7.0.0
  checksum: 10/598fdd8aa5b91f08542d0ba62a737847d0e752c8b95ae2566bc9d11d371856d6867d93e50db870fb836a6c44cfe481c189d8a2b35ca025a224f070624be9fa87
  languageName: node
  linkType: hard