"@babel/plugin-transform-unicode-escapes@npm:^7.27.1":
  version: 7.27.1
  resolution: "@babel/plugin-transform-unicode-escapes@npm:7.27.1"
  dependencies:
    "@babel/helper-plugin-utils": "npm:^7.27.1"
  peerDependencies:
    "@babel/core": ^7.0.0-0
  checksum: 10/87b9e49dee4ab6e78f4cdcdbdd837d7784f02868a96bfc206c8dbb17dd85db161b5a0ecbe95b19a42e8aea0ce57e80249e1facbf9221d7f4114d52c3b9136c9e
  languageName: node
  linkType: hard