"@types/json-schema@npm:*, @types/json-schema@npm:^7.0.11, @types/json-schema@npm:^7.0.15, @types/json-schema@npm:^7.0.6, @types/json-schema@npm:^7.0.8, @types/json-schema@npm:^7.0.9":
  version: 7.0.15
  resolution: "@types/json-schema@npm:7.0.15"
  checksum: 10/1a3c3e06236e4c4aab89499c428d585527ce50c24fe8259e8b3926d3df4cfbbbcf306cfc73ddfb66cbafc973116efd15967020b0f738f63e09e64c7d260519e7
  languageName: node
  linkType: hard