"@types/express@npm:*, @types/express@npm:^4.17.13, @types/express@npm:^4.17.21":
  version: 4.17.21
  resolution: "@types/express@npm:4.17.21"
  dependencies:
    "@types/body-parser": "npm:*"
    "@types/express-serve-static-core": "npm:^4.17.33"
    "@types/qs": "npm:*"
    "@types/serve-static": "npm:*"
  checksum: 10/7a6d26cf6f43d3151caf4fec66ea11c9d23166e4f3102edfe45a94170654a54ea08cf3103d26b3928d7ebcc24162c90488e33986b7e3a5f8941225edd5eb18c7
  languageName: node
  linkType: hard