"@emotion/hash@npm:^0.8.0":
  version: 0.8.0
  resolution: "@emotion/hash@npm:0.8.0"
  checksum: 10/4b35d88a97e67275c1d990c96d3b0450451d089d1508619488fc0acb882cb1ac91e93246d471346ebd1b5402215941ef4162efe5b51534859b39d8b3a0e3ffaa
  languageName: node
  linkType: hard

"@emotion/unitless@npm:^0.7.5":
  version: 0.7.5
  resolution: "@emotion/unitless@npm:0.7.5"
  checksum: 10/f976e5345b53fae9414a7b2e7a949aa6b52f8bdbcc84458b1ddc0729e77ba1d1dfdff9960e0da60183877873d3a631fa24d9695dd714ed94bcd3ba5196586a6b
  languageName: node
  linkType: hard