"@prettier/plugin-xml@npm:^3.4.2":
  version: 3.4.2
  resolution: "@prettier/plugin-xml@npm:3.4.2"
  dependencies:
    "@xml-tools/parser": "npm:^1.0.11"
  peerDependencies:
    prettier: ^3.0.0
  checksum: 10/038dcbc865b6d4154a213e52122035a5ed1f7df99a887394e92141efb656babbb5a96322e0e4e56d21175968ccf93b74d18ae4377badd4594d8cd76e9a496eac
  languageName: node
  linkType: hard