"@ampproject/remapping@npm:^2.3.0":
  version: 2.3.0
  resolution: "@ampproject/remapping@npm:2.3.0"
  dependencies:
    "@jridgewell/gen-mapping": "npm:^0.3.5"
    "@jridgewell/trace-mapping": "npm:^0.3.24"
  checksum: 10/f3451525379c68a73eb0a1e65247fbf28c0cccd126d93af21c75fceff77773d43c0d4a2d51978fb131aff25b5f2cb41a9fe48cc296e61ae65e679c4f6918b0ab
  languageName: node
  linkType: hard