"@egjs/agent@npm:^2.2.1":
  version: 2.4.4
  resolution: "@egjs/agent@npm:2.4.4"
  checksum: 10/d03de1717fe1148c6e24de3d0ed7a5479a5dab8944689dd966dee593368df20331fbf4c7b83a2b544bd4bfd43ed81d0a835678462b6959bda4ae15a558cff801
  languageName: node
  linkType: hard

"@egjs/children-differ@npm:^1.0.1":
  version: 1.0.1
  resolution: "@egjs/children-differ@npm:1.0.1"
  dependencies:
    "@egjs/list-differ": "npm:^1.0.0"
  checksum: 10/42377610027d55f680c345fac74ca2ba05277d5c766d9b8694ad8c806ed9966718c1fb1d3e50fc4cda30285aef3b99a05c7edb2227f9397b7064a6419e76e98e
  languageName: node
  linkType: hard

"@egjs/component@npm:^3.0.2":
  version: 3.0.5
  resolution: "@egjs/component@npm:3.0.5"
  checksum: 10/659fb0ccf9beada46f4ecc4be9f7bdd790860c33a5e0f554122fc00eecc9a2c10f5bb2657e1c3eabfd0f0d9556e0b75b3ce6245e68ff137c1ba86c6f3e3a5f0c
  languageName: node
  linkType: hard

"@egjs/list-differ@npm:^1.0.0":
  version: 1.0.1
  resolution: "@egjs/list-differ@npm:1.0.1"
  checksum: 10/e6b7a3aa6206351c2586b06f2fb2aceb10df16f73209319c4323fd2c0414716ec6e5e7396260e7f0f80cbdc6303921655302f508c57b899e995426548b97a419
  languageName: node
  linkType: hard