"@emnapi/core@npm:^1.4.3":
  version: 1.4.5
  resolution: "@emnapi/core@npm:1.4.5"
  dependencies:
    "@emnapi/wasi-threads": "npm:1.0.4"
    tslib: "npm:^2.4.0"
  checksum: 10/412322102dc861e8aa78123ae20560ac980362a220c736fe59ddea3228d490757780ea4cdc3bd54903a5ca2a92085f119e42f2c07f60e2aec2c0b8a69ea094c0
  languageName: node
  linkType: hard

"@emnapi/runtime@npm:^1.2.0, @emnapi/runtime@npm:^1.4.3":
  version: 1.4.5
  resolution: "@emnapi/runtime@npm:1.4.5"
  dependencies:
    tslib: "npm:^2.4.0"
  checksum: 10/1d6f406ff116d2363e60aef3ed49eb8d577387f4941abea508ba376900d8831609d5cce92a58076b1a9613f8e83c75c2e3fea71e4fbcdbe06019876144c2559b
  languageName: node
  linkType: hard

"@emnapi/wasi-threads@npm:1.0.4":
  version: 1.0.4
  resolution: "@emnapi/wasi-threads@npm:1.0.4"
  dependencies:
    tslib: "npm:^2.4.0"
  checksum: 10/86688f416095b59d8d3e5ea2d8b5574a7c180257fe0c067c7a492f3de2cf5ebc2c8b00af17d6341c7555c614266d3987f332015d7ce6e88b234a9a314e66f396
  languageName: node
  linkType: hard