"@babel/plugin-syntax-optional-catch-binding@npm:^7.8.3":
  version: 7.8.3
  resolution: "@babel/plugin-syntax-optional-catch-binding@npm:7.8.3"
  dependencies:
    "@babel/helper-plugin-utils": "npm:^7.8.0"
  peerDependencies:
    "@babel/core": ^7.0.0-0
  checksum: 10/910d90e72bc90ea1ce698e89c1027fed8845212d5ab588e35ef91f13b93143845f94e2539d831dc8d8ededc14ec02f04f7bd6a8179edd43a326c784e7ed7f0b9
  languageName: node
  linkType: hard