"@babel/plugin-syntax-nullish-coalescing-operator@npm:^7.8.3":
  version: 7.8.3
  resolution: "@babel/plugin-syntax-nullish-coalescing-operator@npm:7.8.3"
  dependencies:
    "@babel/helper-plugin-utils": "npm:^7.8.0"
  peerDependencies:
    "@babel/core": ^7.0.0-0
  checksum: 10/87aca4918916020d1fedba54c0e232de408df2644a425d153be368313fdde40d96088feed6c4e5ab72aac89be5d07fef2ddf329a15109c5eb65df006bf2580d1
  languageName: node
  linkType: hard