"@babel/plugin-bugfix-v8-static-class-fields-redefine-readonly@npm:^7.28.3":
  version: 7.28.3
  resolution: "@babel/plugin-bugfix-v8-static-class-fields-redefine-readonly@npm:7.28.3"
  dependencies:
    "@babel/helper-plugin-utils": "npm:^7.27.1"
    "@babel/traverse": "npm:^7.28.3"
  peerDependencies:
    "@babel/core": ^7.0.0
  checksum: 10/eeacdb7fa5ae19e366cbc4da98736b898e05b9abe572aa23093e6be842c6c8284d08af538528ec771073a3749718033be3713ff455ca008d11a7b0e90e62a53d
  languageName: node
  linkType: hard