"@types/responselike@npm:^1.0.0":
  version: 1.0.3
  resolution: "@types/responselike@npm:1.0.3"
  dependencies:
    "@types/node": "npm:*"
  checksum: 10/6ac4b35723429b11b117e813c7acc42c3af8b5554caaf1fc750404c1ae59f9b7376bc69b9e9e194a5a97357a597c2228b7173d317320f0360d617b6425212f58
  languageName: node
  linkType: hard