"@standard-schema/spec@npm:^1.0.0":
  version: 1.0.0
  resolution: "@standard-schema/spec@npm:1.0.0"
  checksum: 10/aee780cc1431888ca4b9aba9b24ffc8f3073fc083acc105e3951481478a2f4dc957796931b2da9e2d8329584cf211e4542275f188296c1cdff3ed44fd93a8bc8
  languageName: node
  linkType: hard

"@standard-schema/utils@npm:^0.3.0":
  version: 0.3.0
  resolution: "@standard-schema/utils@npm:0.3.0"
  checksum: 10/7084f875d322792f2e0a5904009434c8374b9345b09ba89828b68fd56fa3c2b366d35bf340d9e8c72736ef01793c2f70d350c372ed79845dc3566c58d34b4b51
  languageName: node
  linkType: hard