"@rolldown/pluginutils@npm:1.0.0-beta.27":
  version: 1.0.0-beta.27
  resolution: "@rolldown/pluginutils@npm:1.0.0-beta.27"
  checksum: 10/4f7da788d88b33d029d5acf84c63be27c62d7c53017476f2e3026172cf94062cb399cd15194c89574578f192016bbcb1e040ce6811b3bb9ec4d4faa2ad386459
  languageName: node
  linkType: hard