"@types/babel__generator@npm:*":
  version: 7.6.8
  resolution: "@types/babel__generator@npm:7.6.8"
  dependencies:
    "@babel/types": "npm:^7.0.0"
  checksum: 10/b53c215e9074c69d212402990b0ca8fa57595d09e10d94bda3130aa22b55d796e50449199867879e4ea0ee968f3a2099e009cfb21a726a53324483abbf25cd30
  languageName: node
  linkType: hard