"@babel/plugin-syntax-flow@npm:^7.27.1":
  version: 7.27.1
  resolution: "@babel/plugin-syntax-flow@npm:7.27.1"
  dependencies:
    "@babel/helper-plugin-utils": "npm:^7.27.1"
  peerDependencies:
    "@babel/core": ^7.0.0-0
  checksum: 10/7baca3171ed595d04c865b0ce46fca7f21900686df9d7fcd1017036ce78bb5483e33803de810831e68d39cf478953db69f49ae3f3de2e3207bc4ba49a96b6739
  languageName: node
  linkType: hard