"@types/jsonwebtoken@npm:*":
  version: 9.0.10
  resolution: "@types/jsonwebtoken@npm:9.0.10"
  dependencies:
    "@types/ms": "npm:*"
    "@types/node": "npm:*"
  checksum: 10/d7960d995ad815511c7f4e7f09d91522dfe16e7e800cdd6226c8b1b624c534e0f3b8f8f3beb60e3189865269f028002f1a490189beca5afd02bc96ef1d68f21f
  languageName: node
  linkType: hard