"@types/http-proxy@npm:^1.17.8":
  version: 1.17.15
  resolution: "@types/http-proxy@npm:1.17.15"
  dependencies:
    "@types/node": "npm:*"
  checksum: 10/fa86d5397c021f6c824d1143a206009bfb64ff703da32fb30f6176c603daf6c24ce3a28daf26b3945c94dd10f9d76f07ea7a6a2c3e9b710e00ff42da32e08dea
  languageName: node
  linkType: hard