"@types/react-window@npm:^1.8.8":
  version: 1.8.8
  resolution: "@types/react-window@npm:1.8.8"
  dependencies:
    "@types/react": "npm:*"
  checksum: 10/79b70b7c33161efb14bf69115792843de8e038594136a8373cfbbcc4066c49fd611dd2d3592a9a81d19d21c075bf14e5e73a64f4d9ad32e45d4d5493f5f53918
  languageName: node
  linkType: hard