"@types/react@npm:*, @types/react@npm:^18.3.27":
  version: 18.3.27
  resolution: "@types/react@npm:18.3.27"
  dependencies:
    "@types/prop-types": "npm:*"
    csstype: "npm:^3.2.2"
  checksum: 10/90155820a2af315cad1ff47df695f3f2f568c12ad641a7805746a6a9a9aa6c40b1374e819e50d39afe0e375a6b9160a73176cbdb4e09807262bc6fcdc06e67db
  languageName: node
  linkType: hard

"@types/react@npm:^16, @types/react@npm:^16.8.22":
  version: 16.14.62
  resolution: "@types/react@npm:16.14.62"
  dependencies:
    "@types/prop-types": "npm:*"
    "@types/scheduler": "npm:^0.16"
    csstype: "npm:^3.0.2"
  checksum: 10/58f58ef594b1d919063a8456c3eb1b73f50eb3a44261a4468ad76930ebbc7dc66cdb2d4a099e4311a0e4ca131a8b2110da4ef057fe85443cdc894db7329ac137
  languageName: node
  linkType: hard