"@types/markdown-it@npm:^13.0.7, @types/markdown-it@npm:^13.0.9":
  version: 13.0.9
  resolution: "@types/markdown-it@npm:13.0.9"
  dependencies:
    "@types/linkify-it": "npm:^3"
    "@types/mdurl": "npm:^1"
  checksum: 10/c8ad045cc5a4fd9179007ef3c00c35c7515ed76408790cdb04dfe5171850573c39d68a504136ea5df0ea17e9fd0158c2b274ef1346aac3e5f404bc0b9b114f9c
  languageName: node
  linkType: hard

"@types/markdown-it@npm:^14.0.0":
  version: 14.1.2
  resolution: "@types/markdown-it@npm:14.1.2"
  dependencies:
    "@types/linkify-it": "npm:^5"
    "@types/mdurl": "npm:^2"
  checksum: 10/ca2f239c8d59610b9f936fd40261a6ccf2fa1ae27a21816c031e5712542dcf9ee01e2fe29b31118df90716e11ade54e47d92a498e9b6488800e77ca8827255a2
  languageName: node
  linkType: hard