"@babel/plugin-transform-arrow-functions@npm:^7.27.1":
  version: 7.27.1
  resolution: "@babel/plugin-transform-arrow-functions@npm:7.27.1"
  dependencies:
    "@babel/helper-plugin-utils": "npm:^7.27.1"
  peerDependencies:
    "@babel/core": ^7.0.0-0
  checksum: 10/62c2cc0ae2093336b1aa1376741c5ed245c0987d9e4b4c5313da4a38155509a7098b5acce582b6781cc0699381420010da2e3086353344abe0a6a0ec38961eb7
  languageName: node
  linkType: hard