"@manypkg/find-root@npm:^3.1.0":
  version: 3.1.0
  resolution: "@manypkg/find-root@npm:3.1.0"
  dependencies:
    "@manypkg/tools": "npm:^2.1.0"
  checksum: 10/49d625ce57a142066ac8bc135219fcb924715e7f54ece98d36208034beeba20133c49e4bb6b636a5e7d0c0633f157a9c3523e65397839f487d88490c42bfab62
  languageName: node
  linkType: hard

"@manypkg/get-packages@npm:^3.1.0":
  version: 3.1.0
  resolution: "@manypkg/get-packages@npm:3.1.0"
  dependencies:
    "@manypkg/find-root": "npm:^3.1.0"
    "@manypkg/tools": "npm:^2.1.0"
  checksum: 10/f6c7e16fc99fc17138b0eeda2374ccd3279b9d520e87ddb25296738d83bb1345f67ff1bf6b759ec19d9df84fcb3dd20546eb2cdafb53c378fa4bcebeb693e6d3
  languageName: node
  linkType: hard

"@manypkg/tools@npm:^2.1.0":
  version: 2.1.0
  resolution: "@manypkg/tools@npm:2.1.0"
  dependencies:
    jju: "npm:^1.4.0"
    js-yaml: "npm:^4.1.0"
    tinyglobby: "npm:^0.2.13"
  checksum: 10/6da7cfe594e5943929954b55d74b0356e150ee8be001280202799483d83223a2f3af3eecfed4539feb6fb5ae21a0bba99debb85fd9cec9d09bece2d3f7490425
  languageName: node
  linkType: hard