"@babel/plugin-transform-react-pure-annotations@npm:^7.27.1":
  version: 7.27.1
  resolution: "@babel/plugin-transform-react-pure-annotations@npm:7.27.1"
  dependencies:
    "@babel/helper-annotate-as-pure": "npm:^7.27.1"
    "@babel/helper-plugin-utils": "npm:^7.27.1"
  peerDependencies:
    "@babel/core": ^7.0.0-0
  checksum: 10/a6f591c5e85a1ab0685d4a25afe591fe8d11dc0b73c677cf9560ff8d540d036a1cce9efcb729fc9092def4d854dc304ffdc063a89a9247900b69c516bf971a4c
  languageName: node
  linkType: hard