"@bufbuild/protobuf@npm:2.5.0":
  version: 2.5.0
  resolution: "@bufbuild/protobuf@npm:2.5.0"
  checksum: 10/3ebecb0c234344375b107f0f4140328373ad3f216679e338524c0bb70ab1c51c73e09a1f1a10f395af99a5bffeaba79382df3d2f3f4920538e31d2e6cd21161b
  languageName: node
  linkType: hard

"@bufbuild/protobuf@npm:^1.10.0":
  version: 1.10.1
  resolution: "@bufbuild/protobuf@npm:1.10.1"
  checksum: 10/402e8d093d97eb9ea28bb65a667125cf20842f1d88767b36659a6d970222eb9c96c01c03a3429fbbaf1f40cde545d40a10c19b14741ef3cea29b98ad2f7109fa
  languageName: node
  linkType: hard

"@bufbuild/protobuf@npm:^2.4.0":
  version: 2.5.2
  resolution: "@bufbuild/protobuf@npm:2.5.2"
  checksum: 10/10bd5903675991a6d0bd9649adacfd1a57b7415269c7a49ad5883492c38028782a893d1a2e379f7a9d129521805f472fd4d66bcd172ac15b706d4094a7692384
  languageName: node
  linkType: hard

"@bufbuild/protoplugin@npm:^2.4.0":
  version: 2.5.0
  resolution: "@bufbuild/protoplugin@npm:2.5.0"
  dependencies:
    "@bufbuild/protobuf": "npm:2.5.0"
    "@typescript/vfs": "npm:^1.5.2"
    typescript: "npm:5.4.5"
  checksum: 10/261fef93c557bf7f01c75840249f21d97b49ea7abc04314ceaca72f3e0e048ac92fb39a854f9001b668e9d588ca594e85bfcb56ca265215b9f3ee718f2facc76
  languageName: node
  linkType: hard