"@babel/plugin-transform-computed-properties@npm:^7.27.1":
  version: 7.27.1
  resolution: "@babel/plugin-transform-computed-properties@npm:7.27.1"
  dependencies:
    "@babel/helper-plugin-utils": "npm:^7.27.1"
    "@babel/template": "npm:^7.27.1"
  peerDependencies:
    "@babel/core": ^7.0.0-0
  checksum: 10/101f6d4575447070943d5a9efaa5bea8c552ea3083d73a9612f1a16d38b0a0a7b79a5feb65c6cc4e4fcabf28e85a570b97ccd3294da966e8fbbb6dfb97220eda
  languageName: node
  linkType: hard