"@babel/preset-react@npm:^7.12.5, @babel/preset-react@npm:^7.27.1, @babel/preset-react@npm:^7.28.5":
  version: 7.28.5
  resolution: "@babel/preset-react@npm:7.28.5"
  dependencies:
    "@babel/helper-plugin-utils": "npm:^7.27.1"
    "@babel/helper-validator-option": "npm:^7.27.1"
    "@babel/plugin-transform-react-display-name": "npm:^7.28.0"
    "@babel/plugin-transform-react-jsx": "npm:^7.27.1"
    "@babel/plugin-transform-react-jsx-development": "npm:^7.27.1"
    "@babel/plugin-transform-react-pure-annotations": "npm:^7.27.1"
  peerDependencies:
    "@babel/core": ^7.0.0-0
  checksum: 10/c00d43b27790caddee7c4971b11b4bf479a761175433e2f168b3d7e1ac6ee36d4d929a76acc7f302e9bff3a5b26d02d37f0ad7ae6359e076e5baa862b00843b2
  languageName: node
  linkType: hard