"@babel/plugin-proposal-private-property-in-object@npm:7.21.0-placeholder-for-preset-env.2":
  version: 7.21.0-placeholder-for-preset-env.2
  resolution: "@babel/plugin-proposal-private-property-in-object@npm:7.21.0-placeholder-for-preset-env.2"
  peerDependencies:
    "@babel/core": ^7.0.0-0
  checksum: 10/fab70f399aa869275690ec6c7cedb4ef361d4e8b6f55c3d7b04bfee61d52fb93c87cec2c65d73cddbaca89fb8ef5ec0921fce675c9169d9d51f18305ab34e78a
  languageName: node
  linkType: hard