"@babel/helper-define-polyfill-provider@npm:^0.6.5":
  version: 0.6.5
  resolution: "@babel/helper-define-polyfill-provider@npm:0.6.5"
  dependencies:
    "@babel/helper-compilation-targets": "npm:^7.27.2"
    "@babel/helper-plugin-utils": "npm:^7.27.1"
    debug: "npm:^4.4.1"
    lodash.debounce: "npm:^4.0.8"
    resolve: "npm:^1.22.10"
  peerDependencies:
    "@babel/core": ^7.4.0 || ^8.0.0-0 <8.0.0
  checksum: 10/0bdd2d9654d2f650c33976caa1a2afac2c23cf07e83856acdb482423c7bf4542c499ca0bdc723f2961bb36883501f09e9f4fe061ba81c07996daacfba82a6f62
  languageName: node
  linkType: hard