"@babel/helper-optimise-call-expression@npm:^7.27.1":
  version: 7.27.1
  resolution: "@babel/helper-optimise-call-expression@npm:7.27.1"
  dependencies:
    "@babel/types": "npm:^7.27.1"
  checksum: 10/0fb7ee824a384529d6b74f8a58279f9b56bfe3cce332168067dddeab2552d8eeb56dc8eaf86c04a3a09166a316cb92dfc79c4c623cd034ad4c563952c98b464f
  languageName: node
  linkType: hard