"@pdfme/common@npm:*, @pdfme/common@npm:^5.4.2":
  version: 5.4.2
  resolution: "@pdfme/common@npm:5.4.2"
  dependencies:
    "@pdfme/pdf-lib": "npm:*"
    acorn: "npm:^8.15.0"
    buffer: "npm:^6.0.3"
    zod: "npm:^3.25.67"
  peerDependencies:
    antd: ^5.11.2
    form-render: ^2.2.20
  checksum: 10/ef6357d9efefbc95228e5bdc16d93bc00a0039fa78e38be9726248cb9296098d40420cecfd58a51d2f62d74e91be479786d387d29708bca7749b0df50d753947
  languageName: node
  linkType: hard

"@pdfme/converter@npm:*":
  version: 5.3.1
  resolution: "@pdfme/converter@npm:5.3.1"
  dependencies:
    "@pdfme/common": "npm:*"
    canvas: "npm:^2.11.0"
    pdfjs-dist: "npm:^3.11.174"
  dependenciesMeta:
    canvas:
      optional: true
  checksum: 10/7284ff62fc44bf9a2556c89a1921a600db09b881ad2aa040e446ad96cf96673c02aefa91060e35277a579495e17eb55feca79a4bd6adce11cf7f590ace41eeda
  languageName: node
  linkType: hard

"@pdfme/generator@npm:^5.4.2":
  version: 5.4.2
  resolution: "@pdfme/generator@npm:5.4.2"
  dependencies:
    "@pdfme/pdf-lib": "npm:*"
    fontkit: "npm:^2.0.2"
  peerDependencies:
    "@pdfme/common": "*"
    "@pdfme/schemas": "*"
  checksum: 10/4beee58201529a398d61bd70b4d5b089525f57cb23b0fa7d8db63b44c54b1802763efae4669cae6cc8604daff6fe7896b3b2de074e859f80982cdd9ca846d66f
  languageName: node
  linkType: hard

"@pdfme/pdf-lib@npm:*":
  version: 1.18.3
  resolution: "@pdfme/pdf-lib@npm:1.18.3"
  dependencies:
    "@pdf-lib/standard-fonts": "npm:^1.0.0"
    "@pdf-lib/upng": "npm:^1.0.1"
    color: "npm:^4.2.3"
    node-html-better-parser: "npm:^1.4.0"
    pako: "npm:^1.0.11"
  checksum: 10/591c7b5e560810e64eb87d32b29fb2f51c43832fc175e9ee079abaf48392eb2b0b9d48cec19086f419fe56dfc984e4d69ea839b10b2df1ad02e5bfc9c87ad1f3
  languageName: node
  linkType: hard

"@pdfme/schemas@npm:^5.4.2":
  version: 5.4.2
  resolution: "@pdfme/schemas@npm:5.4.2"
  dependencies:
    "@pdfme/pdf-lib": "npm:*"
    air-datepicker: "npm:^3.6.0"
    bwip-js: "npm:^4.6.0"
    date-fns: "npm:^4.1.0"
    fontkit: "npm:^2.0.2"
    lucide: "npm:^0.525.0"
  peerDependencies:
    "@pdfme/common": "*"
  checksum: 10/bedb53512aa2278b8882bfa153616aced42ba84d66e2c8d84e83bd9114fb1efc9e085a481749ed4b4feefddedcd78340e362240ff6b355d4d7d330436fba0d5c
  languageName: node
  linkType: hard

"@pdfme/ui@npm:^5.4.2":
  version: 5.4.2
  resolution: "@pdfme/ui@npm:5.4.2"
  dependencies:
    "@dnd-kit/core": "npm:^6.0.8"
    "@dnd-kit/sortable": "npm:^10.0.0"
    "@pdfme/converter": "npm:*"
    "@scena/react-guides": "npm:^0.28.2"
    antd: "npm:^5.26.3"
    form-render: "npm:^2.5.3"
    globrex: "npm:^0.1.2"
    hotkeys-js: "npm:^3.13.14"
    lucide-react: "npm:^0.525.0"
    react: "npm:^16.14.0"
    react-dom: "npm:^16.14.0"
    react-moveable: "npm:^0.56.0"
    react-refresh: "npm:^0.17.0"
    react-selecto: "npm:^1.12.0"
  peerDependencies:
    "@pdfme/common": "*"
    "@pdfme/schemas": "*"
  checksum: 10/2b0308a192c186b7c636fa26caf0a7b1fd575fd221da32e4d518882d1994507c64738ee9ee0a997487efe799c9e961317b6b475bd2bd1e55b4285c695172aae5
  languageName: node
  linkType: hard