"@hapi/address@npm:^5.1.1":
  version: 5.1.1
  resolution: "@hapi/address@npm:5.1.1"
  dependencies:
    "@hapi/hoek": "npm:^11.0.2"
  checksum: 10/9462b22f96f1081a07b3bb07f046c5fdfa1940805b3433476f56c0df3b8eded026f62a2e8395534a14a48f689757f9eb8b44c0c4360d96a12ad34ff21989a534
  languageName: node
  linkType: hard

"@hapi/formula@npm:^3.0.2":
  version: 3.0.2
  resolution: "@hapi/formula@npm:3.0.2"
  checksum: 10/c6d4fdcd19fdeb02f0995174497b69ca1f2d534d9f55d512b404ce78a3ce4c53618d4c339fb708c812de4ad1db49122cef960eb1d2cc17e284aa9a7ce4283e2b
  languageName: node
  linkType: hard

"@hapi/hoek@npm:^11.0.2, @hapi/hoek@npm:^11.0.7":
  version: 11.0.7
  resolution: "@hapi/hoek@npm:11.0.7"
  checksum: 10/d0cbacf2edcedac1f06dd1d731c1f8c83ef32f2432630c4b1ebe119729cbf79e3da69fa3e5991f19d80e344f5d246b03b7e96998a032940e18bfda7ba2a56f0e
  languageName: node
  linkType: hard

"@hapi/pinpoint@npm:^2.0.1":
  version: 2.0.1
  resolution: "@hapi/pinpoint@npm:2.0.1"
  checksum: 10/28e72305c13de10893be33273cd33c7d7b1c89cfcf707de5a7e214b08f8e3c440adf7df0ff1c9ab4d86744eefdab3ae549456b641f66a2af47ed862f764d6c49
  languageName: node
  linkType: hard

"@hapi/tlds@npm:^1.1.1":
  version: 1.1.3
  resolution: "@hapi/tlds@npm:1.1.3"
  checksum: 10/4e1a3fcec7c403d1ece5057c223da0d9d63ef5acd53a3aed407080a6d19d415cef25ce8920e1d5550e3462f9f64d539bb45c76ae60762935445fe9195b34d9c3
  languageName: node
  linkType: hard

"@hapi/topo@npm:^6.0.2":
  version: 6.0.2
  resolution: "@hapi/topo@npm:6.0.2"
  dependencies:
    "@hapi/hoek": "npm:^11.0.2"
  checksum: 10/ef959d3796638e11e5f7a9f2a64295ded7c638d6a21fa37bf1265b14c3a6636da593c9976138826c5b8972830a706d18a82b489e3d902e77026f7f0bec908704
  languageName: node
  linkType: hard