"@eslint/config-array@npm:^0.21.1":
  version: 0.21.1
  resolution: "@eslint/config-array@npm:0.21.1"
  dependencies:
    "@eslint/object-schema": "npm:^2.1.7"
    debug: "npm:^4.3.1"
    minimatch: "npm:^3.1.2"
  checksum: 10/6eaa0435972f735ce52d581f355a0b616e50a9b8a73304a7015398096e252798b9b3b968a67b524eefb0fdeacc57c4d960f0ec6432abe1c1e24be815b88c5d18
  languageName: node
  linkType: hard

"@eslint/config-helpers@npm:^0.4.2":
  version: 0.4.2
  resolution: "@eslint/config-helpers@npm:0.4.2"
  dependencies:
    "@eslint/core": "npm:^0.17.0"
  checksum: 10/3f2b4712d8e391c36ec98bc200f7dea423dfe518e42956569666831b89ede83b33120c761dfd3ab6347d8e8894a6d4af47254a18d464a71c6046fd88065f6daf
  languageName: node
  linkType: hard

"@eslint/core@npm:^0.17.0":
  version: 0.17.0
  resolution: "@eslint/core@npm:0.17.0"
  dependencies:
    "@types/json-schema": "npm:^7.0.15"
  checksum: 10/f9a428cc651ec15fb60d7d60c2a7bacad4666e12508320eafa98258e976fafaa77d7be7be91519e75f801f15f830105420b14a458d4aab121a2b0a59bc43517b
  languageName: node
  linkType: hard

"@eslint/eslintrc@npm:^3.3.1, @eslint/eslintrc@npm:^3.3.3":
  version: 3.3.3
  resolution: "@eslint/eslintrc@npm:3.3.3"
  dependencies:
    ajv: "npm:^6.12.4"
    debug: "npm:^4.3.2"
    espree: "npm:^10.0.1"
    globals: "npm:^14.0.0"
    ignore: "npm:^5.2.0"
    import-fresh: "npm:^3.2.1"
    js-yaml: "npm:^4.1.1"
    minimatch: "npm:^3.1.2"
    strip-json-comments: "npm:^3.1.1"
  checksum: 10/b586a364ff15ce1b68993aefc051ca330b1fece15fb5baf4a708d00113f9a14895cffd84a5f24c5a97bd4b4321130ab2314f90aa462a250f6b859c2da2cba1f3
  languageName: node
  linkType: hard

"@eslint/js@npm:9.39.1, @eslint/js@npm:^9.39.1":
  version: 9.39.1
  resolution: "@eslint/js@npm:9.39.1"
  checksum: 10/b10b9b953212c0f3ffca475159bbe519e9e98847200c7432d1637d444fddcd7b712d2b7710a7dc20510f9cfbe8db330039b2aad09cb55d9545b116d940dbeed2
  languageName: node
  linkType: hard

"@eslint/object-schema@npm:^2.1.7":
  version: 2.1.7
  resolution: "@eslint/object-schema@npm:2.1.7"
  checksum: 10/946ef5d6235b4d1c0907c6c6e6429c8895f535380c562b7705c131f63f2e961b06e8785043c86a293da48e0a60c6286d98ba395b8b32ea55561fe6e4417cb7e4
  languageName: node
  linkType: hard

"@eslint/plugin-kit@npm:^0.4.1":
  version: 0.4.1
  resolution: "@eslint/plugin-kit@npm:0.4.1"
  dependencies:
    "@eslint/core": "npm:^0.17.0"
    levn: "npm:^0.4.1"
  checksum: 10/c5947d0ffeddca77d996ac1b886a66060c1a15ed1d5e425d0c7e7d7044a4bd3813fc968892d03950a7831c9b89368a2f7b281e45dd3c74a048962b74bf3a1cb4
  languageName: node
  linkType: hard