"@vitest/coverage-v8@npm:3.2.4":
  version: 3.2.4
  resolution: "@vitest/coverage-v8@npm:3.2.4"
  dependencies:
    "@ampproject/remapping": "npm:^2.3.0"
    "@bcoe/v8-coverage": "npm:^1.0.2"
    ast-v8-to-istanbul: "npm:^0.3.3"
    debug: "npm:^4.4.1"
    istanbul-lib-coverage: "npm:^3.2.2"
    istanbul-lib-report: "npm:^3.0.1"
    istanbul-lib-source-maps: "npm:^5.0.6"
    istanbul-reports: "npm:^3.1.7"
    magic-string: "npm:^0.30.17"
    magicast: "npm:^0.3.5"
    std-env: "npm:^3.9.0"
    test-exclude: "npm:^7.0.1"
    tinyrainbow: "npm:^2.0.0"
  peerDependencies:
    "@vitest/browser": 3.2.4
    vitest: 3.2.4
  peerDependenciesMeta:
    "@vitest/browser":
      optional: true
  checksum: 10/5a5940c78eabbb36efafb9ecc50408785614768b3f74f5f88e6dd32db59a21d39e15e7cf52fae961cc2cd75e0390c8568cdb9aef35aa8593ccd057edce539ee4
  languageName: node
  linkType: hard

"@vitest/expect@npm:2.0.5":
  version: 2.0.5
  resolution: "@vitest/expect@npm:2.0.5"
  dependencies:
    "@vitest/spy": "npm:2.0.5"
    "@vitest/utils": "npm:2.0.5"
    chai: "npm:^5.1.1"
    tinyrainbow: "npm:^1.2.0"
  checksum: 10/ca9a218f50254b2259fd16166b2d8c9ccc8ee2cc068905e6b3d6281da10967b1590cc7d34b5fa9d429297f97e740450233745583b4cc12272ff11705faf70a37
  languageName: node
  linkType: hard

"@vitest/expect@npm:3.2.4":
  version: 3.2.4
  resolution: "@vitest/expect@npm:3.2.4"
  dependencies:
    "@types/chai": "npm:^5.2.2"
    "@vitest/spy": "npm:3.2.4"
    "@vitest/utils": "npm:3.2.4"
    chai: "npm:^5.2.0"
    tinyrainbow: "npm:^2.0.0"
  checksum: 10/dc69ce886c13714dfbbff78f2d2cb7eb536017e82301a73c42d573a9e9d2bf91005ac7abd9b977adf0a3bd431209f45a8ac2418029b68b0a377e092607c843ce
  languageName: node
  linkType: hard

"@vitest/mocker@npm:3.2.4":
  version: 3.2.4
  resolution: "@vitest/mocker@npm:3.2.4"
  dependencies:
    "@vitest/spy": "npm:3.2.4"
    estree-walker: "npm:^3.0.3"
    magic-string: "npm:^0.30.17"
  peerDependencies:
    msw: ^2.4.9
    vite: ^5.0.0 || ^6.0.0 || ^7.0.0-0
  peerDependenciesMeta:
    msw:
      optional: true
    vite:
      optional: true
  checksum: 10/5e92431b6ed9fc1679060e4caef3e4623f4750542a5d7cd944774f8217c4d231e273202e8aea00bab33260a5a9222ecb7005d80da0348c3c829bd37d123071a8
  languageName: node
  linkType: hard

"@vitest/pretty-format@npm:2.0.5":
  version: 2.0.5
  resolution: "@vitest/pretty-format@npm:2.0.5"
  dependencies:
    tinyrainbow: "npm:^1.2.0"
  checksum: 10/70bf452dd0b8525e658795125b3f11110bd6baadfaa38c5bb91ca763bded35ec6dc80e27964ad4e91b91be6544d35e18ea7748c1997693988f975a7283c3e9a0
  languageName: node
  linkType: hard

"@vitest/pretty-format@npm:2.1.9":
  version: 2.1.9
  resolution: "@vitest/pretty-format@npm:2.1.9"
  dependencies:
    tinyrainbow: "npm:^1.2.0"
  checksum: 10/557dc637c5825abd62ccb15080e59e04d22121e746d8020a0815d7c0c45132fed81b1ff36b26f5991e57a9f1d36e52aa19712abbfe1d0cbcd14252b449a919dc
  languageName: node
  linkType: hard

"@vitest/pretty-format@npm:3.2.4, @vitest/pretty-format@npm:^3.2.4":
  version: 3.2.4
  resolution: "@vitest/pretty-format@npm:3.2.4"
  dependencies:
    tinyrainbow: "npm:^2.0.0"
  checksum: 10/8dd30cbf956e01fbab042fe651fb5175d9f0cd00b7b569a46cd98df89c4fec47dab12916201ad6e09a4f25f2a2ec8927a4bfdc61118593097f759c90b18a51d4
  languageName: node
  linkType: hard

"@vitest/runner@npm:3.2.4":
  version: 3.2.4
  resolution: "@vitest/runner@npm:3.2.4"
  dependencies:
    "@vitest/utils": "npm:3.2.4"
    pathe: "npm:^2.0.3"
    strip-literal: "npm:^3.0.0"
  checksum: 10/197bd55def519ef202f990b7c1618c212380831827c116240871033e4973decb780503c705ba9245a12bd8121f3ac4086ffcb3e302148b62d9bd77fd18dd1deb
  languageName: node
  linkType: hard

"@vitest/snapshot@npm:3.2.4":
  version: 3.2.4
  resolution: "@vitest/snapshot@npm:3.2.4"
  dependencies:
    "@vitest/pretty-format": "npm:3.2.4"
    magic-string: "npm:^0.30.17"
    pathe: "npm:^2.0.3"
  checksum: 10/acfb682491b9ca9345bf9fed02c2779dec43e0455a380c1966b0aad8dd81c79960902cf34621ab48fe80a0eaf8c61cc42dec186a1321dc3c9897ef2ebd5f1bc4
  languageName: node
  linkType: hard

"@vitest/spy@npm:2.0.5":
  version: 2.0.5
  resolution: "@vitest/spy@npm:2.0.5"
  dependencies:
    tinyspy: "npm:^3.0.0"
  checksum: 10/ed19f4c3bb4d3853241e8070979615138e24403ce4c137fa48c903b3af2c8b3ada2cc26aca9c1aa323bb314a457a8130a29acbb18dafd4e42737deefb2abf1ca
  languageName: node
  linkType: hard

"@vitest/spy@npm:3.2.4":
  version: 3.2.4
  resolution: "@vitest/spy@npm:3.2.4"
  dependencies:
    tinyspy: "npm:^4.0.3"
  checksum: 10/7d38c299f42a8c7e5e41652b203af98ca54e63df69c3b072d0e401d5a57fbbba3e39d8538ac1b3022c26718a6388d0bcc222bc2f07faab75942543b9247c007d
  languageName: node
  linkType: hard

"@vitest/ui@npm:3.2.4":
  version: 3.2.4
  resolution: "@vitest/ui@npm:3.2.4"
  dependencies:
    "@vitest/utils": "npm:3.2.4"
    fflate: "npm:^0.8.2"
    flatted: "npm:^3.3.3"
    pathe: "npm:^2.0.3"
    sirv: "npm:^3.0.1"
    tinyglobby: "npm:^0.2.14"
    tinyrainbow: "npm:^2.0.0"
  peerDependencies:
    vitest: 3.2.4
  checksum: 10/727ca0a1421fff894ff6d5891bab7fa70546735ac08c4a6b07d509950ecb93529a38dd58c208cf5919c55347103c79a1c65c9b1c859e9af4302cef4e1b81fe5e
  languageName: node
  linkType: hard

"@vitest/utils@npm:2.0.5":
  version: 2.0.5
  resolution: "@vitest/utils@npm:2.0.5"
  dependencies:
    "@vitest/pretty-format": "npm:2.0.5"
    estree-walker: "npm:^3.0.3"
    loupe: "npm:^3.1.1"
    tinyrainbow: "npm:^1.2.0"
  checksum: 10/d631d56d29c33bc8de631166b2b6691c470187a345469dfef7048befe6027e1c6ff9552f2ee11c8a247522c325c4a64bfcc73f8f0f0c525da39cb9f190f119f8
  languageName: node
  linkType: hard

"@vitest/utils@npm:3.2.4":
  version: 3.2.4
  resolution: "@vitest/utils@npm:3.2.4"
  dependencies:
    "@vitest/pretty-format": "npm:3.2.4"
    loupe: "npm:^3.1.4"
    tinyrainbow: "npm:^2.0.0"
  checksum: 10/7f12ef63bd8ee13957744d1f336b0405f164ade4358bf9dfa531f75bbb58ffac02bf61aba65724311ddbc50b12ba54853a169e59c6b837c16086173b9a480710
  languageName: node
  linkType: hard

"@vitest/utils@npm:^2.1.1":
  version: 2.1.9
  resolution: "@vitest/utils@npm:2.1.9"
  dependencies:
    "@vitest/pretty-format": "npm:2.1.9"
    loupe: "npm:^3.1.2"
    tinyrainbow: "npm:^1.2.0"
  checksum: 10/83d62d5703a3210a2f137c25dc4e797a7a1d74d5d2e14ecc33b274c7710304fa8b5099101c98bc8d66cc2bf18a14f88ebf21f0996a99d0ee1439ae23b49f3961
  languageName: node
  linkType: hard