"@types/estree@npm:*, @types/estree@npm:1.0.8, @types/estree@npm:^1.0.0, @types/estree@npm:^1.0.6, @types/estree@npm:^1.0.8":
  version: 1.0.8
  resolution: "@types/estree@npm:1.0.8"
  checksum: 10/25a4c16a6752538ffde2826c2cc0c6491d90e69cd6187bef4a006dd2c3c45469f049e643d7e516c515f21484dc3d48fd5c870be158a5beb72f5baf3dc43e4099
  languageName: node
  linkType: hard