"@babel/plugin-syntax-class-static-block@npm:^7.14.5":
  version: 7.14.5
  resolution: "@babel/plugin-syntax-class-static-block@npm:7.14.5"
  dependencies:
    "@babel/helper-plugin-utils": "npm:^7.14.5"
  peerDependencies:
    "@babel/core": ^7.0.0-0
  checksum: 10/3e80814b5b6d4fe17826093918680a351c2d34398a914ce6e55d8083d72a9bdde4fbaf6a2dcea0e23a03de26dc2917ae3efd603d27099e2b98380345703bf948
  languageName: node
  linkType: hard