"@types/chai-as-promised@npm:^7.1.8":
  version: 7.1.8
  resolution: "@types/chai-as-promised@npm:7.1.8"
  dependencies:
    "@types/chai": "npm:*"
  checksum: 10/88e2d42f14d1de19ba1c7b5c35f263fef37d3ad241c71f5eb59b10763706f3902f4131b93854c9c6ed520081c7e36be555849f202418357f905bea71178b7d02
  languageName: node
  linkType: hard