"@babel/plugin-transform-modules-amd@npm:^7.27.1":
  version: 7.27.1
  resolution: "@babel/plugin-transform-modules-amd@npm:7.27.1"
  dependencies:
    "@babel/helper-module-transforms": "npm:^7.27.1"
    "@babel/helper-plugin-utils": "npm:^7.27.1"
  peerDependencies:
    "@babel/core": ^7.0.0-0
  checksum: 10/5ca9257981f2bbddd9dccf9126f1368de1cb335e7a5ff5cca9282266825af5b18b5f06c144320dcf5d2a200d2b53b6d22d9b801a55dc0509ab5a5838af7e61b7
  languageName: node
  linkType: hard