"@babel/plugin-syntax-top-level-await@npm:^7.14.5":
  version: 7.14.5
  resolution: "@babel/plugin-syntax-top-level-await@npm:7.14.5"
  dependencies:
    "@babel/helper-plugin-utils": "npm:^7.14.5"
  peerDependencies:
    "@babel/core": ^7.0.0-0
  checksum: 10/bbd1a56b095be7820029b209677b194db9b1d26691fe999856462e66b25b281f031f3dfd91b1619e9dcf95bebe336211833b854d0fb8780d618e35667c2d0d7e
  languageName: node
  linkType: hard