"@eslint-community/eslint-utils@npm:^4.7.0, @eslint-community/eslint-utils@npm:^4.8.0":
  version: 4.9.0
  resolution: "@eslint-community/eslint-utils@npm:4.9.0"
  dependencies:
    eslint-visitor-keys: "npm:^3.4.3"
  peerDependencies:
    eslint: ^6.0.0 || ^7.0.0 || >=8.0.0
  checksum: 10/89b1eb3137e14c379865e60573f524fcc0ee5c4b0c7cd21090673e75e5a720f14b92f05ab2d02704c2314b67e67b6f96f3bb209ded6b890ced7b667aa4bf1fa2
  languageName: node
  linkType: hard

"@eslint-community/regexpp@npm:^4.10.0, @eslint-community/regexpp@npm:^4.12.1":
  version: 4.12.1
  resolution: "@eslint-community/regexpp@npm:4.12.1"
  checksum: 10/c08f1dd7dd18fbb60bdd0d85820656d1374dd898af9be7f82cb00451313402a22d5e30569c150315b4385907cdbca78c22389b2a72ab78883b3173be317620cc
  languageName: node
  linkType: hard