"@netlify/binary-info@npm:^1.0.0":
  version: 1.0.0
  resolution: "@netlify/binary-info@npm:1.0.0"
  checksum: 10/0dd134cefe01011c9526d47aa61bceab7c3cb00911592cc5b4af4b1c530f4adb990c82208aeba07d39348a0cf386fe8aa7ebfaf8d02076dfb397095351f80a8e
  languageName: node
  linkType: hard

"@netlify/blobs@npm:8.1.0":
  version: 8.1.0
  resolution: "@netlify/blobs@npm:8.1.0"
  checksum: 10/1cc89aba053f87335c6dc320aac5cec60d3bdb0b6a28692f5f7080a5e461a3da5e1a218edefe5aba19d952f04dc7aff0008b54524386881af0319439d9e00089
  languageName: node
  linkType: hard

"@netlify/blobs@npm:^7.4.0":
  version: 7.4.0
  resolution: "@netlify/blobs@npm:7.4.0"
  checksum: 10/e0c91410412785eb577374269c9cb0a0ee8000fbf1981179d7a21e4804b886f034e4a1dd2614183f9462de16e4a8f8ee1286678d2052fccacafa70185c3c4ec9
  languageName: node
  linkType: hard

"@netlify/build-info@npm:7.17.0":
  version: 7.17.0
  resolution: "@netlify/build-info@npm:7.17.0"
  dependencies:
    "@bugsnag/js": "npm:^7.20.0"
    "@iarna/toml": "npm:^2.2.5"
    dot-prop: "npm:^7.2.0"
    find-up: "npm:^6.3.0"
    minimatch: "npm:^9.0.0"
    read-pkg: "npm:^7.1.0"
    semver: "npm:^7.3.8"
    yaml: "npm:^2.1.3"
    yargs: "npm:^17.6.0"
  bin:
    build-info: bin.js
  checksum: 10/6788562d1961cf2d59d5cc2aa8e58cf1f2a2da46dc5ee4f7ad87b290ecab38844494db8941d74a7fc733ddaabd44a91676fcb0053555416b419f4ae6b1b90122
  languageName: node
  linkType: hard

"@netlify/build@npm:29.58.0":
  version: 29.58.0
  resolution: "@netlify/build@npm:29.58.0"
  dependencies:
    "@bugsnag/js": "npm:^7.0.0"
    "@netlify/blobs": "npm:^7.4.0"
    "@netlify/cache-utils": "npm:^5.2.0"
    "@netlify/config": "npm:^20.21.0"
    "@netlify/edge-bundler": "npm:12.3.1"
    "@netlify/framework-info": "npm:^9.9.0"
    "@netlify/functions-utils": "npm:^5.3.1"
    "@netlify/git-utils": "npm:^5.2.0"
    "@netlify/opentelemetry-utils": "npm:^1.3.0"
    "@netlify/plugins-list": "npm:^6.80.0"
    "@netlify/run-utils": "npm:^5.2.0"
    "@netlify/zip-it-and-ship-it": "npm:9.42.1"
    "@sindresorhus/slugify": "npm:^2.0.0"
    ansi-escapes: "npm:^6.0.0"
    chalk: "npm:^5.0.0"
    clean-stack: "npm:^4.0.0"
    execa: "npm:^6.0.0"
    fdir: "npm:^6.0.1"
    figures: "npm:^5.0.0"
    filter-obj: "npm:^5.0.0"
    got: "npm:^12.0.0"
    hot-shots: "npm:10.2.1"
    indent-string: "npm:^5.0.0"
    is-plain-obj: "npm:^4.0.0"
    js-yaml: "npm:^4.0.0"
    keep-func-props: "npm:^4.0.0"
    locate-path: "npm:^7.0.0"
    log-process-errors: "npm:^8.0.0"
    map-obj: "npm:^5.0.0"
    memoize-one: "npm:^6.0.0"
    minimatch: "npm:^9.0.4"
    node-fetch: "npm:^3.3.2"
    os-name: "npm:^5.0.0"
    p-event: "npm:^5.0.0"
    p-every: "npm:^2.0.0"
    p-filter: "npm:^3.0.0"
    p-locate: "npm:^6.0.0"
    p-map: "npm:^6.0.0"
    p-reduce: "npm:^3.0.0"
    path-exists: "npm:^5.0.0"
    path-type: "npm:^5.0.0"
    pkg-dir: "npm:^7.0.0"
    pretty-ms: "npm:^8.0.0"
    ps-list: "npm:^8.0.0"
    read-package-up: "npm:^11.0.0"
    readdirp: "npm:^3.4.0"
    resolve: "npm:^2.0.0-next.1"
    rfdc: "npm:^1.3.0"
    safe-json-stringify: "npm:^1.2.0"
    semver: "npm:^7.3.8"
    string-width: "npm:^5.0.0"
    strip-ansi: "npm:^7.0.0"
    supports-color: "npm:^9.0.0"
    terminal-link: "npm:^3.0.0"
    ts-node: "npm:^10.9.1"
    typescript: "npm:^5.0.0"
    uuid: "npm:^9.0.0"
    yargs: "npm:^17.6.0"
  peerDependencies:
    "@netlify/opentelemetry-sdk-setup": ^1.1.0
    "@opentelemetry/api": ~1.8.0
  peerDependenciesMeta:
    "@netlify/opentelemetry-sdk-setup":
      optional: true
  bin:
    netlify-build: bin.js
  checksum: 10/cb621a25f58b07377832570454c502ef1831bf25123f7e07dfcf14b8a5004c5ab4cb2dc2c237c2a0ed7a17e0ea8203eeba15e782524de7e9f6f192b7df219d8e
  languageName: node
  linkType: hard

"@netlify/cache-utils@npm:^5.2.0":
  version: 5.2.0
  resolution: "@netlify/cache-utils@npm:5.2.0"
  dependencies:
    cpy: "npm:^9.0.0"
    get-stream: "npm:^6.0.0"
    globby: "npm:^13.0.0"
    junk: "npm:^4.0.0"
    locate-path: "npm:^7.0.0"
    move-file: "npm:^3.0.0"
    path-exists: "npm:^5.0.0"
    readdirp: "npm:^3.4.0"
  checksum: 10/19d29ab97fc81ee8b84937eaaa30526db5bc9c1cf43e07127fd1c9e901622fb59065be7093a278ba19c06144eddf461b3ec5715bf925d449970d09688bc6ed3b
  languageName: node
  linkType: hard

"@netlify/config@npm:20.21.0":
  version: 20.21.0
  resolution: "@netlify/config@npm:20.21.0"
  dependencies:
    "@iarna/toml": "npm:^2.2.5"
    "@netlify/headers-parser": "npm:^7.3.0"
    "@netlify/redirect-parser": "npm:^14.5.0"
    chalk: "npm:^5.0.0"
    cron-parser: "npm:^4.1.0"
    deepmerge: "npm:^4.2.2"
    dot-prop: "npm:^7.0.0"
    execa: "npm:^6.0.0"
    fast-safe-stringify: "npm:^2.0.7"
    figures: "npm:^5.0.0"
    filter-obj: "npm:^5.0.0"
    find-up: "npm:^6.0.0"
    indent-string: "npm:^5.0.0"
    is-plain-obj: "npm:^4.0.0"
    js-yaml: "npm:^4.0.0"
    map-obj: "npm:^5.0.0"
    netlify: "npm:^13.2.0"
    node-fetch: "npm:^3.3.1"
    omit.js: "npm:^2.0.2"
    p-locate: "npm:^6.0.0"
    path-type: "npm:^5.0.0"
    tomlify-j0.4: "npm:^3.0.0"
    validate-npm-package-name: "npm:^4.0.0"
    yargs: "npm:^17.6.0"
  bin:
    netlify-config: bin.js
  checksum: 10/d3736ae031ca9ad33f7fd1dc2fb98f869be14d5da53062c9be25936c11337d8a69a1550458debc17a1a101f55a16b97966ce0562fd0ea44f140d6317db8caea3
  languageName: node
  linkType: hard

"@netlify/config@npm:^20.21.0":
  version: 20.22.0
  resolution: "@netlify/config@npm:20.22.0"
  dependencies:
    "@iarna/toml": "npm:^2.2.5"
    "@netlify/headers-parser": "npm:^7.3.0"
    "@netlify/redirect-parser": "npm:^14.5.0"
    chalk: "npm:^5.0.0"
    cron-parser: "npm:^4.1.0"
    deepmerge: "npm:^4.2.2"
    dot-prop: "npm:^7.0.0"
    execa: "npm:^7.0.0"
    fast-safe-stringify: "npm:^2.0.7"
    figures: "npm:^5.0.0"
    filter-obj: "npm:^5.0.0"
    find-up: "npm:^6.0.0"
    indent-string: "npm:^5.0.0"
    is-plain-obj: "npm:^4.0.0"
    js-yaml: "npm:^4.0.0"
    map-obj: "npm:^5.0.0"
    netlify: "npm:^13.3.3"
    node-fetch: "npm:^3.3.1"
    omit.js: "npm:^2.0.2"
    p-locate: "npm:^6.0.0"
    path-type: "npm:^5.0.0"
    tomlify-j0.4: "npm:^3.0.0"
    validate-npm-package-name: "npm:^4.0.0"
    yargs: "npm:^17.6.0"
  bin:
    netlify-config: bin.js
  checksum: 10/34ce4f9ef80b31c3bece4bc360e2517f34a25943df21851f5fa78ba79d7f25f8f2abfdd932b1ccc8e57dceac3a33d8ab9bcf9a507753e7e8079d1478c24b8672
  languageName: node
  linkType: hard

"@netlify/edge-bundler@npm:12.3.1":
  version: 12.3.1
  resolution: "@netlify/edge-bundler@npm:12.3.1"
  dependencies:
    "@import-maps/resolve": "npm:^1.0.1"
    "@vercel/nft": "npm:0.27.7"
    ajv: "npm:^8.11.2"
    ajv-errors: "npm:^3.0.0"
    better-ajv-errors: "npm:^1.2.0"
    common-path-prefix: "npm:^3.0.0"
    env-paths: "npm:^3.0.0"
    esbuild: "npm:0.21.2"
    execa: "npm:^6.0.0"
    find-up: "npm:^6.3.0"
    get-package-name: "npm:^2.2.0"
    get-port: "npm:^6.1.2"
    is-path-inside: "npm:^4.0.0"
    jsonc-parser: "npm:^3.2.0"
    node-fetch: "npm:^3.1.1"
    node-stream-zip: "npm:^1.15.0"
    p-retry: "npm:^5.1.1"
    p-wait-for: "npm:^4.1.0"
    path-key: "npm:^4.0.0"
    semver: "npm:^7.3.8"
    tmp-promise: "npm:^3.0.3"
    urlpattern-polyfill: "npm:8.0.2"
    uuid: "npm:^9.0.0"
  checksum: 10/3ae39625f7153f74660a213c9aa66bc0bb1af63e30cc920d036fc6b79978ae3e1ce75b134af1f595682a98fae580305d37f122ebad5872504972050914b62a4e
  languageName: node
  linkType: hard

"@netlify/edge-functions@npm:2.11.1":
  version: 2.11.1
  resolution: "@netlify/edge-functions@npm:2.11.1"
  checksum: 10/23c8dc5e039db0011661ed6112c2a8bf9498d6689c11a8c8dab9d1ba48947f024f984b347848f9dfd4b6fea0aa338b745f54712bff88054c9929dd8d82d6b620
  languageName: node
  linkType: hard

"@netlify/framework-info@npm:^9.9.0":
  version: 9.9.0
  resolution: "@netlify/framework-info@npm:9.9.0"
  dependencies:
    ajv: "npm:^8.12.0"
    filter-obj: "npm:^5.0.0"
    find-up: "npm:^6.3.0"
    is-plain-obj: "npm:^4.0.0"
    locate-path: "npm:^7.0.0"
    p-filter: "npm:^3.0.0"
    p-locate: "npm:^6.0.0"
    process: "npm:^0.11.10"
    read-package-up: "npm:^11.0.0"
    semver: "npm:^7.3.8"
  checksum: 10/7dc57dc6b38885c9599364beb473668038460045b0d0c9494c505fc87364b84b549df035fcada7e85fa64d56995d922748e1690cbc51c06d4fc64fc157dfd31d
  languageName: node
  linkType: hard

"@netlify/functions-utils@npm:^5.3.1":
  version: 5.3.1
  resolution: "@netlify/functions-utils@npm:5.3.1"
  dependencies:
    "@netlify/zip-it-and-ship-it": "npm:9.42.1"
    cpy: "npm:^9.0.0"
    path-exists: "npm:^5.0.0"
  checksum: 10/93b2419dc95d0ba04885a9fdb10ed103c6c26ea36c5e65c2a3696df6eea38b06270cf6f96aa2d99899b19cddd4ecfd77db7f98870a20bc861acdc0d9e494f14e
  languageName: node
  linkType: hard

"@netlify/git-utils@npm:^5.2.0":
  version: 5.2.0
  resolution: "@netlify/git-utils@npm:5.2.0"
  dependencies:
    execa: "npm:^6.0.0"
    map-obj: "npm:^5.0.0"
    micromatch: "npm:^4.0.2"
    moize: "npm:^6.1.3"
    path-exists: "npm:^5.0.0"
  checksum: 10/6b1b83ec671d2dcb1d9ec5bb519cfe7db2ef38a24ff535f8b63f065402777ab4c04a2e42c3f9ef5305ac4c0d66de75960fd21d70083fc5d23bbd5c50963cbfac
  languageName: node
  linkType: hard

"@netlify/headers-parser@npm:7.3.0, @netlify/headers-parser@npm:^7.3.0":
  version: 7.3.0
  resolution: "@netlify/headers-parser@npm:7.3.0"
  dependencies:
    "@iarna/toml": "npm:^2.2.5"
    escape-string-regexp: "npm:^5.0.0"
    fast-safe-stringify: "npm:^2.0.7"
    is-plain-obj: "npm:^4.0.0"
    map-obj: "npm:^5.0.0"
    path-exists: "npm:^5.0.0"
  checksum: 10/161dc1b1985d3954804e1b7da58d7dd4a034736046bd53c3deaf309d69a307d205648c910a0a8dccffd7daef382f0ed279fc9da36f75a63acc2759981cab92ad
  languageName: node
  linkType: hard

"@netlify/local-functions-proxy-darwin-arm64@npm:1.1.1":
  version: 1.1.1
  resolution: "@netlify/local-functions-proxy-darwin-arm64@npm:1.1.1"
  bin:
    local-functions-proxy: bin/local-functions-proxy
  conditions: os=darwin & cpu=arm64
  languageName: node
  linkType: hard

"@netlify/local-functions-proxy-darwin-x64@npm:1.1.1":
  version: 1.1.1
  resolution: "@netlify/local-functions-proxy-darwin-x64@npm:1.1.1"
  bin:
    local-functions-proxy: bin/local-functions-proxy
  conditions: os=darwin & cpu=x64
  languageName: node
  linkType: hard

"@netlify/local-functions-proxy-freebsd-arm64@npm:1.1.1":
  version: 1.1.1
  resolution: "@netlify/local-functions-proxy-freebsd-arm64@npm:1.1.1"
  bin:
    local-functions-proxy: bin/local-functions-proxy
  conditions: os=freebsd & cpu=arm64
  languageName: node
  linkType: hard

"@netlify/local-functions-proxy-freebsd-x64@npm:1.1.1":
  version: 1.1.1
  resolution: "@netlify/local-functions-proxy-freebsd-x64@npm:1.1.1"
  bin:
    local-functions-proxy: bin/local-functions-proxy
  conditions: os=freebsd & cpu=x64
  languageName: node
  linkType: hard

"@netlify/local-functions-proxy-linux-arm64@npm:1.1.1":
  version: 1.1.1
  resolution: "@netlify/local-functions-proxy-linux-arm64@npm:1.1.1"
  bin:
    local-functions-proxy: bin/local-functions-proxy
  conditions: os=linux & cpu=arm64
  languageName: node
  linkType: hard

"@netlify/local-functions-proxy-linux-arm@npm:1.1.1":
  version: 1.1.1
  resolution: "@netlify/local-functions-proxy-linux-arm@npm:1.1.1"
  bin:
    local-functions-proxy: bin/local-functions-proxy
  conditions: os=linux & cpu=arm
  languageName: node
  linkType: hard

"@netlify/local-functions-proxy-linux-ia32@npm:1.1.1":
  version: 1.1.1
  resolution: "@netlify/local-functions-proxy-linux-ia32@npm:1.1.1"
  bin:
    local-functions-proxy: bin/local-functions-proxy
  conditions: os=linux & cpu=ia32
  languageName: node
  linkType: hard

"@netlify/local-functions-proxy-linux-ppc64@npm:1.1.1":
  version: 1.1.1
  resolution: "@netlify/local-functions-proxy-linux-ppc64@npm:1.1.1"
  bin:
    local-functions-proxy: bin/local-functions-proxy
  conditions: os=linux & cpu=ppc64
  languageName: node
  linkType: hard

"@netlify/local-functions-proxy-linux-x64@npm:1.1.1":
  version: 1.1.1
  resolution: "@netlify/local-functions-proxy-linux-x64@npm:1.1.1"
  bin:
    local-functions-proxy: bin/local-functions-proxy
  conditions: os=linux & cpu=x64
  languageName: node
  linkType: hard

"@netlify/local-functions-proxy-openbsd-x64@npm:1.1.1":
  version: 1.1.1
  resolution: "@netlify/local-functions-proxy-openbsd-x64@npm:1.1.1"
  bin:
    local-functions-proxy: bin/local-functions-proxy
  conditions: os=openbsd & cpu=x64
  languageName: node
  linkType: hard

"@netlify/local-functions-proxy-win32-ia32@npm:1.1.1":
  version: 1.1.1
  resolution: "@netlify/local-functions-proxy-win32-ia32@npm:1.1.1"
  bin:
    local-functions-proxy.exe: bin/local-functions-proxy.exe
  conditions: os=win32 & cpu=ia32
  languageName: node
  linkType: hard

"@netlify/local-functions-proxy-win32-x64@npm:1.1.1":
  version: 1.1.1
  resolution: "@netlify/local-functions-proxy-win32-x64@npm:1.1.1"
  bin:
    local-functions-proxy.exe: bin/local-functions-proxy.exe
  conditions: os=win32 & cpu=x64
  languageName: node
  linkType: hard

"@netlify/local-functions-proxy@npm:1.1.1":
  version: 1.1.1
  resolution: "@netlify/local-functions-proxy@npm:1.1.1"
  dependencies:
    "@netlify/local-functions-proxy-darwin-arm64": "npm:1.1.1"
    "@netlify/local-functions-proxy-darwin-x64": "npm:1.1.1"
    "@netlify/local-functions-proxy-freebsd-arm64": "npm:1.1.1"
    "@netlify/local-functions-proxy-freebsd-x64": "npm:1.1.1"
    "@netlify/local-functions-proxy-linux-arm": "npm:1.1.1"
    "@netlify/local-functions-proxy-linux-arm64": "npm:1.1.1"
    "@netlify/local-functions-proxy-linux-ia32": "npm:1.1.1"
    "@netlify/local-functions-proxy-linux-ppc64": "npm:1.1.1"
    "@netlify/local-functions-proxy-linux-x64": "npm:1.1.1"
    "@netlify/local-functions-proxy-openbsd-x64": "npm:1.1.1"
    "@netlify/local-functions-proxy-win32-ia32": "npm:1.1.1"
    "@netlify/local-functions-proxy-win32-x64": "npm:1.1.1"
  dependenciesMeta:
    "@netlify/local-functions-proxy-darwin-arm64":
      optional: true
    "@netlify/local-functions-proxy-darwin-x64":
      optional: true
    "@netlify/local-functions-proxy-freebsd-arm64":
      optional: true
    "@netlify/local-functions-proxy-freebsd-x64":
      optional: true
    "@netlify/local-functions-proxy-linux-arm":
      optional: true
    "@netlify/local-functions-proxy-linux-arm64":
      optional: true
    "@netlify/local-functions-proxy-linux-ia32":
      optional: true
    "@netlify/local-functions-proxy-linux-ppc64":
      optional: true
    "@netlify/local-functions-proxy-linux-x64":
      optional: true
    "@netlify/local-functions-proxy-openbsd-x64":
      optional: true
    "@netlify/local-functions-proxy-win32-ia32":
      optional: true
    "@netlify/local-functions-proxy-win32-x64":
      optional: true
  checksum: 10/cac5222a34dacdf0a1d5baea7d99482ff44b40c4e9ca29ede8cc8bb7c1963ecfc09093fd22edf4deb1887c858fcaf69b2e4de2ddd62d5c51b9b53e25bc65ae62
  languageName: node
  linkType: hard

"@netlify/node-cookies@npm:^0.1.0":
  version: 0.1.0
  resolution: "@netlify/node-cookies@npm:0.1.0"
  checksum: 10/4399905eb90967a40c485b5b44aa5425e32f9db968fe9fca9180c169b924091cc8c635104c132ba700041479c75198f9e41781780706ec3df45f2862641c6414
  languageName: node
  linkType: hard

"@netlify/open-api@npm:^2.35.0, @netlify/open-api@npm:^2.37.0":
  version: 2.37.0
  resolution: "@netlify/open-api@npm:2.37.0"
  checksum: 10/7f31163b9dd81e324238f616d3ec342950a6f081d632d518e95fe972e8bd4e4e31d8ffde75777148c9b444478a4589c75faf741db3e7f848fc5706429cc0a93d
  languageName: node
  linkType: hard

"@netlify/opentelemetry-utils@npm:^1.3.0":
  version: 1.3.0
  resolution: "@netlify/opentelemetry-utils@npm:1.3.0"
  peerDependencies:
    "@opentelemetry/api": ~1.8.0
  checksum: 10/a354c4b15b3f9ee193fe4732f82632efaa47e21fa229063e97f02a295a1a4004b108046c6d0a84bd994703d9746e6bd79eb691c36f9c67cf83ca2cc806fc2bbd
  languageName: node
  linkType: hard

"@netlify/plugins-list@npm:^6.80.0":
  version: 6.80.0
  resolution: "@netlify/plugins-list@npm:6.80.0"
  checksum: 10/136b321f6e19ed604f14713b3aaa7e41cb32b4fec6791ff1f21a170a58147e9a997ec1f27e87f4e34cb214db37db4508b74429708903f0cf5558914374bd3138
  languageName: node
  linkType: hard

"@netlify/redirect-parser@npm:14.5.0":
  version: 14.5.0
  resolution: "@netlify/redirect-parser@npm:14.5.0"
  dependencies:
    "@iarna/toml": "npm:^2.2.5"
    fast-safe-stringify: "npm:^2.1.1"
    filter-obj: "npm:^5.0.0"
    is-plain-obj: "npm:^4.0.0"
    path-exists: "npm:^5.0.0"
  checksum: 10/360b117395a3d6942f0ae41c47eb0fce62d575eee5eb8b733e48dea77d2168e59b34fe42341a38cd4027682b017882f5e7fa6caa712ad9261860d69527378979
  languageName: node
  linkType: hard

"@netlify/redirect-parser@npm:^14.5.0":
  version: 14.5.1
  resolution: "@netlify/redirect-parser@npm:14.5.1"
  dependencies:
    "@iarna/toml": "npm:^2.2.5"
    fast-safe-stringify: "npm:^2.1.1"
    filter-obj: "npm:^5.0.0"
    is-plain-obj: "npm:^4.0.0"
    path-exists: "npm:^5.0.0"
  checksum: 10/ec7f4666697b3d0625db447dd3647dd5565ea90ddb685025922b904ec21ef071851a7e1a07c396b69764d21614f1b4b4c3bae53497717919a7426404709a3d45
  languageName: node
  linkType: hard

"@netlify/run-utils@npm:^5.2.0":
  version: 5.2.0
  resolution: "@netlify/run-utils@npm:5.2.0"
  dependencies:
    execa: "npm:^6.0.0"
  checksum: 10/d6ed0e9d47c127230f5a76aaca07b3201a28f197c19c1c8010d01a20b928355ef3b0a6060a02778736e1381ebd0d698d50cab76d899cba877749419ba547901e
  languageName: node
  linkType: hard

"@netlify/serverless-functions-api@npm:^1.31.1":
  version: 1.31.1
  resolution: "@netlify/serverless-functions-api@npm:1.31.1"
  dependencies:
    "@netlify/node-cookies": "npm:^0.1.0"
    urlpattern-polyfill: "npm:8.0.2"
  checksum: 10/2980f73ac0b9d6ab095cf03d55a9c3846b62d5a9bfdb95061007c65a004ec31e79bbc2abdcbe23b77a9211aa54accfc146a2ae4a9ffd2e468767ba039e504ab7
  languageName: node
  linkType: hard

"@netlify/zip-it-and-ship-it@npm:9.42.1":
  version: 9.42.1
  resolution: "@netlify/zip-it-and-ship-it@npm:9.42.1"
  dependencies:
    "@babel/parser": "npm:^7.22.5"
    "@babel/types": "npm:7.26.3"
    "@netlify/binary-info": "npm:^1.0.0"
    "@netlify/serverless-functions-api": "npm:^1.31.1"
    "@vercel/nft": "npm:0.27.7"
    archiver: "npm:^7.0.0"
    common-path-prefix: "npm:^3.0.0"
    cp-file: "npm:^10.0.0"
    es-module-lexer: "npm:^1.0.0"
    esbuild: "npm:0.19.11"
    execa: "npm:^6.0.0"
    fast-glob: "npm:^3.3.2"
    filter-obj: "npm:^5.0.0"
    find-up: "npm:^6.0.0"
    glob: "npm:^8.0.3"
    is-builtin-module: "npm:^3.1.0"
    is-path-inside: "npm:^4.0.0"
    junk: "npm:^4.0.0"
    locate-path: "npm:^7.0.0"
    merge-options: "npm:^3.0.4"
    minimatch: "npm:^9.0.0"
    normalize-path: "npm:^3.0.0"
    p-map: "npm:^5.0.0"
    path-exists: "npm:^5.0.0"
    precinct: "npm:^11.0.0"
    require-package-name: "npm:^2.0.1"
    resolve: "npm:^2.0.0-next.1"
    semver: "npm:^7.3.8"
    tmp-promise: "npm:^3.0.2"
    toml: "npm:^3.0.0"
    unixify: "npm:^1.0.0"
    urlpattern-polyfill: "npm:8.0.2"
    yargs: "npm:^17.0.0"
    zod: "npm:^3.23.8"
  bin:
    zip-it-and-ship-it: bin.js
  checksum: 10/6e7b64c92ecd673ded3302303d47619b039469279d1891b724493d276ccede66f14dd54249c2e7488aec3d28acc97c897f013d51d8efcc96ab1e85dc1f79250f
  languageName: node
  linkType: hard