"@jridgewell/gen-mapping@npm:^0.3.12, @jridgewell/gen-mapping@npm:^0.3.2, @jridgewell/gen-mapping@npm:^0.3.5":
  version: 0.3.12
  resolution: "@jridgewell/gen-mapping@npm:0.3.12"
  dependencies:
    "@jridgewell/sourcemap-codec": "npm:^1.5.0"
    "@jridgewell/trace-mapping": "npm:^0.3.24"
  checksum: 10/151667531566417a940d4dd0a319724979f7a90b9deb9f1617344e1183887d78c835bc1a9209c1ee10fc8a669cdd7ac8120a43a2b6bc8d0d5dd18a173059ff4b
  languageName: node
  linkType: hard

"@jridgewell/remapping@npm:^2.3.5":
  version: 2.3.5
  resolution: "@jridgewell/remapping@npm:2.3.5"
  dependencies:
    "@jridgewell/gen-mapping": "npm:^0.3.5"
    "@jridgewell/trace-mapping": "npm:^0.3.24"
  checksum: 10/c2bb01856e65b506d439455f28aceacf130d6c023d1d4e3b48705e88def3571753e1a887daa04b078b562316c92d26ce36408a60534bceca3f830aec88a339ad
  languageName: node
  linkType: hard

"@jridgewell/resolve-uri@npm:^3.0.3, @jridgewell/resolve-uri@npm:^3.1.0":
  version: 3.1.2
  resolution: "@jridgewell/resolve-uri@npm:3.1.2"
  checksum: 10/97106439d750a409c22c8bff822d648f6a71f3aa9bc8e5129efdc36343cd3096ddc4eeb1c62d2fe48e9bdd4db37b05d4646a17114ecebd3bbcacfa2de51c3c1d
  languageName: node
  linkType: hard

"@jridgewell/source-map@npm:^0.3.3":
  version: 0.3.6
  resolution: "@jridgewell/source-map@npm:0.3.6"
  dependencies:
    "@jridgewell/gen-mapping": "npm:^0.3.5"
    "@jridgewell/trace-mapping": "npm:^0.3.25"
  checksum: 10/0a9aca9320dc9044014ba0ef989b3a8411b0d778895553e3b7ca2ac0a75a20af4a5ad3f202acfb1879fa40466036a4417e1d5b38305baed8b9c1ebe6e4b3e7f5
  languageName: node
  linkType: hard

"@jridgewell/sourcemap-codec@npm:^1.4.10, @jridgewell/sourcemap-codec@npm:^1.4.14, @jridgewell/sourcemap-codec@npm:^1.5.0":
  version: 1.5.0
  resolution: "@jridgewell/sourcemap-codec@npm:1.5.0"
  checksum: 10/4ed6123217569a1484419ac53f6ea0d9f3b57e5b57ab30d7c267bdb27792a27eb0e4b08e84a2680aa55cc2f2b411ffd6ec3db01c44fdc6dc43aca4b55f8374fd
  languageName: node
  linkType: hard

"@jridgewell/trace-mapping@npm:0.3.9":
  version: 0.3.9
  resolution: "@jridgewell/trace-mapping@npm:0.3.9"
  dependencies:
    "@jridgewell/resolve-uri": "npm:^3.0.3"
    "@jridgewell/sourcemap-codec": "npm:^1.4.10"
  checksum: 10/83deafb8e7a5ca98993c2c6eeaa93c270f6f647a4c0dc00deb38c9cf9b2d3b7bf15e8839540155247ef034a052c0ec4466f980bf0c9e2ab63b97d16c0cedd3ff
  languageName: node
  linkType: hard

"@jridgewell/trace-mapping@npm:^0.3.12, @jridgewell/trace-mapping@npm:^0.3.23, @jridgewell/trace-mapping@npm:^0.3.24, @jridgewell/trace-mapping@npm:^0.3.25, @jridgewell/trace-mapping@npm:^0.3.28":
  version: 0.3.30
  resolution: "@jridgewell/trace-mapping@npm:0.3.30"
  dependencies:
    "@jridgewell/resolve-uri": "npm:^3.1.0"
    "@jridgewell/sourcemap-codec": "npm:^1.4.14"
  checksum: 10/f9fabe1122058f4fedc242bdc43fcaacb6b222c6fb712b7904c37704dcb16e50e07ca137ff99043da44292b18a8720296ff97f7703e960678b8ef51d0db4d250
  languageName: node
  linkType: hard