"@ungap/structured-clone@npm:^1.0.0, @ungap/structured-clone@npm:^1.3.0":
  version: 1.3.0
  resolution: "@ungap/structured-clone@npm:1.3.0"
  checksum: 10/80d6910946f2b1552a2406650051c91bbd1f24a6bf854354203d84fe2714b3e8ce4618f49cc3410494173a1c1e8e9777372fe68dce74bd45faf0a7a1a6ccf448
  languageName: node
  linkType: hard