"@types/babel__template@npm:*":
  version: 7.4.4
  resolution: "@types/babel__template@npm:7.4.4"
  dependencies:
    "@babel/parser": "npm:^7.1.0"
    "@babel/types": "npm:^7.0.0"
  checksum: 10/d7a02d2a9b67e822694d8e6a7ddb8f2b71a1d6962dfd266554d2513eefbb205b33ca71a0d163b1caea3981ccf849211f9964d8bd0727124d18ace45aa6c9ae29
  languageName: node
  linkType: hard