"@babel/plugin-transform-spread@npm:^7.27.1":
  version: 7.27.1
  resolution: "@babel/plugin-transform-spread@npm:7.27.1"
  dependencies:
    "@babel/helper-plugin-utils": "npm:^7.27.1"
    "@babel/helper-skip-transparent-expression-wrappers": "npm:^7.27.1"
  peerDependencies:
    "@babel/core": ^7.0.0-0
  checksum: 10/3edd28b07e1951f32aa2d380d9a0e0ed408c64a5cea2921d02308541042aca18f146b3a61e82e534d4d61cb3225dbc847f4f063aedfff6230b1a41282e95e8a2
  languageName: node
  linkType: hard