"@xtuc/ieee754@npm:^1.2.0":
  version: 1.2.0
  resolution: "@xtuc/ieee754@npm:1.2.0"
  checksum: 10/ab033b032927d77e2f9fa67accdf31b1ca7440974c21c9cfabc8349e10ca2817646171c4f23be98d0e31896d6c2c3462a074fe37752e523abc3e45c79254259c
  languageName: node
  linkType: hard

"@xtuc/long@npm:4.2.2":
  version: 4.2.2
  resolution: "@xtuc/long@npm:4.2.2"
  checksum: 10/7217bae9fe240e0d804969e7b2af11cb04ec608837c78b56ca88831991b287e232a0b7fce8d548beaff42aaf0197ffa471d81be6ac4c4e53b0148025a2c076ec
  languageName: node
  linkType: hard