"@babel/plugin-transform-class-static-block@npm:^7.28.3":
  version: 7.28.3
  resolution: "@babel/plugin-transform-class-static-block@npm:7.28.3"
  dependencies:
    "@babel/helper-create-class-features-plugin": "npm:^7.28.3"
    "@babel/helper-plugin-utils": "npm:^7.27.1"
  peerDependencies:
    "@babel/core": ^7.12.0
  checksum: 10/c0ba8f0cbf3699287e5a711907dab3b29f346d9c107faa4e424aa26252e45845d74ca08ee6245bfccf32a8c04bc1d07a89b635e51522592c6044b810a48d3f58
  languageName: node
  linkType: hard