"@types/pg@npm:*":
  version: 8.11.10
  resolution: "@types/pg@npm:8.11.10"
  dependencies:
    "@types/node": "npm:*"
    pg-protocol: "npm:*"
    pg-types: "npm:^4.0.1"
  checksum: 10/65b7d7ca9c90b7cb94aa94ad94bb1883356845e1f64688bc824ecd499da25f63a2400f0a58500554637048a7cc8b91055bbfe14301c082ce9669afd0c18e414c
  languageName: node
  linkType: hard

"@types/pg@npm:8.6.1":
  version: 8.6.1
  resolution: "@types/pg@npm:8.6.1"
  dependencies:
    "@types/node": "npm:*"
    pg-protocol: "npm:*"
    pg-types: "npm:^2.2.0"
  checksum: 10/bf1134ea194ad9cb8bfe0aab7a532713c63bae1d95909fa45e8dc1945e44ede74f2d4c5b2cd2f9712c6b970896929e0d82480f9c9da79addf405c089b590e562
  languageName: node
  linkType: hard