"@mswjs/interceptors@npm:^0.40.0":
  version: 0.40.0
  resolution: "@mswjs/interceptors@npm:0.40.0"
  dependencies:
    "@open-draft/deferred-promise": "npm:^2.2.0"
    "@open-draft/logger": "npm:^0.3.0"
    "@open-draft/until": "npm:^2.0.0"
    is-node-process: "npm:^1.2.0"
    outvariant: "npm:^1.4.3"
    strict-event-emitter: "npm:^0.5.1"
  checksum: 10/789da7765704049593fe3d34a1a02a2168692cbc5f063bcebc457859650a1fb8ef7baf56d0b9bebd909505c482bff4a745c48137b053516a7db3c843961c3255
  languageName: node
  linkType: hard