"@babel/runtime@npm:^7.0.0, @babel/runtime@npm:^7.1.2, @babel/runtime@npm:^7.10.1, @babel/runtime@npm:^7.10.4, @babel/runtime@npm:^7.11.1, @babel/runtime@npm:^7.11.2, @babel/runtime@npm:^7.12.13, @babel/runtime@npm:^7.12.5, @babel/runtime@npm:^7.15.4, @babel/runtime@npm:^7.16.7, @babel/runtime@npm:^7.17.8, @babel/runtime@npm:^7.18.0, @babel/runtime@npm:^7.18.3, @babel/runtime@npm:^7.20.0, @babel/runtime@npm:^7.20.13, @babel/runtime@npm:^7.20.7, @babel/runtime@npm:^7.21.0, @babel/runtime@npm:^7.22.5, @babel/runtime@npm:^7.23.2, @babel/runtime@npm:^7.23.6, @babel/runtime@npm:^7.23.8, @babel/runtime@npm:^7.23.9, @babel/runtime@npm:^7.24.4, @babel/runtime@npm:^7.24.7, @babel/runtime@npm:^7.24.8, @babel/runtime@npm:^7.25.7, @babel/runtime@npm:^7.26.0, @babel/runtime@npm:^7.26.9, @babel/runtime@npm:^7.28.4, @babel/runtime@npm:^7.3.1, @babel/runtime@npm:^7.4.2, @babel/runtime@npm:^7.7.2, @babel/runtime@npm:^7.7.6, @babel/runtime@npm:^7.8.7":
  version: 7.28.4
  resolution: "@babel/runtime@npm:7.28.4"
  checksum: 10/6c9a70452322ea80b3c9b2a412bcf60771819213a67576c8cec41e88a95bb7bf01fc983754cda35dc19603eef52df22203ccbf7777b9d6316932f9fb77c25163
  languageName: node
  linkType: hard