"@types/chrome@npm:^0.1.31":
  version: 0.1.31
  resolution: "@types/chrome@npm:0.1.31"
  dependencies:
    "@types/filesystem": "npm:*"
    "@types/har-format": "npm:*"
  checksum: 10/f2443197f16dd6813eb50d3c5d6a7d85d64fa5831d40698477528aff8551ed5b79b7aefefbd9676fb804d7416bf358fc5da058f0d01949c0edf9cd8ed5f77452
  languageName: node
  linkType: hard