"@openpgp/web-stream-tools@npm:^0.1.0, @openpgp/web-stream-tools@npm:~0.1.3":
  version: 0.1.3
  resolution: "@openpgp/web-stream-tools@npm:0.1.3"
  peerDependencies:
    typescript: ">=4.2"
  peerDependenciesMeta:
    typescript:
      optional: true
  checksum: 10/3f7d00dd42807e9e0aa3809491c6ae6a46ff24b6d8dac85b7bcb97ed16c076139c83c32cc6b58a90ae6714862898a9f516c5a46de29c9d9f08521e7280eb4831
  languageName: node
  linkType: hard